{
  "version": 4,
  "terraform_version": "1.12.1",
  "serial": 246,
  "lineage": "b0d272bf-5e17-e45e-296e-0d6665c5e664",
  "outputs": {
    "docker_gar": {
      "value": {
        "location": "europe-west1",
        "name": "docker",
        "project_id": "management-b6d6"
      },
      "type": [
        "object",
        {
          "location": "string",
          "name": "string",
          "project_id": "string"
        }
      ]
    },
    "gitlab_ci_sa_member": {
      "value": "serviceAccount:gitlab-ci@management-b6d6.iam.gserviceaccount.com",
      "type": "string"
    }
  },
  "resources": [
    {
      "mode": "managed",
      "type": "google_artifact_registry_repository",
      "name": "docker",
      "provider": "provider[\"registry.terraform.io/hashicorp/google\"]",
      "instances": [
        {
          "schema_version": 0,
          "attributes": {
            "cleanup_policies": [],
            "cleanup_policy_dry_run": false,
            "create_time": "2025-07-28T13:34:36.398032Z",
            "description": "Docker Repository",
            "docker_config": [
              {
                "immutable_tags": true
              }
            ],
            "effective_labels": {
              "goog-terraform-provisioned": "true"
            },
            "format": "DOCKER",
            "id": "projects/management-b6d6/locations/europe-west1/repositories/docker",
            "kms_key_name": "",
            "labels": null,
            "location": "europe-west1",
            "maven_config": [],
            "mode": "STANDARD_REPOSITORY",
            "name": "docker",
            "project": "management-b6d6",
            "remote_repository_config": [],
            "repository_id": "docker",
            "terraform_labels": {
              "goog-terraform-provisioned": "true"
            },
            "timeouts": null,
            "update_time": "2025-07-28T13:34:36.398032Z",
            "virtual_repository_config": [],
            "vulnerability_scanning_config": [
              {
                "enablement_config": "INHERITED",
                "enablement_state": "SCANNING_ACTIVE",
                "enablement_state_reason": ""
              }
            ]
          },
          "sensitive_attributes": [],
          "identity_schema_version": 0,
          "private": "eyJlMmJmYjczMC1lY2FhLTExZTYtOGY4OC0zNDM2M2JjN2M0YzAiOnsiY3JlYXRlIjoxMjAwMDAwMDAwMDAwLCJkZWxldGUiOjEyMDAwMDAwMDAwMDAsInVwZGF0ZSI6MTIwMDAwMDAwMDAwMH19",
          "dependencies": [
            "module.project.module.project-factory.google_access_context_manager_service_perimeter_resource.service_perimeter_attachment",
            "module.project.module.project-factory.google_compute_shared_vpc_host_project.shared_vpc_host",
            "module.project.module.project-factory.google_compute_shared_vpc_service_project.shared_vpc_attachment",
            "module.project.module.project-factory.google_project.main",
            "module.project.module.project-factory.google_project_service.enable_access_context_manager",
            "module.project.module.project-factory.google_service_account.default_service_account",
            "module.project.module.project-factory.module.project_services.data.google_compute_default_service_account.default",
            "module.project.module.project-factory.module.project_services.google_project_iam_member.project_service_identity_roles",
            "module.project.module.project-factory.module.project_services.google_project_service.project_services",
            "module.project.module.project-factory.module.project_services.google_project_service_identity.project_service_identities",
            "module.project.module.project-factory.random_id.random_project_id_suffix",
            "module.project.module.project-factory.random_string.random_project_id_suffix",
            "module.project.module.project-factory.time_sleep.wait_5_seconds"
          ]
        }
      ]
    },
    {
      "mode": "managed",
      "type": "google_artifact_registry_repository_iam_member",
      "name": "gitlab_ci_docker",
      "provider": "provider[\"registry.terraform.io/hashicorp/google\"]",
      "instances": [
        {
          "schema_version": 0,
          "attributes": {
            "condition": [],
            "etag": "BwY6/Vrev0M=",
            "id": "projects/management-b6d6/locations/europe-west1/repositories/docker/roles/artifactregistry.writer/principalSet://iam.googleapis.com/projects/155168468510/locations/global/workloadIdentityPools/gitlab-oidc/*",
            "location": "europe-west1",
            "member": "principalSet://iam.googleapis.com/projects/155168468510/locations/global/workloadIdentityPools/gitlab-oidc/*",
            "project": "management-b6d6",
            "repository": "projects/management-b6d6/locations/europe-west1/repositories/docker",
            "role": "roles/artifactregistry.writer"
          },
          "sensitive_attributes": [],
          "identity_schema_version": 0,
          "private": "bnVsbA==",
          "dependencies": [
            "google_artifact_registry_repository.docker",
            "module.gitlab_oidc.google_iam_workload_identity_pool.default",
            "module.project.module.project-factory.google_access_context_manager_service_perimeter_resource.service_perimeter_attachment",
            "module.project.module.project-factory.google_compute_shared_vpc_host_project.shared_vpc_host",
            "module.project.module.project-factory.google_compute_shared_vpc_service_project.shared_vpc_attachment",
            "module.project.module.project-factory.google_project.main",
            "module.project.module.project-factory.google_project_service.enable_access_context_manager",
            "module.project.module.project-factory.google_service_account.default_service_account",
            "module.project.module.project-factory.module.project_services.data.google_compute_default_service_account.default",
            "module.project.module.project-factory.module.project_services.google_project_iam_member.project_service_identity_roles",
            "module.project.module.project-factory.module.project_services.google_project_service.project_services",
            "module.project.module.project-factory.module.project_services.google_project_service_identity.project_service_identities",
            "module.project.module.project-factory.random_id.random_project_id_suffix",
            "module.project.module.project-factory.random_string.random_project_id_suffix",
            "module.project.module.project-factory.time_sleep.wait_5_seconds"
          ]
        }
      ]
    },
    {
      "mode": "managed",
      "type": "google_dns_managed_zone",
      "name": "root",
      "provider": "provider[\"registry.terraform.io/hashicorp/google\"]",
      "instances": [
        {
          "schema_version": 0,
          "attributes": {
            "cloud_logging_config": [
              {
                "enable_logging": false
              }
            ],
            "creation_time": "2025-07-28T13:34:24.699Z",
            "description": "Root zone",
            "dns_name": "roamtech.whitemire-technologies.com.",
            "dnssec_config": [],
            "effective_labels": {
              "goog-terraform-provisioned": "true"
            },
            "force_destroy": false,
            "forwarding_config": [],
            "id": "projects/management-b6d6/managedZones/root",
            "labels": null,
            "managed_zone_id": 6809553354250876496,
            "name": "root",
            "name_servers": [
              "ns-cloud-a1.googledomains.com.",
              "ns-cloud-a2.googledomains.com.",
              "ns-cloud-a3.googledomains.com.",
              "ns-cloud-a4.googledomains.com."
            ],
            "peering_config": [],
            "private_visibility_config": [],
            "project": "management-b6d6",
            "terraform_labels": {
              "goog-terraform-provisioned": "true"
            },
            "timeouts": null,
            "visibility": "public"
          },
          "sensitive_attributes": [],
          "identity_schema_version": 0,
          "private": "eyJlMmJmYjczMC1lY2FhLTExZTYtOGY4OC0zNDM2M2JjN2M0YzAiOnsiY3JlYXRlIjoxMjAwMDAwMDAwMDAwLCJkZWxldGUiOjEyMDAwMDAwMDAwMDAsInVwZGF0ZSI6MTIwMDAwMDAwMDAwMH19",
          "dependencies": [
            "module.project.module.project-factory.google_access_context_manager_service_perimeter_resource.service_perimeter_attachment",
            "module.project.module.project-factory.google_compute_shared_vpc_host_project.shared_vpc_host",
            "module.project.module.project-factory.google_compute_shared_vpc_service_project.shared_vpc_attachment",
            "module.project.module.project-factory.google_project.main",
            "module.project.module.project-factory.google_project_service.enable_access_context_manager",
            "module.project.module.project-factory.google_service_account.default_service_account",
            "module.project.module.project-factory.module.project_services.data.google_compute_default_service_account.default",
            "module.project.module.project-factory.module.project_services.google_project_iam_member.project_service_identity_roles",
            "module.project.module.project-factory.module.project_services.google_project_service.project_services",
            "module.project.module.project-factory.module.project_services.google_project_service_identity.project_service_identities",
            "module.project.module.project-factory.random_id.random_project_id_suffix",
            "module.project.module.project-factory.random_string.random_project_id_suffix",
            "module.project.module.project-factory.time_sleep.wait_5_seconds"
          ]
        }
      ]
    },
    {
      "mode": "managed",
      "type": "google_storage_bucket",
      "name": "tfstate",
      "provider": "provider[\"registry.terraform.io/hashicorp/google\"]",
      "instances": [
        {
          "schema_version": 3,
          "attributes": {
            "autoclass": [],
            "cors": [],
            "custom_placement_config": [],
            "default_event_based_hold": false,
            "effective_labels": {
              "goog-terraform-provisioned": "true"
            },
            "enable_object_retention": false,
            "encryption": [],
            "force_destroy": true,
            "hierarchical_namespace": [
              {
                "enabled": false
              }
            ],
            "id": "management-b6d6-tfstate",
            "ip_filter": [],
            "labels": null,
            "lifecycle_rule": [],
            "location": "EUROPE-WEST1",
            "logging": [],
            "name": "management-b6d6-tfstate",
            "project": "management-b6d6",
            "project_number": 155168468510,
            "public_access_prevention": "enforced",
            "requester_pays": false,
            "retention_policy": [],
            "rpo": null,
            "self_link": "https://www.googleapis.com/storage/v1/b/management-b6d6-tfstate",
            "soft_delete_policy": [
              {
                "effective_time": "2025-07-28T13:34:25.894Z",
                "retention_duration_seconds": 604800
              }
            ],
            "storage_class": "STANDARD",
            "terraform_labels": {
              "goog-terraform-provisioned": "true"
            },
            "time_created": "2025-07-28T13:34:25.894Z",
            "timeouts": null,
            "uniform_bucket_level_access": true,
            "updated": "2025-07-28T13:34:25.894Z",
            "url": "gs://management-b6d6-tfstate",
            "versioning": [
              {
                "enabled": true
              }
            ],
            "website": []
          },
          "sensitive_attributes": [],
          "identity_schema_version": 0,
          "private": "eyJlMmJmYjczMC1lY2FhLTExZTYtOGY4OC0zNDM2M2JjN2M0YzAiOnsiY3JlYXRlIjo2MDAwMDAwMDAwMDAsInJlYWQiOjI0MDAwMDAwMDAwMCwidXBkYXRlIjoyNDAwMDAwMDAwMDB9LCJzY2hlbWFfdmVyc2lvbiI6IjMifQ==",
          "dependencies": [
            "module.project.module.project-factory.google_access_context_manager_service_perimeter_resource.service_perimeter_attachment",
            "module.project.module.project-factory.google_compute_shared_vpc_host_project.shared_vpc_host",
            "module.project.module.project-factory.google_compute_shared_vpc_service_project.shared_vpc_attachment",
            "module.project.module.project-factory.google_project.main",
            "module.project.module.project-factory.google_project_service.enable_access_context_manager",
            "module.project.module.project-factory.google_service_account.default_service_account",
            "module.project.module.project-factory.module.project_services.data.google_compute_default_service_account.default",
            "module.project.module.project-factory.module.project_services.google_project_iam_member.project_service_identity_roles",
            "module.project.module.project-factory.module.project_services.google_project_service.project_services",
            "module.project.module.project-factory.module.project_services.google_project_service_identity.project_service_identities",
            "module.project.module.project-factory.random_id.random_project_id_suffix",
            "module.project.module.project-factory.random_string.random_project_id_suffix",
            "module.project.module.project-factory.time_sleep.wait_5_seconds"
          ]
        }
      ]
    },
    {
      "mode": "managed",
      "type": "google_storage_bucket",
      "name": "values",
      "provider": "provider[\"registry.terraform.io/hashicorp/google\"]",
      "instances": [
        {
          "schema_version": 3,
          "attributes": {
            "autoclass": [],
            "cors": [],
            "custom_placement_config": [],
            "default_event_based_hold": false,
            "effective_labels": {
              "goog-terraform-provisioned": "true"
            },
            "enable_object_retention": false,
            "encryption": [],
            "force_destroy": false,
            "hierarchical_namespace": [
              {
                "enabled": false
              }
            ],
            "id": "management-b6d6-values",
            "ip_filter": [],
            "labels": null,
            "lifecycle_rule": [],
            "location": "EUROPE-WEST1",
            "logging": [],
            "name": "management-b6d6-values",
            "project": "management-b6d6",
            "project_number": 155168468510,
            "public_access_prevention": "enforced",
            "requester_pays": false,
            "retention_policy": [],
            "rpo": null,
            "self_link": "https://www.googleapis.com/storage/v1/b/management-b6d6-values",
            "soft_delete_policy": [
              {
                "effective_time": "2025-07-28T13:34:25.408Z",
                "retention_duration_seconds": 604800
              }
            ],
            "storage_class": "STANDARD",
            "terraform_labels": {
              "goog-terraform-provisioned": "true"
            },
            "time_created": "2025-07-28T13:34:25.408Z",
            "timeouts": null,
            "uniform_bucket_level_access": true,
            "updated": "2025-07-28T13:34:25.408Z",
            "url": "gs://management-b6d6-values",
            "versioning": [
              {
                "enabled": true
              }
            ],
            "website": []
          },
          "sensitive_attributes": [],
          "identity_schema_version": 0,
          "private": "eyJlMmJmYjczMC1lY2FhLTExZTYtOGY4OC0zNDM2M2JjN2M0YzAiOnsiY3JlYXRlIjo2MDAwMDAwMDAwMDAsInJlYWQiOjI0MDAwMDAwMDAwMCwidXBkYXRlIjoyNDAwMDAwMDAwMDB9LCJzY2hlbWFfdmVyc2lvbiI6IjMifQ==",
          "dependencies": [
            "module.project.module.project-factory.google_access_context_manager_service_perimeter_resource.service_perimeter_attachment",
            "module.project.module.project-factory.google_compute_shared_vpc_host_project.shared_vpc_host",
            "module.project.module.project-factory.google_compute_shared_vpc_service_project.shared_vpc_attachment",
            "module.project.module.project-factory.google_project.main",
            "module.project.module.project-factory.google_project_service.enable_access_context_manager",
            "module.project.module.project-factory.google_service_account.default_service_account",
            "module.project.module.project-factory.module.project_services.data.google_compute_default_service_account.default",
            "module.project.module.project-factory.module.project_services.google_project_iam_member.project_service_identity_roles",
            "module.project.module.project-factory.module.project_services.google_project_service.project_services",
            "module.project.module.project-factory.module.project_services.google_project_service_identity.project_service_identities",
            "module.project.module.project-factory.random_id.random_project_id_suffix",
            "module.project.module.project-factory.random_string.random_project_id_suffix",
            "module.project.module.project-factory.time_sleep.wait_5_seconds"
          ]
        }
      ]
    },
    {
      "mode": "managed",
      "type": "google_storage_bucket_iam_member",
      "name": "member",
      "provider": "provider[\"registry.terraform.io/hashicorp/google\"]",
      "instances": [
        {
          "schema_version": 0,
          "attributes": {
            "bucket": "b/management-b6d6-values",
            "condition": [],
            "etag": "CAI=",
            "id": "b/management-b6d6-values/roles/storage.admin/principalSet://iam.googleapis.com/projects/155168468510/locations/global/workloadIdentityPools/gitlab-oidc/*",
            "member": "principalSet://iam.googleapis.com/projects/155168468510/locations/global/workloadIdentityPools/gitlab-oidc/*",
            "role": "roles/storage.admin"
          },
          "sensitive_attributes": [],
          "identity_schema_version": 0,
          "private": "bnVsbA==",
          "dependencies": [
            "google_storage_bucket.values",
            "module.gitlab_oidc.google_iam_workload_identity_pool.default",
            "module.project.module.project-factory.google_access_context_manager_service_perimeter_resource.service_perimeter_attachment",
            "module.project.module.project-factory.google_compute_shared_vpc_host_project.shared_vpc_host",
            "module.project.module.project-factory.google_compute_shared_vpc_service_project.shared_vpc_attachment",
            "module.project.module.project-factory.google_project.main",
            "module.project.module.project-factory.google_project_service.enable_access_context_manager",
            "module.project.module.project-factory.google_service_account.default_service_account",
            "module.project.module.project-factory.module.project_services.data.google_compute_default_service_account.default",
            "module.project.module.project-factory.module.project_services.google_project_iam_member.project_service_identity_roles",
            "module.project.module.project-factory.module.project_services.google_project_service.project_services",
            "module.project.module.project-factory.module.project_services.google_project_service_identity.project_service_identities",
            "module.project.module.project-factory.random_id.random_project_id_suffix",
            "module.project.module.project-factory.random_string.random_project_id_suffix",
            "module.project.module.project-factory.time_sleep.wait_5_seconds"
          ]
        }
      ]
    },
    {
      "module": "module.gitlab_oidc",
      "mode": "managed",
      "type": "google_iam_workload_identity_pool",
      "name": "default",
      "provider": "provider[\"registry.terraform.io/hashicorp/google\"]",
      "instances": [
        {
          "schema_version": 0,
          "attributes": {
            "description": "",
            "disabled": false,
            "display_name": "",
            "id": "projects/management-b6d6/locations/global/workloadIdentityPools/gitlab-oidc",
            "name": "projects/155168468510/locations/global/workloadIdentityPools/gitlab-oidc",
            "project": "management-b6d6",
            "state": "ACTIVE",
            "timeouts": null,
            "workload_identity_pool_id": "gitlab-oidc"
          },
          "sensitive_attributes": [],
          "identity_schema_version": 0,
          "private": "eyJlMmJmYjczMC1lY2FhLTExZTYtOGY4OC0zNDM2M2JjN2M0YzAiOnsiY3JlYXRlIjoxMjAwMDAwMDAwMDAwLCJkZWxldGUiOjEyMDAwMDAwMDAwMDAsInVwZGF0ZSI6MTIwMDAwMDAwMDAwMH19",
          "dependencies": [
            "module.project.module.project-factory.google_access_context_manager_service_perimeter_resource.service_perimeter_attachment",
            "module.project.module.project-factory.google_compute_shared_vpc_host_project.shared_vpc_host",
            "module.project.module.project-factory.google_compute_shared_vpc_service_project.shared_vpc_attachment",
            "module.project.module.project-factory.google_project.main",
            "module.project.module.project-factory.google_project_service.enable_access_context_manager",
            "module.project.module.project-factory.google_service_account.default_service_account",
            "module.project.module.project-factory.module.project_services.data.google_compute_default_service_account.default",
            "module.project.module.project-factory.module.project_services.google_project_iam_member.project_service_identity_roles",
            "module.project.module.project-factory.module.project_services.google_project_service.project_services",
            "module.project.module.project-factory.module.project_services.google_project_service_identity.project_service_identities",
            "module.project.module.project-factory.random_id.random_project_id_suffix",
            "module.project.module.project-factory.random_string.random_project_id_suffix",
            "module.project.module.project-factory.time_sleep.wait_5_seconds"
          ]
        }
      ]
    },
    {
      "module": "module.gitlab_oidc",
      "mode": "managed",
      "type": "google_iam_workload_identity_pool_provider",
      "name": "default",
      "provider": "provider[\"registry.terraform.io/hashicorp/google\"]",
      "instances": [
        {
          "index_key": "default",
          "schema_version": 0,
          "attributes": {
            "attribute_condition": "attribute.namespace_path.startsWith(\"roamtech1/\") || attribute.namespace_path == \"roamtech1\"",
            "attribute_mapping": {
              "attribute.aud": "assertion.aud",
              "attribute.ci_config_sha": "assertion.ci_config_sha",
              "attribute.namespace_id": "assertion.namespace_id",
              "attribute.namespace_path": "assertion.namespace_path",
              "attribute.project_id": "assertion.project_id",
              "attribute.project_path": "assertion.project_path",
              "attribute.ref": "assertion.ref",
              "attribute.ref_protected": "assertion.ref_protected ? \"true\" : \"false\"",
              "attribute.ref_type": "assertion.ref_type",
              "attribute.sha": "assertion.sha",
              "attribute.sub": "assertion.sub",
              "attribute.user_email": "assertion.user_email",
              "google.subject": "assertion.project_id + \"::\" + assertion.ref"
            },
            "aws": [],
            "description": "",
            "disabled": false,
            "display_name": "",
            "id": "projects/management-b6d6/locations/global/workloadIdentityPools/gitlab-oidc/providers/gitlab-jwt-default",
            "name": "projects/155168468510/locations/global/workloadIdentityPools/gitlab-oidc/providers/gitlab-jwt-default",
            "oidc": [
              {
                "allowed_audiences": [],
                "issuer_uri": "https://gitlab.com",
                "jwks_json": ""
              }
            ],
            "project": "management-b6d6",
            "saml": [],
            "state": "ACTIVE",
            "timeouts": null,
            "workload_identity_pool_id": "gitlab-oidc",
            "workload_identity_pool_provider_id": "gitlab-jwt-default",
            "x509": []
          },
          "sensitive_attributes": [],
          "identity_schema_version": 0,
          "private": "eyJlMmJmYjczMC1lY2FhLTExZTYtOGY4OC0zNDM2M2JjN2M0YzAiOnsiY3JlYXRlIjoxMjAwMDAwMDAwMDAwLCJkZWxldGUiOjEyMDAwMDAwMDAwMDAsInVwZGF0ZSI6MTIwMDAwMDAwMDAwMH19",
          "dependencies": [
            "module.gitlab_oidc.google_iam_workload_identity_pool.default",
            "module.project.module.project-factory.google_access_context_manager_service_perimeter_resource.service_perimeter_attachment",
            "module.project.module.project-factory.google_compute_shared_vpc_host_project.shared_vpc_host",
            "module.project.module.project-factory.google_compute_shared_vpc_service_project.shared_vpc_attachment",
            "module.project.module.project-factory.google_project.main",
            "module.project.module.project-factory.google_project_service.enable_access_context_manager",
            "module.project.module.project-factory.google_service_account.default_service_account",
            "module.project.module.project-factory.module.project_services.data.google_compute_default_service_account.default",
            "module.project.module.project-factory.module.project_services.google_project_iam_member.project_service_identity_roles",
            "module.project.module.project-factory.module.project_services.google_project_service.project_services",
            "module.project.module.project-factory.module.project_services.google_project_service_identity.project_service_identities",
            "module.project.module.project-factory.random_id.random_project_id_suffix",
            "module.project.module.project-factory.random_string.random_project_id_suffix",
            "module.project.module.project-factory.time_sleep.wait_5_seconds"
          ]
        },
        {
          "index_key": "gcp-gitlab",
          "schema_version": 0,
          "attributes": {
            "attribute_condition": "attribute.namespace_path.startsWith(\"roamtech1/\") || attribute.namespace_path == \"roamtech1\"",
            "attribute_mapping": {
              "attribute.aud": "assertion.aud",
              "attribute.ci_config_sha": "assertion.ci_config_sha",
              "attribute.namespace_id": "assertion.namespace_id",
              "attribute.namespace_path": "assertion.namespace_path",
              "attribute.project_id": "assertion.project_id",
              "attribute.project_path": "assertion.project_path",
              "attribute.ref": "assertion.ref",
              "attribute.ref_protected": "assertion.ref_protected ? \"true\" : \"false\"",
              "attribute.ref_type": "assertion.ref_type",
              "attribute.sha": "assertion.sha",
              "attribute.sub": "assertion.sub",
              "attribute.user_email": "assertion.user_email",
              "google.subject": "assertion.project_id + \"::\" + assertion.ref"
            },
            "aws": [],
            "description": "",
            "disabled": false,
            "display_name": "",
            "id": "projects/management-b6d6/locations/global/workloadIdentityPools/gitlab-oidc/providers/gitlab-jwt-gcp-gitlab",
            "name": "projects/155168468510/locations/global/workloadIdentityPools/gitlab-oidc/providers/gitlab-jwt-gcp-gitlab",
            "oidc": [
              {
                "allowed_audiences": [],
                "issuer_uri": "https://auth.gcp.gitlab.com/oidc/roamtech1",
                "jwks_json": ""
              }
            ],
            "project": "management-b6d6",
            "saml": [],
            "state": "ACTIVE",
            "timeouts": null,
            "workload_identity_pool_id": "gitlab-oidc",
            "workload_identity_pool_provider_id": "gitlab-jwt-gcp-gitlab",
            "x509": []
          },
          "sensitive_attributes": [],
          "identity_schema_version": 0,
          "private": "eyJlMmJmYjczMC1lY2FhLTExZTYtOGY4OC0zNDM2M2JjN2M0YzAiOnsiY3JlYXRlIjoxMjAwMDAwMDAwMDAwLCJkZWxldGUiOjEyMDAwMDAwMDAwMDAsInVwZGF0ZSI6MTIwMDAwMDAwMDAwMH19",
          "dependencies": [
            "module.gitlab_oidc.google_iam_workload_identity_pool.default",
            "module.project.module.project-factory.google_access_context_manager_service_perimeter_resource.service_perimeter_attachment",
            "module.project.module.project-factory.google_compute_shared_vpc_host_project.shared_vpc_host",
            "module.project.module.project-factory.google_compute_shared_vpc_service_project.shared_vpc_attachment",
            "module.project.module.project-factory.google_project.main",
            "module.project.module.project-factory.google_project_service.enable_access_context_manager",
            "module.project.module.project-factory.google_service_account.default_service_account",
            "module.project.module.project-factory.module.project_services.data.google_compute_default_service_account.default",
            "module.project.module.project-factory.module.project_services.google_project_iam_member.project_service_identity_roles",
            "module.project.module.project-factory.module.project_services.google_project_service.project_services",
            "module.project.module.project-factory.module.project_services.google_project_service_identity.project_service_identities",
            "module.project.module.project-factory.random_id.random_project_id_suffix",
            "module.project.module.project-factory.random_string.random_project_id_suffix",
            "module.project.module.project-factory.time_sleep.wait_5_seconds"
          ]
        }
      ]
    },
    {
      "module": "module.gitlab_oidc",
      "mode": "managed",
      "type": "google_project_iam_member",
      "name": "admin",
      "provider": "provider[\"registry.terraform.io/hashicorp/google\"]",
      "instances": [
        {
          "schema_version": 0,
          "attributes": {
            "condition": [],
            "etag": "BwY6/VqQjMM=",
            "id": "management-b6d6/roles/admin/serviceAccount:gitlab-ci@management-b6d6.iam.gserviceaccount.com",
            "member": "serviceAccount:gitlab-ci@management-b6d6.iam.gserviceaccount.com",
            "project": "management-b6d6",
            "role": "roles/admin"
          },
          "sensitive_attributes": [],
          "identity_schema_version": 0,
          "private": "bnVsbA==",
          "dependencies": [
            "module.gitlab_oidc.google_service_account.default",
            "module.project.module.project-factory.google_access_context_manager_service_perimeter_resource.service_perimeter_attachment",
            "module.project.module.project-factory.google_compute_shared_vpc_host_project.shared_vpc_host",
            "module.project.module.project-factory.google_compute_shared_vpc_service_project.shared_vpc_attachment",
            "module.project.module.project-factory.google_project.main",
            "module.project.module.project-factory.google_project_service.enable_access_context_manager",
            "module.project.module.project-factory.google_service_account.default_service_account",
            "module.project.module.project-factory.module.project_services.data.google_compute_default_service_account.default",
            "module.project.module.project-factory.module.project_services.google_project_iam_member.project_service_identity_roles",
            "module.project.module.project-factory.module.project_services.google_project_service.project_services",
            "module.project.module.project-factory.module.project_services.google_project_service_identity.project_service_identities",
            "module.project.module.project-factory.random_id.random_project_id_suffix",
            "module.project.module.project-factory.random_string.random_project_id_suffix",
            "module.project.module.project-factory.time_sleep.wait_5_seconds"
          ]
        }
      ]
    },
    {
      "module": "module.gitlab_oidc",
      "mode": "managed",
      "type": "google_project_iam_member",
      "name": "storage_admin",
      "provider": "provider[\"registry.terraform.io/hashicorp/google\"]",
      "instances": [
        {
          "schema_version": 0,
          "attributes": {
            "condition": [],
            "etag": "BwY6/VqQjMM=",
            "id": "management-b6d6/roles/storage.admin/serviceAccount:gitlab-ci@management-b6d6.iam.gserviceaccount.com",
            "member": "serviceAccount:gitlab-ci@management-b6d6.iam.gserviceaccount.com",
            "project": "management-b6d6",
            "role": "roles/storage.admin"
          },
          "sensitive_attributes": [],
          "identity_schema_version": 0,
          "private": "bnVsbA==",
          "dependencies": [
            "module.gitlab_oidc.google_service_account.default",
            "module.project.module.project-factory.google_access_context_manager_service_perimeter_resource.service_perimeter_attachment",
            "module.project.module.project-factory.google_compute_shared_vpc_host_project.shared_vpc_host",
            "module.project.module.project-factory.google_compute_shared_vpc_service_project.shared_vpc_attachment",
            "module.project.module.project-factory.google_project.main",
            "module.project.module.project-factory.google_project_service.enable_access_context_manager",
            "module.project.module.project-factory.google_service_account.default_service_account",
            "module.project.module.project-factory.module.project_services.data.google_compute_default_service_account.default",
            "module.project.module.project-factory.module.project_services.google_project_iam_member.project_service_identity_roles",
            "module.project.module.project-factory.module.project_services.google_project_service.project_services",
            "module.project.module.project-factory.module.project_services.google_project_service_identity.project_service_identities",
            "module.project.module.project-factory.random_id.random_project_id_suffix",
            "module.project.module.project-factory.random_string.random_project_id_suffix",
            "module.project.module.project-factory.time_sleep.wait_5_seconds"
          ]
        }
      ]
    },
    {
      "module": "module.gitlab_oidc",
      "mode": "managed",
      "type": "google_project_iam_member",
      "name": "viewer",
      "provider": "provider[\"registry.terraform.io/hashicorp/google\"]",
      "instances": [
        {
          "schema_version": 0,
          "attributes": {
            "condition": [],
            "etag": "BwY6/VqQjMM=",
            "id": "management-b6d6/roles/viewer/serviceAccount:gitlab-ci@management-b6d6.iam.gserviceaccount.com",
            "member": "serviceAccount:gitlab-ci@management-b6d6.iam.gserviceaccount.com",
            "project": "management-b6d6",
            "role": "roles/viewer"
          },
          "sensitive_attributes": [],
          "identity_schema_version": 0,
          "private": "bnVsbA==",
          "dependencies": [
            "module.gitlab_oidc.google_service_account.default",
            "module.project.module.project-factory.google_access_context_manager_service_perimeter_resource.service_perimeter_attachment",
            "module.project.module.project-factory.google_compute_shared_vpc_host_project.shared_vpc_host",
            "module.project.module.project-factory.google_compute_shared_vpc_service_project.shared_vpc_attachment",
            "module.project.module.project-factory.google_project.main",
            "module.project.module.project-factory.google_project_service.enable_access_context_manager",
            "module.project.module.project-factory.google_service_account.default_service_account",
            "module.project.module.project-factory.module.project_services.data.google_compute_default_service_account.default",
            "module.project.module.project-factory.module.project_services.google_project_iam_member.project_service_identity_roles",
            "module.project.module.project-factory.module.project_services.google_project_service.project_services",
            "module.project.module.project-factory.module.project_services.google_project_service_identity.project_service_identities",
            "module.project.module.project-factory.random_id.random_project_id_suffix",
            "module.project.module.project-factory.random_string.random_project_id_suffix",
            "module.project.module.project-factory.time_sleep.wait_5_seconds"
          ]
        }
      ]
    },
    {
      "module": "module.gitlab_oidc",
      "mode": "managed",
      "type": "google_service_account",
      "name": "default",
      "provider": "provider[\"registry.terraform.io/hashicorp/google\"]",
      "instances": [
        {
          "schema_version": 0,
          "attributes": {
            "account_id": "gitlab-ci",
            "create_ignore_already_exists": null,
            "description": "",
            "disabled": false,
            "display_name": "GitLab CI",
            "email": "gitlab-ci@management-b6d6.iam.gserviceaccount.com",
            "id": "projects/management-b6d6/serviceAccounts/gitlab-ci@management-b6d6.iam.gserviceaccount.com",
            "member": "serviceAccount:gitlab-ci@management-b6d6.iam.gserviceaccount.com",
            "name": "projects/management-b6d6/serviceAccounts/gitlab-ci@management-b6d6.iam.gserviceaccount.com",
            "project": "management-b6d6",
            "timeouts": null,
            "unique_id": "106280199201767661180"
          },
          "sensitive_attributes": [],
          "identity_schema_version": 0,
          "private": "eyJlMmJmYjczMC1lY2FhLTExZTYtOGY4OC0zNDM2M2JjN2M0YzAiOnsiY3JlYXRlIjozMDAwMDAwMDAwMDB9fQ==",
          "dependencies": [
            "module.project.module.project-factory.google_access_context_manager_service_perimeter_resource.service_perimeter_attachment",
            "module.project.module.project-factory.google_compute_shared_vpc_host_project.shared_vpc_host",
            "module.project.module.project-factory.google_compute_shared_vpc_service_project.shared_vpc_attachment",
            "module.project.module.project-factory.google_project.main",
            "module.project.module.project-factory.google_project_service.enable_access_context_manager",
            "module.project.module.project-factory.google_service_account.default_service_account",
            "module.project.module.project-factory.module.project_services.data.google_compute_default_service_account.default",
            "module.project.module.project-factory.module.project_services.google_project_iam_member.project_service_identity_roles",
            "module.project.module.project-factory.module.project_services.google_project_service.project_services",
            "module.project.module.project-factory.module.project_services.google_project_service_identity.project_service_identities",
            "module.project.module.project-factory.random_id.random_project_id_suffix",
            "module.project.module.project-factory.random_string.random_project_id_suffix",
            "module.project.module.project-factory.time_sleep.wait_5_seconds"
          ]
        }
      ]
    },
    {
      "module": "module.gitlab_oidc",
      "mode": "managed",
      "type": "google_service_account_iam_member",
      "name": "default",
      "provider": "provider[\"registry.terraform.io/hashicorp/google\"]",
      "instances": [
        {
          "schema_version": 0,
          "attributes": {
            "condition": [],
            "etag": "BwY6/VpXldw=",
            "id": "projects/management-b6d6/serviceAccounts/gitlab-ci@management-b6d6.iam.gserviceaccount.com/roles/iam.workloadIdentityUser/principalSet://iam.googleapis.com/projects/155168468510/locations/global/workloadIdentityPools/gitlab-oidc/attribute.namespace_path/roamtech1",
            "member": "principalSet://iam.googleapis.com/projects/155168468510/locations/global/workloadIdentityPools/gitlab-oidc/attribute.namespace_path/roamtech1",
            "role": "roles/iam.workloadIdentityUser",
            "service_account_id": "projects/management-b6d6/serviceAccounts/gitlab-ci@management-b6d6.iam.gserviceaccount.com"
          },
          "sensitive_attributes": [],
          "identity_schema_version": 0,
          "private": "bnVsbA==",
          "dependencies": [
            "module.gitlab_oidc.google_iam_workload_identity_pool.default",
            "module.gitlab_oidc.google_service_account.default",
            "module.project.module.project-factory.google_access_context_manager_service_perimeter_resource.service_perimeter_attachment",
            "module.project.module.project-factory.google_compute_shared_vpc_host_project.shared_vpc_host",
            "module.project.module.project-factory.google_compute_shared_vpc_service_project.shared_vpc_attachment",
            "module.project.module.project-factory.google_project.main",
            "module.project.module.project-factory.google_project_service.enable_access_context_manager",
            "module.project.module.project-factory.google_service_account.default_service_account",
            "module.project.module.project-factory.module.project_services.data.google_compute_default_service_account.default",
            "module.project.module.project-factory.module.project_services.google_project_iam_member.project_service_identity_roles",
            "module.project.module.project-factory.module.project_services.google_project_service.project_services",
            "module.project.module.project-factory.module.project_services.google_project_service_identity.project_service_identities",
            "module.project.module.project-factory.random_id.random_project_id_suffix",
            "module.project.module.project-factory.random_string.random_project_id_suffix",
            "module.project.module.project-factory.time_sleep.wait_5_seconds"
          ]
        }
      ]
    },
    {
      "module": "module.project.module.project-factory",
      "mode": "managed",
      "type": "google_project",
      "name": "main",
      "provider": "provider[\"registry.terraform.io/hashicorp/google\"]",
      "instances": [
        {
          "schema_version": 1,
          "attributes": {
            "auto_create_network": false,
            "billing_account": "00A1F6-3EAE5E-A078E6",
            "deletion_policy": "DELETE",
            "effective_labels": {
              "env": "management",
              "goog-terraform-provisioned": "true"
            },
            "folder_id": "",
            "id": "projects/management-b6d6",
            "labels": {
              "env": "management"
            },
            "name": "management",
            "number": "155168468510",
            "org_id": "997922026414",
            "project_id": "management-b6d6",
            "tags": null,
            "terraform_labels": {
              "env": "management",
              "goog-terraform-provisioned": "true"
            },
            "timeouts": null
          },
          "sensitive_attributes": [],
          "identity_schema_version": 0,
          "private": "eyJlMmJmYjczMC1lY2FhLTExZTYtOGY4OC0zNDM2M2JjN2M0YzAiOnsiY3JlYXRlIjo2MDAwMDAwMDAwMDAsImRlbGV0ZSI6NjAwMDAwMDAwMDAwLCJyZWFkIjo2MDAwMDAwMDAwMDAsInVwZGF0ZSI6NjAwMDAwMDAwMDAwfSwic2NoZW1hX3ZlcnNpb24iOiIxIn0=",
          "dependencies": [
            "module.project.module.project-factory.random_id.random_project_id_suffix",
            "module.project.module.project-factory.random_string.random_project_id_suffix"
          ],
          "create_before_destroy": true
        }
      ]
    },
    {
      "module": "module.project.module.project-factory",
      "mode": "managed",
      "type": "google_project_default_service_accounts",
      "name": "default_service_accounts",
      "provider": "provider[\"registry.terraform.io/hashicorp/google\"]",
      "instances": [
        {
          "index_key": 0,
          "schema_version": 0,
          "attributes": {
            "action": "DISABLE",
            "id": "projects/management-b6d6",
            "project": "management-b6d6",
            "restore_policy": "REVERT_AND_IGNORE_FAILURE",
            "service_accounts": {
              "104249534895927766488": "155168468510-compute@developer.gserviceaccount.com"
            },
            "timeouts": null
          },
          "sensitive_attributes": [],
          "identity_schema_version": 0,
          "private": "eyJlMmJmYjczMC1lY2FhLTExZTYtOGY4OC0zNDM2M2JjN2M0YzAiOnsiY3JlYXRlIjo2MDAwMDAwMDAwMDAsImRlbGV0ZSI6NjAwMDAwMDAwMDAwLCJyZWFkIjo2MDAwMDAwMDAwMDB9fQ==",
          "dependencies": [
            "module.project.module.project-factory.google_project.main",
            "module.project.module.project-factory.module.project_services.data.google_compute_default_service_account.default",
            "module.project.module.project-factory.module.project_services.google_project_iam_member.project_service_identity_roles",
            "module.project.module.project-factory.module.project_services.google_project_service.project_services",
            "module.project.module.project-factory.module.project_services.google_project_service_identity.project_service_identities",
            "module.project.module.project-factory.random_id.random_project_id_suffix",
            "module.project.module.project-factory.random_string.random_project_id_suffix"
          ]
        }
      ]
    },
    {
      "module": "module.project.module.project-factory",
      "mode": "managed",
      "type": "google_service_account",
      "name": "default_service_account",
      "provider": "provider[\"registry.terraform.io/hashicorp/google\"]",
      "instances": [
        {
          "index_key": 0,
          "schema_version": 0,
          "attributes": {
            "account_id": "project-service-account",
            "create_ignore_already_exists": true,
            "description": "",
            "disabled": false,
            "display_name": "management Project Service Account",
            "email": "project-service-account@management-b6d6.iam.gserviceaccount.com",
            "id": "projects/management-b6d6/serviceAccounts/project-service-account@management-b6d6.iam.gserviceaccount.com",
            "member": "serviceAccount:project-service-account@management-b6d6.iam.gserviceaccount.com",
            "name": "projects/management-b6d6/serviceAccounts/project-service-account@management-b6d6.iam.gserviceaccount.com",
            "project": "management-b6d6",
            "timeouts": null,
            "unique_id": "114964380918916405356"
          },
          "sensitive_attributes": [],
          "identity_schema_version": 0,
          "private": "eyJlMmJmYjczMC1lY2FhLTExZTYtOGY4OC0zNDM2M2JjN2M0YzAiOnsiY3JlYXRlIjozMDAwMDAwMDAwMDB9fQ==",
          "dependencies": [
            "module.project.module.project-factory.google_project.main",
            "module.project.module.project-factory.random_id.random_project_id_suffix",
            "module.project.module.project-factory.random_string.random_project_id_suffix"
          ],
          "create_before_destroy": true
        }
      ]
    },
    {
      "module": "module.project.module.project-factory",
      "mode": "managed",
      "type": "random_id",
      "name": "random_project_id_suffix",
      "provider": "provider[\"registry.terraform.io/hashicorp/random\"]",
      "instances": [
        {
          "schema_version": 0,
          "attributes": {
            "b64_std": "ttY=",
            "b64_url": "ttY",
            "byte_length": 2,
            "dec": "46806",
            "hex": "b6d6",
            "id": "ttY",
            "keepers": null,
            "prefix": null
          },
          "sensitive_attributes": [],
          "identity_schema_version": 0,
          "create_before_destroy": true
        }
      ]
    },
    {
      "module": "module.project.module.project-factory.module.project_services",
      "mode": "managed",
      "type": "google_project_service",
      "name": "project_services",
      "provider": "provider[\"registry.terraform.io/hashicorp/google\"]",
      "instances": [
        {
          "index_key": "certificatemanager.googleapis.com",
          "schema_version": 0,
          "attributes": {
            "disable_dependent_services": false,
            "disable_on_destroy": false,
            "id": "management-b6d6/certificatemanager.googleapis.com",
            "project": "management-b6d6",
            "service": "certificatemanager.googleapis.com",
            "timeouts": null
          },
          "sensitive_attributes": [],
          "identity_schema_version": 0,
          "private": "eyJlMmJmYjczMC1lY2FhLTExZTYtOGY4OC0zNDM2M2JjN2M0YzAiOnsiY3JlYXRlIjoxMjAwMDAwMDAwMDAwLCJkZWxldGUiOjEyMDAwMDAwMDAwMDAsInJlYWQiOjYwMDAwMDAwMDAwMCwidXBkYXRlIjoxMjAwMDAwMDAwMDAwfX0=",
          "dependencies": [
            "module.project.module.project-factory.google_project.main",
            "module.project.module.project-factory.random_id.random_project_id_suffix",
            "module.project.module.project-factory.random_string.random_project_id_suffix"
          ],
          "create_before_destroy": true
        },
        {
          "index_key": "cloudresourcemanager.googleapis.com",
          "schema_version": 0,
          "attributes": {
            "disable_dependent_services": false,
            "disable_on_destroy": false,
            "id": "management-b6d6/cloudresourcemanager.googleapis.com",
            "project": "management-b6d6",
            "service": "cloudresourcemanager.googleapis.com",
            "timeouts": null
          },
          "sensitive_attributes": [],
          "identity_schema_version": 0,
          "private": "eyJlMmJmYjczMC1lY2FhLTExZTYtOGY4OC0zNDM2M2JjN2M0YzAiOnsiY3JlYXRlIjoxMjAwMDAwMDAwMDAwLCJkZWxldGUiOjEyMDAwMDAwMDAwMDAsInJlYWQiOjYwMDAwMDAwMDAwMCwidXBkYXRlIjoxMjAwMDAwMDAwMDAwfX0=",
          "dependencies": [
            "module.project.module.project-factory.google_project.main",
            "module.project.module.project-factory.random_id.random_project_id_suffix",
            "module.project.module.project-factory.random_string.random_project_id_suffix"
          ],
          "create_before_destroy": true
        },
        {
          "index_key": "compute.googleapis.com",
          "schema_version": 0,
          "attributes": {
            "disable_dependent_services": false,
            "disable_on_destroy": false,
            "id": "management-b6d6/compute.googleapis.com",
            "project": "management-b6d6",
            "service": "compute.googleapis.com",
            "timeouts": null
          },
          "sensitive_attributes": [],
          "identity_schema_version": 0,
          "private": "eyJlMmJmYjczMC1lY2FhLTExZTYtOGY4OC0zNDM2M2JjN2M0YzAiOnsiY3JlYXRlIjoxMjAwMDAwMDAwMDAwLCJkZWxldGUiOjEyMDAwMDAwMDAwMDAsInJlYWQiOjYwMDAwMDAwMDAwMCwidXBkYXRlIjoxMjAwMDAwMDAwMDAwfX0=",
          "dependencies": [
            "module.project.module.project-factory.google_project.main",
            "module.project.module.project-factory.random_id.random_project_id_suffix",
            "module.project.module.project-factory.random_string.random_project_id_suffix"
          ],
          "create_before_destroy": true
        },
        {
          "index_key": "container.googleapis.com",
          "schema_version": 0,
          "attributes": {
            "disable_dependent_services": false,
            "disable_on_destroy": false,
            "id": "management-b6d6/container.googleapis.com",
            "project": "management-b6d6",
            "service": "container.googleapis.com",
            "timeouts": null
          },
          "sensitive_attributes": [],
          "identity_schema_version": 0,
          "private": "eyJlMmJmYjczMC1lY2FhLTExZTYtOGY4OC0zNDM2M2JjN2M0YzAiOnsiY3JlYXRlIjoxMjAwMDAwMDAwMDAwLCJkZWxldGUiOjEyMDAwMDAwMDAwMDAsInJlYWQiOjYwMDAwMDAwMDAwMCwidXBkYXRlIjoxMjAwMDAwMDAwMDAwfX0=",
          "dependencies": [
            "module.project.module.project-factory.google_project.main",
            "module.project.module.project-factory.random_id.random_project_id_suffix",
            "module.project.module.project-factory.random_string.random_project_id_suffix"
          ],
          "create_before_destroy": true
        },
        {
          "index_key": "containeranalysis.googleapis.com",
          "schema_version": 0,
          "attributes": {
            "disable_dependent_services": false,
            "disable_on_destroy": false,
            "id": "management-b6d6/containeranalysis.googleapis.com",
            "project": "management-b6d6",
            "service": "containeranalysis.googleapis.com",
            "timeouts": null
          },
          "sensitive_attributes": [],
          "identity_schema_version": 0,
          "private": "eyJlMmJmYjczMC1lY2FhLTExZTYtOGY4OC0zNDM2M2JjN2M0YzAiOnsiY3JlYXRlIjoxMjAwMDAwMDAwMDAwLCJkZWxldGUiOjEyMDAwMDAwMDAwMDAsInJlYWQiOjYwMDAwMDAwMDAwMCwidXBkYXRlIjoxMjAwMDAwMDAwMDAwfX0=",
          "dependencies": [
            "module.project.module.project-factory.google_project.main",
            "module.project.module.project-factory.random_id.random_project_id_suffix",
            "module.project.module.project-factory.random_string.random_project_id_suffix"
          ],
          "create_before_destroy": true
        },
        {
          "index_key": "containerscanning.googleapis.com",
          "schema_version": 0,
          "attributes": {
            "disable_dependent_services": false,
            "disable_on_destroy": false,
            "id": "management-b6d6/containerscanning.googleapis.com",
            "project": "management-b6d6",
            "service": "containerscanning.googleapis.com",
            "timeouts": null
          },
          "sensitive_attributes": [],
          "identity_schema_version": 0,
          "private": "eyJlMmJmYjczMC1lY2FhLTExZTYtOGY4OC0zNDM2M2JjN2M0YzAiOnsiY3JlYXRlIjoxMjAwMDAwMDAwMDAwLCJkZWxldGUiOjEyMDAwMDAwMDAwMDAsInJlYWQiOjYwMDAwMDAwMDAwMCwidXBkYXRlIjoxMjAwMDAwMDAwMDAwfX0=",
          "dependencies": [
            "module.project.module.project-factory.google_project.main",
            "module.project.module.project-factory.random_id.random_project_id_suffix",
            "module.project.module.project-factory.random_string.random_project_id_suffix"
          ],
          "create_before_destroy": true
        },
        {
          "index_key": "logging.googleapis.com",
          "schema_version": 0,
          "attributes": {
            "disable_dependent_services": false,
            "disable_on_destroy": false,
            "id": "management-b6d6/logging.googleapis.com",
            "project": "management-b6d6",
            "service": "logging.googleapis.com",
            "timeouts": null
          },
          "sensitive_attributes": [],
          "identity_schema_version": 0,
          "private": "eyJlMmJmYjczMC1lY2FhLTExZTYtOGY4OC0zNDM2M2JjN2M0YzAiOnsiY3JlYXRlIjoxMjAwMDAwMDAwMDAwLCJkZWxldGUiOjEyMDAwMDAwMDAwMDAsInJlYWQiOjYwMDAwMDAwMDAwMCwidXBkYXRlIjoxMjAwMDAwMDAwMDAwfX0=",
          "dependencies": [
            "module.project.module.project-factory.google_project.main",
            "module.project.module.project-factory.random_id.random_project_id_suffix",
            "module.project.module.project-factory.random_string.random_project_id_suffix"
          ],
          "create_before_destroy": true
        },
        {
          "index_key": "networkmanagement.googleapis.com",
          "schema_version": 0,
          "attributes": {
            "disable_dependent_services": false,
            "disable_on_destroy": false,
            "id": "management-b6d6/networkmanagement.googleapis.com",
            "project": "management-b6d6",
            "service": "networkmanagement.googleapis.com",
            "timeouts": null
          },
          "sensitive_attributes": [],
          "identity_schema_version": 0,
          "private": "eyJlMmJmYjczMC1lY2FhLTExZTYtOGY4OC0zNDM2M2JjN2M0YzAiOnsiY3JlYXRlIjoxMjAwMDAwMDAwMDAwLCJkZWxldGUiOjEyMDAwMDAwMDAwMDAsInJlYWQiOjYwMDAwMDAwMDAwMCwidXBkYXRlIjoxMjAwMDAwMDAwMDAwfX0=",
          "dependencies": [
            "module.project.module.project-factory.google_project.main",
            "module.project.module.project-factory.random_id.random_project_id_suffix",
            "module.project.module.project-factory.random_string.random_project_id_suffix"
          ],
          "create_before_destroy": true
        },
        {
          "index_key": "secretmanager.googleapis.com",
          "schema_version": 0,
          "attributes": {
            "disable_dependent_services": false,
            "disable_on_destroy": false,
            "id": "management-b6d6/secretmanager.googleapis.com",
            "project": "management-b6d6",
            "service": "secretmanager.googleapis.com",
            "timeouts": null
          },
          "sensitive_attributes": [],
          "identity_schema_version": 0,
          "private": "eyJlMmJmYjczMC1lY2FhLTExZTYtOGY4OC0zNDM2M2JjN2M0YzAiOnsiY3JlYXRlIjoxMjAwMDAwMDAwMDAwLCJkZWxldGUiOjEyMDAwMDAwMDAwMDAsInJlYWQiOjYwMDAwMDAwMDAwMCwidXBkYXRlIjoxMjAwMDAwMDAwMDAwfX0=",
          "dependencies": [
            "module.project.module.project-factory.google_project.main",
            "module.project.module.project-factory.random_id.random_project_id_suffix",
            "module.project.module.project-factory.random_string.random_project_id_suffix"
          ],
          "create_before_destroy": true
        },
        {
          "index_key": "servicenetworking.googleapis.com",
          "schema_version": 0,
          "attributes": {
            "disable_dependent_services": false,
            "disable_on_destroy": false,
            "id": "management-b6d6/servicenetworking.googleapis.com",
            "project": "management-b6d6",
            "service": "servicenetworking.googleapis.com",
            "timeouts": null
          },
          "sensitive_attributes": [],
          "identity_schema_version": 0,
          "private": "eyJlMmJmYjczMC1lY2FhLTExZTYtOGY4OC0zNDM2M2JjN2M0YzAiOnsiY3JlYXRlIjoxMjAwMDAwMDAwMDAwLCJkZWxldGUiOjEyMDAwMDAwMDAwMDAsInJlYWQiOjYwMDAwMDAwMDAwMCwidXBkYXRlIjoxMjAwMDAwMDAwMDAwfX0=",
          "dependencies": [
            "module.project.module.project-factory.google_project.main",
            "module.project.module.project-factory.random_id.random_project_id_suffix",
            "module.project.module.project-factory.random_string.random_project_id_suffix"
          ],
          "create_before_destroy": true
        }
      ]
    }
  ],
  "check_results": [
    {
      "object_kind": "var",
      "config_addr": "module.vpn.module.lb.var.http_port",
      "status": "pass",
      "objects": null
    },
    {
      "object_kind": "var",
      "config_addr": "module.project.var.budget_labels",
      "status": "pass",
      "objects": [
        {
          "object_addr": "module.project.var.budget_labels",
          "status": "pass"
        }
      ]
    },
    {
      "object_kind": "var",
      "config_addr": "module.project.module.budget.var.labels",
      "status": "pass",
      "objects": [
        {
          "object_addr": "module.project.module.budget.var.labels",
          "status": "pass"
        }
      ]
    },
    {
      "object_kind": "var",
      "config_addr": "module.vpn.module.lb.var.https_port",
      "status": "pass",
      "objects": null
    }
  ]
}
