{
  "version": 4,
  "terraform_version": "1.12.1",
  "serial": 49,
  "lineage": "8156cb4a-83c4-1f1d-03e5-f4d08ad8bc3e",
  "outputs": {},
  "resources": [
    {
      "mode": "data",
      "type": "google_client_config",
      "name": "default",
      "provider": "provider[\"registry.terraform.io/hashicorp/google\"]",
      "instances": [
        {
          "schema_version": 0,
          "attributes": {
            "access_token": "ya29.a0ATi6K2u_uDYGSzmlyoX1Qpx3Re87uVYLvigIUslLIJIOHEJ1IccLI_rQ6IH526wSyc9_ohEYbQQU6O3P-lGg-xITDgBAdBxjTMIvgMX3awoT68qpb1whjv32forL5gWRZCFwITaGjmzVHUS4kn4odgFj8mZfXxTCTFy-_yDI6lbfC8qxkPi22kAjAqMs8oNxN1LWOqx7aCgYKATgSAQ8SFQHGX2MiXMMrkMYsYYukF8fOe_2rhQ0207",
            "default_labels": {},
            "id": "projects//regions//zones/",
            "project": "",
            "region": "",
            "zone": ""
          },
          "sensitive_attributes": [
            [
              {
                "type": "get_attr",
                "value": "access_token"
              }
            ]
          ],
          "identity_schema_version": 0
        }
      ]
    },
    {
      "mode": "data",
      "type": "google_compute_zones",
      "name": "available",
      "provider": "provider[\"registry.terraform.io/hashicorp/google\"]",
      "instances": [
        {
          "schema_version": 0,
          "attributes": {
            "id": "projects/development-30af/regions/europe-west1",
            "names": [
              "europe-west1-b",
              "europe-west1-c",
              "europe-west1-d"
            ],
            "project": "development-30af",
            "region": "europe-west1",
            "status": null
          },
          "sensitive_attributes": [],
          "identity_schema_version": 0
        }
      ]
    },
    {
      "mode": "data",
      "type": "google_compute_zones",
      "name": "secondary",
      "provider": "provider[\"registry.terraform.io/hashicorp/google\"]",
      "instances": [
        {
          "schema_version": 0,
          "attributes": {
            "id": "projects/development-30af/regions/europe-west3",
            "names": [
              "europe-west3-a",
              "europe-west3-b",
              "europe-west3-c"
            ],
            "project": "development-30af",
            "region": "europe-west3",
            "status": null
          },
          "sensitive_attributes": [],
          "identity_schema_version": 0
        }
      ]
    },
    {
      "mode": "data",
      "type": "google_container_cluster",
      "name": "default",
      "provider": "provider[\"registry.terraform.io/hashicorp/google\"]",
      "instances": [
        {
          "schema_version": 0,
          "attributes": {
            "addons_config": [
              {
                "cloudrun_config": [],
                "config_connector_config": [],
                "dns_cache_config": [
                  {
                    "enabled": true
                  }
                ],
                "gce_persistent_disk_csi_driver_config": [
                  {
                    "enabled": true
                  }
                ],
                "gcp_filestore_csi_driver_config": [
                  {
                    "enabled": false
                  }
                ],
                "gcs_fuse_csi_driver_config": [
                  {
                    "enabled": true
                  }
                ],
                "gke_backup_agent_config": [
                  {
                    "enabled": false
                  }
                ],
                "horizontal_pod_autoscaling": [
                  {
                    "disabled": false
                  }
                ],
                "http_load_balancing": [
                  {
                    "disabled": false
                  }
                ],
                "network_policy_config": [
                  {
                    "disabled": true
                  }
                ],
                "parallelstore_csi_driver_config": [
                  {
                    "enabled": true
                  }
                ],
                "ray_operator_config": [],
                "stateful_ha_config": [
                  {
                    "enabled": true
                  }
                ]
              }
            ],
            "allow_net_admin": null,
            "anonymous_authentication_config": [
              {
                "mode": "ENABLED"
              }
            ],
            "authenticator_groups_config": [],
            "binary_authorization": [
              {
                "enabled": false,
                "evaluation_mode": ""
              }
            ],
            "cluster_autoscaling": [
              {
                "auto_provisioning_defaults": [
                  {
                    "boot_disk_kms_key": "",
                    "disk_size": 0,
                    "disk_type": "",
                    "image_type": "COS_CONTAINERD",
                    "management": [
                      {
                        "auto_repair": true,
                        "auto_upgrade": true,
                        "upgrade_options": []
                      }
                    ],
                    "min_cpu_platform": "",
                    "oauth_scopes": [
                      "https://www.googleapis.com/auth/userinfo.email",
                      "https://www.googleapis.com/auth/cloud-platform"
                    ],
                    "service_account": "tf-gke-europe-west1-st6r@development-30af.iam.gserviceaccount.com",
                    "shielded_instance_config": [],
                    "upgrade_settings": [
                      {
                        "blue_green_settings": [],
                        "max_surge": 1,
                        "max_unavailable": 0,
                        "strategy": "SURGE"
                      }
                    ]
                  }
                ],
                "auto_provisioning_locations": [],
                "autoscaling_profile": "OPTIMIZE_UTILIZATION",
                "enabled": true,
                "resource_limits": [
                  {
                    "maximum": 1000000000,
                    "minimum": 0,
                    "resource_type": "cpu"
                  },
                  {
                    "maximum": 1000000000,
                    "minimum": 0,
                    "resource_type": "memory"
                  },
                  {
                    "maximum": 1000000000,
                    "minimum": 0,
                    "resource_type": "nvidia-tesla-t4"
                  },
                  {
                    "maximum": 1000000000,
                    "minimum": 0,
                    "resource_type": "nvidia-tesla-a100"
                  }
                ]
              }
            ],
            "cluster_ipv4_cidr": "10.2.64.0/18",
            "confidential_nodes": [],
            "control_plane_endpoints_config": [
              {
                "dns_endpoint_config": [
                  {
                    "allow_external_traffic": false,
                    "endpoint": "gke-894ca51625694902ab88f42c0e93101d8168-439297497310.europe-west1.gke.goog"
                  }
                ],
                "ip_endpoints_config": [
                  {
                    "enabled": true
                  }
                ]
              }
            ],
            "cost_management_config": [],
            "database_encryption": [
              {
                "key_name": "",
                "state": "DECRYPTED"
              }
            ],
            "datapath_provider": "ADVANCED_DATAPATH",
            "default_max_pods_per_node": 110,
            "default_snat_status": [
              {
                "disabled": false
              }
            ],
            "deletion_protection": null,
            "description": "",
            "disable_l4_lb_firewall_reconciliation": false,
            "dns_config": [
              {
                "additive_vpc_scope_dns_domain": "",
                "cluster_dns": "CLOUD_DNS",
                "cluster_dns_domain": "cluster.local",
                "cluster_dns_scope": "CLUSTER_SCOPE"
              }
            ],
            "effective_labels": {
              "goog-terraform-provisioned": "true"
            },
            "enable_autopilot": true,
            "enable_cilium_clusterwide_network_policy": false,
            "enable_fqdn_network_policy": false,
            "enable_intranode_visibility": true,
            "enable_k8s_beta_apis": [],
            "enable_kubernetes_alpha": false,
            "enable_l4_ilb_subsetting": false,
            "enable_legacy_abac": false,
            "enable_multi_networking": false,
            "enable_shielded_nodes": true,
            "enable_tpu": false,
            "endpoint": "35.241.154.121",
            "enterprise_config": [
              {
                "cluster_tier": "STANDARD",
                "desired_tier": ""
              }
            ],
            "fleet": [],
            "gateway_api_config": [
              {
                "channel": "CHANNEL_STANDARD"
              }
            ],
            "gke_auto_upgrade_config": [],
            "id": "projects/development-30af/locations/europe-west1/clusters/europe-west1",
            "identity_service_config": [],
            "in_transit_encryption_config": "",
            "initial_node_count": 0,
            "ip_allocation_policy": [
              {
                "additional_pod_ranges_config": [],
                "cluster_ipv4_cidr_block": "10.2.64.0/18",
                "cluster_secondary_range_name": "gke-europe-west1-private-pods",
                "pod_cidr_overprovision_config": [
                  {
                    "disabled": false
                  }
                ],
                "services_ipv4_cidr_block": "10.2.128.0/20",
                "services_secondary_range_name": "gke-europe-west1-private-services",
                "stack_type": "IPV4"
              }
            ],
            "label_fingerprint": "78cdf2f6",
            "location": "europe-west1",
            "logging_config": [
              {
                "enable_components": [
                  "SYSTEM_COMPONENTS",
                  "WORKLOADS"
                ]
              }
            ],
            "logging_service": "logging.googleapis.com/kubernetes",
            "maintenance_policy": [
              {
                "daily_maintenance_window": [
                  {
                    "duration": "PT4H0M0S",
                    "start_time": "05:00"
                  }
                ],
                "maintenance_exclusion": [],
                "recurring_window": []
              }
            ],
            "master_auth": [
              {
                "client_certificate": "",
                "client_certificate_config": [
                  {
                    "issue_client_certificate": false
                  }
                ],
                "client_key": "",
                "cluster_ca_certificate": "LS0tLS1CRUdJTiBDRVJUSUZJQ0FURS0tLS0tCk1JSUVMVENDQXBXZ0F3SUJBZ0lSQUlMRjd2Qnp4WlVFSVh6ZnRqb0kyUUV3RFFZSktvWklodmNOQVFFTEJRQXcKTHpFdE1Dc0dBMVVFQXhNa01qWTFOamRtTXpjdE1URTBaQzAwT0RnNUxXRTRNek10T1RGa05UQTNNall5TVdNNApNQ0FYRFRJMU1EZ3dOVEV5TkRVeE9Wb1lEekl3TlRVd056STVNVE0wTlRFNVdqQXZNUzB3S3dZRFZRUURFeVF5Ck5qVTJOMll6TnkweE1UUmtMVFE0T0RrdFlUZ3pNeTA1TVdRMU1EY3lOakl4WXpnd2dnR2lNQTBHQ1NxR1NJYjMKRFFFQkFRVUFBNElCandBd2dnR0tBb0lCZ1FDd0dBN2tBREE1NE9YU1NsTUowbEN4eDdaN3J2bTg0aWRBR3JEVgp5QW0yYVp6R0RYRFc4L21weXB0RXVlNjlSYWtMZjNLeS92SHA1eWNNazU3R3AxSlNWZzhsOHZ5QnlablE0ZE5hCngrVHA2NlBwWUhGSUNOK1VMbVgrU0ZvdENSRlBOb1JTOXJOSFUydEdaRkkzR3k1dmpSSU9paERnSFZjWVo4OGcKREJmSVE5OXo1aXhEN0hEa2wwdmY5M01QTDloY1B0MmE2SUZjb0ZKMjdBSGNObHIvVnBPVUNESkFlTFRLbTlCUgpmSEd4WVN4S2RCRXpEQ3FaTTJkNzJ3UVJZT3JERnZmbUtZcG9JSk95TXpDdC9tQVAyWUNtZ0tMRlpieEpkT2ltClU5V09BcDNTbGdKdG9tQjg5RXI0bDRRT2JOK1RaR2plMjZwYkVKTDFEeDVWQXhVaUNlVUVKWG9DcmRnQVNEbmwKeTFmT3ZDdmk2aE5KSDJuSnNSeEE3eDg5OWNHTStRS25nOUlsTFRQYnpXdnEvZmZlUHZUMTcyQVBRSWhEL3UvNgpudmpld0NNbU15YlJaL1NFR1BsZ0RTV1dYZ1NXMk00VTcyZElXV2lPZGZFdVhrcm96VTVqRWtvVSs3YlU0aVZMCjRpMEkwbWlwSWZoWU5DVzRMdjV4YytWMnpRRUNBd0VBQWFOQ01FQXdEZ1lEVlIwUEFRSC9CQVFEQWdJRU1BOEcKQTFVZEV3RUIvd1FGTUFNQkFmOHdIUVlEVlIwT0JCWUVGUGNyTFVvbjFzcC92SkpVWGdRajZhN2NHNFRLTUEwRwpDU3FHU0liM0RRRUJDd1VBQTRJQmdRQ2VDQVh0WDA3OGhYVnBCOHhKVVlyV0xLNGs0RUkzRFhtOU5KckZDM2o2CnVCSDNpK2dTY0MwcUZRMU8zV0hzT21UTUFQb0NuR1NoS25PSElnb1lYYVlZVFVNcnNyWURhSWUxSXFQMkNQbnMKYWR6M0F0cTduQUVrN04vK1lOaWZOWld2S0VHMU85MzVzdlVzNityOStrNjZSSTRYU0NqZFJuVE54UllvTmxHWgpiWTBEV2Y5UTAxaXpWWEY5VjNPbm41aDdQNXNxMk1BLzJsM0ZFUU0wZEdqRU1YQ3gyMjdXYWJHZzZ6eUw2QjlWCkI0cWlMbndCYWFSRHluUVR1bXh2UlppcytvcFJBTFlpUi9QVFpDc0ptcDZMbEdVTXJ0bFd6RGRpcHhrZG5xNjcKa25iQzhseXNvc2ZVOXF1c09CVEJ0eElhVFdlYS9ReGpIdUxoNVhJUHU2a3FzaDA0a1dhdGRCdC9ZMStNUGxORwpSd3MrcmgvVTlnN2paWHlxcEVJeEVqdGdTVEN5NDErY0RPUW1xMzVMR0VpWFRXR1duaUdNS3o4MzNvOGJZR01pCjNlUG8zYXZjSDZ5ODN4SkhlQTVpNXdtZ1lrajl6NDdQMzhuOGl1dDBBcEU0bk1iN2JobEpOeTRIZG9NN1V2aWwKbXhSRzJQNk4xa0U1YXQzQXh1ZWwybm89Ci0tLS0tRU5EIENFUlRJRklDQVRFLS0tLS0K"
              }
            ],
            "master_authorized_networks_config": [
              {
                "cidr_blocks": [
                  {
                    "cidr_block": "109.151.130.185/32",
                    "display_name": "bob"
                  },
                  {
                    "cidr_block": "179.61.146.210/32",
                    "display_name": "hosea_nganga"
                  },
                  {
                    "cidr_block": "197.232.33.60/32",
                    "display_name": "roamtech-office-ethernet"
                  },
                  {
                    "cidr_block": "34.22.227.147/32",
                    "display_name": "vpn"
                  },
                  {
                    "cidr_block": "34.77.117.1/32",
                    "display_name": "gha-cluster-1"
                  },
                  {
                    "cidr_block": "34.78.169.28/32",
                    "display_name": "gha-cluster-0"
                  },
                  {
                    "cidr_block": "41.139.128.197/32",
                    "display_name": "roamtech-office"
                  }
                ],
                "gcp_public_cidrs_access_enabled": false,
                "private_endpoint_enforcement_enabled": true
              }
            ],
            "master_version": "1.33.5-gke.1125000",
            "mesh_certificates": [],
            "min_master_version": null,
            "monitoring_config": [
              {
                "advanced_datapath_observability_config": [
                  {
                    "enable_metrics": true,
                    "enable_relay": false
                  }
                ],
                "enable_components": [
                  "SYSTEM_COMPONENTS",
                  "STATEFULSET",
                  "JOBSET",
                  "STORAGE",
                  "HPA",
                  "POD",
                  "DAEMONSET",
                  "DEPLOYMENT",
                  "KUBELET",
                  "CADVISOR",
                  "DCGM"
                ],
                "managed_prometheus": [
                  {
                    "auto_monitoring_config": [],
                    "enabled": true
                  }
                ]
              }
            ],
            "monitoring_service": "monitoring.googleapis.com/kubernetes",
            "name": "europe-west1",
            "network": "projects/development-30af/global/networks/gke-europe-west1",
            "network_performance_config": [],
            "network_policy": [
              {
                "enabled": false,
                "provider": "PROVIDER_UNSPECIFIED"
              }
            ],
            "networking_mode": "VPC_NATIVE",
            "node_config": [
              {
                "advanced_machine_features": [],
                "boot_disk_kms_key": "",
                "confidential_nodes": [],
                "containerd_config": [],
                "disk_size_gb": 100,
                "disk_type": "pd-balanced",
                "effective_taints": [
                  {
                    "effect": "NO_SCHEDULE",
                    "key": "cloud.google.com/gke-quick-remove",
                    "value": "true"
                  }
                ],
                "enable_confidential_storage": false,
                "ephemeral_storage_local_ssd_config": [],
                "fast_socket": [],
                "flex_start": false,
                "gcfs_config": [],
                "guest_accelerator": [],
                "gvnic": [
                  {
                    "enabled": true
                  }
                ],
                "host_maintenance_policy": [],
                "image_type": "COS_CONTAINERD",
                "kubelet_config": [
                  {
                    "allowed_unsafe_sysctls": [],
                    "container_log_max_files": 0,
                    "container_log_max_size": "",
                    "cpu_cfs_quota": false,
                    "cpu_cfs_quota_period": "",
                    "cpu_manager_policy": "",
                    "image_gc_high_threshold_percent": 0,
                    "image_gc_low_threshold_percent": 0,
                    "image_maximum_gc_age": "",
                    "image_minimum_gc_age": "",
                    "insecure_kubelet_readonly_port_enabled": "FALSE",
                    "pod_pids_limit": 0
                  }
                ],
                "labels": {},
                "linux_node_config": [],
                "local_nvme_ssd_block_config": [],
                "local_ssd_count": 0,
                "local_ssd_encryption_mode": "",
                "logging_variant": "DEFAULT",
                "machine_type": "e2-small",
                "max_run_duration": "",
                "metadata": {
                  "disable-legacy-endpoints": "true"
                },
                "min_cpu_platform": "",
                "node_group": "",
                "oauth_scopes": [
                  "https://www.googleapis.com/auth/cloud-platform",
                  "https://www.googleapis.com/auth/userinfo.email"
                ],
                "preemptible": false,
                "reservation_affinity": [
                  {
                    "consume_reservation_type": "NO_RESERVATION",
                    "key": "",
                    "values": []
                  }
                ],
                "resource_labels": {
                  "goog-gke-node-pool-provisioning-model": "on-demand"
                },
                "resource_manager_tags": {},
                "secondary_boot_disks": [],
                "service_account": "tf-gke-europe-west1-st6r@development-30af.iam.gserviceaccount.com",
                "shielded_instance_config": [
                  {
                    "enable_integrity_monitoring": true,
                    "enable_secure_boot": true
                  }
                ],
                "sole_tenant_config": [],
                "spot": false,
                "storage_pools": [],
                "tags": [],
                "taint": [],
                "windows_node_config": [
                  {
                    "osversion": ""
                  }
                ],
                "workload_metadata_config": [
                  {
                    "mode": "GKE_METADATA"
                  }
                ]
              }
            ],
            "node_locations": [
              "europe-west1-b",
              "europe-west1-c",
              "europe-west1-d"
            ],
            "node_pool": [
              {
                "autoscaling": [
                  {
                    "location_policy": "BALANCED",
                    "max_node_count": 1000,
                    "min_node_count": 0,
                    "total_max_node_count": 0,
                    "total_min_node_count": 0
                  }
                ],
                "initial_node_count": 1,
                "instance_group_urls": [],
                "managed_instance_group_urls": [],
                "management": [
                  {
                    "auto_repair": true,
                    "auto_upgrade": true
                  }
                ],
                "max_pods_per_node": 32,
                "name": "default-pool",
                "name_prefix": "",
                "network_config": [
                  {
                    "additional_node_network_configs": [],
                    "additional_pod_network_configs": [],
                    "create_pod_range": false,
                    "enable_private_nodes": true,
                    "network_performance_config": [],
                    "pod_cidr_overprovision_config": [],
                    "pod_ipv4_cidr_block": "10.2.64.0/18",
                    "pod_range": "gke-europe-west1-private-pods"
                  }
                ],
                "node_config": [
                  {
                    "advanced_machine_features": [],
                    "boot_disk_kms_key": "",
                    "confidential_nodes": [],
                    "containerd_config": [],
                    "disk_size_gb": 100,
                    "disk_type": "pd-balanced",
                    "effective_taints": [
                      {
                        "effect": "NO_SCHEDULE",
                        "key": "cloud.google.com/gke-quick-remove",
                        "value": "true"
                      }
                    ],
                    "enable_confidential_storage": false,
                    "ephemeral_storage_local_ssd_config": [],
                    "fast_socket": [],
                    "flex_start": false,
                    "gcfs_config": [],
                    "guest_accelerator": [],
                    "gvnic": [
                      {
                        "enabled": true
                      }
                    ],
                    "host_maintenance_policy": [],
                    "image_type": "COS_CONTAINERD",
                    "kubelet_config": [
                      {
                        "allowed_unsafe_sysctls": [],
                        "container_log_max_files": 0,
                        "container_log_max_size": "",
                        "cpu_cfs_quota": false,
                        "cpu_cfs_quota_period": "",
                        "cpu_manager_policy": "",
                        "image_gc_high_threshold_percent": 0,
                        "image_gc_low_threshold_percent": 0,
                        "image_maximum_gc_age": "",
                        "image_minimum_gc_age": "",
                        "insecure_kubelet_readonly_port_enabled": "FALSE",
                        "pod_pids_limit": 0
                      }
                    ],
                    "labels": {},
                    "linux_node_config": [],
                    "local_nvme_ssd_block_config": [],
                    "local_ssd_count": 0,
                    "local_ssd_encryption_mode": "",
                    "logging_variant": "DEFAULT",
                    "machine_type": "e2-small",
                    "max_run_duration": "",
                    "metadata": {
                      "disable-legacy-endpoints": "true"
                    },
                    "min_cpu_platform": "",
                    "node_group": "",
                    "oauth_scopes": [
                      "https://www.googleapis.com/auth/cloud-platform",
                      "https://www.googleapis.com/auth/userinfo.email"
                    ],
                    "preemptible": false,
                    "reservation_affinity": [
                      {
                        "consume_reservation_type": "NO_RESERVATION",
                        "key": "",
                        "values": []
                      }
                    ],
                    "resource_labels": {
                      "goog-gke-node-pool-provisioning-model": "on-demand"
                    },
                    "resource_manager_tags": {},
                    "secondary_boot_disks": [],
                    "service_account": "tf-gke-europe-west1-st6r@development-30af.iam.gserviceaccount.com",
                    "shielded_instance_config": [
                      {
                        "enable_integrity_monitoring": true,
                        "enable_secure_boot": true
                      }
                    ],
                    "sole_tenant_config": [],
                    "spot": false,
                    "storage_pools": [],
                    "tags": [],
                    "taint": [],
                    "windows_node_config": [
                      {
                        "osversion": ""
                      }
                    ],
                    "workload_metadata_config": [
                      {
                        "mode": "GKE_METADATA"
                      }
                    ]
                  }
                ],
                "node_count": 0,
                "node_locations": [
                  "europe-west1-b"
                ],
                "placement_policy": [],
                "queued_provisioning": [],
                "upgrade_settings": [
                  {
                    "blue_green_settings": [],
                    "max_surge": 1,
                    "max_unavailable": 0,
                    "strategy": "SURGE"
                  }
                ],
                "version": "1.33.5-gke.1125000"
              },
              {
                "autoscaling": [
                  {
                    "location_policy": "BALANCED",
                    "max_node_count": 1000,
                    "min_node_count": 0,
                    "total_max_node_count": 0,
                    "total_min_node_count": 0
                  }
                ],
                "initial_node_count": 0,
                "instance_group_urls": [],
                "managed_instance_group_urls": [],
                "management": [
                  {
                    "auto_repair": true,
                    "auto_upgrade": true
                  }
                ],
                "max_pods_per_node": 32,
                "name": "pool-1",
                "name_prefix": "",
                "network_config": [
                  {
                    "additional_node_network_configs": [],
                    "additional_pod_network_configs": [],
                    "create_pod_range": false,
                    "enable_private_nodes": true,
                    "network_performance_config": [],
                    "pod_cidr_overprovision_config": [],
                    "pod_ipv4_cidr_block": "10.2.64.0/18",
                    "pod_range": "gke-europe-west1-private-pods"
                  }
                ],
                "node_config": [
                  {
                    "advanced_machine_features": [],
                    "boot_disk_kms_key": "",
                    "confidential_nodes": [],
                    "containerd_config": [],
                    "disk_size_gb": 100,
                    "disk_type": "pd-balanced",
                    "effective_taints": [],
                    "enable_confidential_storage": false,
                    "ephemeral_storage_local_ssd_config": [],
                    "fast_socket": [],
                    "flex_start": false,
                    "gcfs_config": [],
                    "guest_accelerator": [],
                    "gvnic": [
                      {
                        "enabled": true
                      }
                    ],
                    "host_maintenance_policy": [],
                    "image_type": "COS_CONTAINERD",
                    "kubelet_config": [
                      {
                        "allowed_unsafe_sysctls": [],
                        "container_log_max_files": 0,
                        "container_log_max_size": "",
                        "cpu_cfs_quota": false,
                        "cpu_cfs_quota_period": "",
                        "cpu_manager_policy": "",
                        "image_gc_high_threshold_percent": 0,
                        "image_gc_low_threshold_percent": 0,
                        "image_maximum_gc_age": "",
                        "image_minimum_gc_age": "",
                        "insecure_kubelet_readonly_port_enabled": "FALSE",
                        "pod_pids_limit": 0
                      }
                    ],
                    "labels": {},
                    "linux_node_config": [],
                    "local_nvme_ssd_block_config": [],
                    "local_ssd_count": 0,
                    "local_ssd_encryption_mode": "",
                    "logging_variant": "DEFAULT",
                    "machine_type": "e2-medium",
                    "max_run_duration": "",
                    "metadata": {
                      "disable-legacy-endpoints": "true"
                    },
                    "min_cpu_platform": "",
                    "node_group": "",
                    "oauth_scopes": [
                      "https://www.googleapis.com/auth/cloud-platform",
                      "https://www.googleapis.com/auth/userinfo.email"
                    ],
                    "preemptible": false,
                    "reservation_affinity": [
                      {
                        "consume_reservation_type": "NO_RESERVATION",
                        "key": "",
                        "values": []
                      }
                    ],
                    "resource_labels": {
                      "goog-gke-node-pool-provisioning-model": "on-demand"
                    },
                    "resource_manager_tags": {},
                    "secondary_boot_disks": [],
                    "service_account": "tf-gke-europe-west1-st6r@development-30af.iam.gserviceaccount.com",
                    "shielded_instance_config": [
                      {
                        "enable_integrity_monitoring": true,
                        "enable_secure_boot": true
                      }
                    ],
                    "sole_tenant_config": [],
                    "spot": false,
                    "storage_pools": [],
                    "tags": [],
                    "taint": [],
                    "windows_node_config": [
                      {
                        "osversion": ""
                      }
                    ],
                    "workload_metadata_config": [
                      {
                        "mode": "GKE_METADATA"
                      }
                    ]
                  }
                ],
                "node_count": 0,
                "node_locations": [
                  "europe-west1-b",
                  "europe-west1-c",
                  "europe-west1-d"
                ],
                "placement_policy": [],
                "queued_provisioning": [],
                "upgrade_settings": [
                  {
                    "blue_green_settings": [],
                    "max_surge": 1,
                    "max_unavailable": 0,
                    "strategy": "SURGE"
                  }
                ],
                "version": "1.33.5-gke.1125000"
              },
              {
                "autoscaling": [
                  {
                    "location_policy": "BALANCED",
                    "max_node_count": 1000,
                    "min_node_count": 0,
                    "total_max_node_count": 0,
                    "total_min_node_count": 0
                  }
                ],
                "initial_node_count": 0,
                "instance_group_urls": [],
                "managed_instance_group_urls": [],
                "management": [
                  {
                    "auto_repair": true,
                    "auto_upgrade": true
                  }
                ],
                "max_pods_per_node": 32,
                "name": "pool-2",
                "name_prefix": "",
                "network_config": [
                  {
                    "additional_node_network_configs": [],
                    "additional_pod_network_configs": [],
                    "create_pod_range": false,
                    "enable_private_nodes": true,
                    "network_performance_config": [],
                    "pod_cidr_overprovision_config": [],
                    "pod_ipv4_cidr_block": "10.2.64.0/18",
                    "pod_range": "gke-europe-west1-private-pods"
                  }
                ],
                "node_config": [
                  {
                    "advanced_machine_features": [],
                    "boot_disk_kms_key": "",
                    "confidential_nodes": [],
                    "containerd_config": [],
                    "disk_size_gb": 100,
                    "disk_type": "pd-balanced",
                    "effective_taints": [],
                    "enable_confidential_storage": false,
                    "ephemeral_storage_local_ssd_config": [],
                    "fast_socket": [],
                    "flex_start": false,
                    "gcfs_config": [],
                    "guest_accelerator": [],
                    "gvnic": [
                      {
                        "enabled": true
                      }
                    ],
                    "host_maintenance_policy": [],
                    "image_type": "COS_CONTAINERD",
                    "kubelet_config": [
                      {
                        "allowed_unsafe_sysctls": [],
                        "container_log_max_files": 0,
                        "container_log_max_size": "",
                        "cpu_cfs_quota": false,
                        "cpu_cfs_quota_period": "",
                        "cpu_manager_policy": "",
                        "image_gc_high_threshold_percent": 0,
                        "image_gc_low_threshold_percent": 0,
                        "image_maximum_gc_age": "",
                        "image_minimum_gc_age": "",
                        "insecure_kubelet_readonly_port_enabled": "FALSE",
                        "pod_pids_limit": 0
                      }
                    ],
                    "labels": {},
                    "linux_node_config": [],
                    "local_nvme_ssd_block_config": [],
                    "local_ssd_count": 0,
                    "local_ssd_encryption_mode": "",
                    "logging_variant": "DEFAULT",
                    "machine_type": "e2-standard-2",
                    "max_run_duration": "",
                    "metadata": {
                      "disable-legacy-endpoints": "true"
                    },
                    "min_cpu_platform": "",
                    "node_group": "",
                    "oauth_scopes": [
                      "https://www.googleapis.com/auth/cloud-platform",
                      "https://www.googleapis.com/auth/userinfo.email"
                    ],
                    "preemptible": false,
                    "reservation_affinity": [
                      {
                        "consume_reservation_type": "NO_RESERVATION",
                        "key": "",
                        "values": []
                      }
                    ],
                    "resource_labels": {
                      "goog-gke-node-pool-provisioning-model": "on-demand"
                    },
                    "resource_manager_tags": {},
                    "secondary_boot_disks": [],
                    "service_account": "tf-gke-europe-west1-st6r@development-30af.iam.gserviceaccount.com",
                    "shielded_instance_config": [
                      {
                        "enable_integrity_monitoring": true,
                        "enable_secure_boot": true
                      }
                    ],
                    "sole_tenant_config": [],
                    "spot": false,
                    "storage_pools": [],
                    "tags": [],
                    "taint": [],
                    "windows_node_config": [
                      {
                        "osversion": ""
                      }
                    ],
                    "workload_metadata_config": [
                      {
                        "mode": "GKE_METADATA"
                      }
                    ]
                  }
                ],
                "node_count": 0,
                "node_locations": [
                  "europe-west1-b",
                  "europe-west1-c",
                  "europe-west1-d"
                ],
                "placement_policy": [],
                "queued_provisioning": [],
                "upgrade_settings": [
                  {
                    "blue_green_settings": [],
                    "max_surge": 1,
                    "max_unavailable": 0,
                    "strategy": "SURGE"
                  }
                ],
                "version": "1.33.5-gke.1125000"
              },
              {
                "autoscaling": [
                  {
                    "location_policy": "BALANCED",
                    "max_node_count": 1000,
                    "min_node_count": 0,
                    "total_max_node_count": 0,
                    "total_min_node_count": 0
                  }
                ],
                "initial_node_count": 0,
                "instance_group_urls": [],
                "managed_instance_group_urls": [],
                "management": [
                  {
                    "auto_repair": true,
                    "auto_upgrade": true
                  }
                ],
                "max_pods_per_node": 32,
                "name": "pool-3",
                "name_prefix": "",
                "network_config": [
                  {
                    "additional_node_network_configs": [],
                    "additional_pod_network_configs": [],
                    "create_pod_range": false,
                    "enable_private_nodes": true,
                    "network_performance_config": [],
                    "pod_cidr_overprovision_config": [],
                    "pod_ipv4_cidr_block": "10.2.64.0/18",
                    "pod_range": "gke-europe-west1-private-pods"
                  }
                ],
                "node_config": [
                  {
                    "advanced_machine_features": [],
                    "boot_disk_kms_key": "",
                    "confidential_nodes": [],
                    "containerd_config": [],
                    "disk_size_gb": 100,
                    "disk_type": "pd-balanced",
                    "effective_taints": [],
                    "enable_confidential_storage": false,
                    "ephemeral_storage_local_ssd_config": [],
                    "fast_socket": [],
                    "flex_start": false,
                    "gcfs_config": [],
                    "guest_accelerator": [],
                    "gvnic": [
                      {
                        "enabled": true
                      }
                    ],
                    "host_maintenance_policy": [],
                    "image_type": "COS_CONTAINERD",
                    "kubelet_config": [
                      {
                        "allowed_unsafe_sysctls": [],
                        "container_log_max_files": 0,
                        "container_log_max_size": "",
                        "cpu_cfs_quota": false,
                        "cpu_cfs_quota_period": "",
                        "cpu_manager_policy": "",
                        "image_gc_high_threshold_percent": 0,
                        "image_gc_low_threshold_percent": 0,
                        "image_maximum_gc_age": "",
                        "image_minimum_gc_age": "",
                        "insecure_kubelet_readonly_port_enabled": "FALSE",
                        "pod_pids_limit": 0
                      }
                    ],
                    "labels": {},
                    "linux_node_config": [],
                    "local_nvme_ssd_block_config": [],
                    "local_ssd_count": 0,
                    "local_ssd_encryption_mode": "",
                    "logging_variant": "DEFAULT",
                    "machine_type": "e2-standard-4",
                    "max_run_duration": "",
                    "metadata": {
                      "disable-legacy-endpoints": "true"
                    },
                    "min_cpu_platform": "",
                    "node_group": "",
                    "oauth_scopes": [
                      "https://www.googleapis.com/auth/cloud-platform",
                      "https://www.googleapis.com/auth/userinfo.email"
                    ],
                    "preemptible": false,
                    "reservation_affinity": [
                      {
                        "consume_reservation_type": "NO_RESERVATION",
                        "key": "",
                        "values": []
                      }
                    ],
                    "resource_labels": {
                      "goog-gke-node-pool-provisioning-model": "on-demand"
                    },
                    "resource_manager_tags": {},
                    "secondary_boot_disks": [],
                    "service_account": "tf-gke-europe-west1-st6r@development-30af.iam.gserviceaccount.com",
                    "shielded_instance_config": [
                      {
                        "enable_integrity_monitoring": true,
                        "enable_secure_boot": true
                      }
                    ],
                    "sole_tenant_config": [],
                    "spot": false,
                    "storage_pools": [],
                    "tags": [],
                    "taint": [],
                    "windows_node_config": [
                      {
                        "osversion": ""
                      }
                    ],
                    "workload_metadata_config": [
                      {
                        "mode": "GKE_METADATA"
                      }
                    ]
                  }
                ],
                "node_count": 0,
                "node_locations": [
                  "europe-west1-b",
                  "europe-west1-c",
                  "europe-west1-d"
                ],
                "placement_policy": [],
                "queued_provisioning": [],
                "upgrade_settings": [
                  {
                    "blue_green_settings": [],
                    "max_surge": 1,
                    "max_unavailable": 0,
                    "strategy": "SURGE"
                  }
                ],
                "version": "1.33.5-gke.1125000"
              },
              {
                "autoscaling": [
                  {
                    "location_policy": "BALANCED",
                    "max_node_count": 1000,
                    "min_node_count": 0,
                    "total_max_node_count": 0,
                    "total_min_node_count": 0
                  }
                ],
                "initial_node_count": 0,
                "instance_group_urls": [],
                "managed_instance_group_urls": [],
                "management": [
                  {
                    "auto_repair": true,
                    "auto_upgrade": true
                  }
                ],
                "max_pods_per_node": 32,
                "name": "pool-4",
                "name_prefix": "",
                "network_config": [
                  {
                    "additional_node_network_configs": [],
                    "additional_pod_network_configs": [],
                    "create_pod_range": false,
                    "enable_private_nodes": true,
                    "network_performance_config": [],
                    "pod_cidr_overprovision_config": [],
                    "pod_ipv4_cidr_block": "10.2.64.0/18",
                    "pod_range": "gke-europe-west1-private-pods"
                  }
                ],
                "node_config": [
                  {
                    "advanced_machine_features": [],
                    "boot_disk_kms_key": "",
                    "confidential_nodes": [],
                    "containerd_config": [],
                    "disk_size_gb": 100,
                    "disk_type": "pd-balanced",
                    "effective_taints": [],
                    "enable_confidential_storage": false,
                    "ephemeral_storage_local_ssd_config": [],
                    "fast_socket": [],
                    "flex_start": false,
                    "gcfs_config": [],
                    "guest_accelerator": [],
                    "gvnic": [
                      {
                        "enabled": true
                      }
                    ],
                    "host_maintenance_policy": [],
                    "image_type": "COS_CONTAINERD",
                    "kubelet_config": [
                      {
                        "allowed_unsafe_sysctls": [],
                        "container_log_max_files": 0,
                        "container_log_max_size": "",
                        "cpu_cfs_quota": false,
                        "cpu_cfs_quota_period": "",
                        "cpu_manager_policy": "",
                        "image_gc_high_threshold_percent": 0,
                        "image_gc_low_threshold_percent": 0,
                        "image_maximum_gc_age": "",
                        "image_minimum_gc_age": "",
                        "insecure_kubelet_readonly_port_enabled": "FALSE",
                        "pod_pids_limit": 0
                      }
                    ],
                    "labels": {},
                    "linux_node_config": [],
                    "local_nvme_ssd_block_config": [],
                    "local_ssd_count": 0,
                    "local_ssd_encryption_mode": "",
                    "logging_variant": "DEFAULT",
                    "machine_type": "e2-standard-8",
                    "max_run_duration": "",
                    "metadata": {
                      "disable-legacy-endpoints": "true"
                    },
                    "min_cpu_platform": "",
                    "node_group": "",
                    "oauth_scopes": [
                      "https://www.googleapis.com/auth/cloud-platform",
                      "https://www.googleapis.com/auth/userinfo.email"
                    ],
                    "preemptible": false,
                    "reservation_affinity": [
                      {
                        "consume_reservation_type": "NO_RESERVATION",
                        "key": "",
                        "values": []
                      }
                    ],
                    "resource_labels": {
                      "goog-gke-node-pool-provisioning-model": "on-demand"
                    },
                    "resource_manager_tags": {},
                    "secondary_boot_disks": [],
                    "service_account": "tf-gke-europe-west1-st6r@development-30af.iam.gserviceaccount.com",
                    "shielded_instance_config": [
                      {
                        "enable_integrity_monitoring": true,
                        "enable_secure_boot": true
                      }
                    ],
                    "sole_tenant_config": [],
                    "spot": false,
                    "storage_pools": [],
                    "tags": [],
                    "taint": [],
                    "windows_node_config": [
                      {
                        "osversion": ""
                      }
                    ],
                    "workload_metadata_config": [
                      {
                        "mode": "GKE_METADATA"
                      }
                    ]
                  }
                ],
                "node_count": 0,
                "node_locations": [
                  "europe-west1-b",
                  "europe-west1-c",
                  "europe-west1-d"
                ],
                "placement_policy": [],
                "queued_provisioning": [],
                "upgrade_settings": [
                  {
                    "blue_green_settings": [],
                    "max_surge": 1,
                    "max_unavailable": 0,
                    "strategy": "SURGE"
                  }
                ],
                "version": "1.33.5-gke.1125000"
              },
              {
                "autoscaling": [
                  {
                    "location_policy": "BALANCED",
                    "max_node_count": 1000,
                    "min_node_count": 0,
                    "total_max_node_count": 0,
                    "total_min_node_count": 0
                  }
                ],
                "initial_node_count": 0,
                "instance_group_urls": [],
                "managed_instance_group_urls": [],
                "management": [
                  {
                    "auto_repair": true,
                    "auto_upgrade": true
                  }
                ],
                "max_pods_per_node": 32,
                "name": "pool-5",
                "name_prefix": "",
                "network_config": [
                  {
                    "additional_node_network_configs": [],
                    "additional_pod_network_configs": [],
                    "create_pod_range": false,
                    "enable_private_nodes": true,
                    "network_performance_config": [],
                    "pod_cidr_overprovision_config": [],
                    "pod_ipv4_cidr_block": "10.2.64.0/18",
                    "pod_range": "gke-europe-west1-private-pods"
                  }
                ],
                "node_config": [
                  {
                    "advanced_machine_features": [],
                    "boot_disk_kms_key": "",
                    "confidential_nodes": [],
                    "containerd_config": [],
                    "disk_size_gb": 100,
                    "disk_type": "pd-balanced",
                    "effective_taints": [],
                    "enable_confidential_storage": false,
                    "ephemeral_storage_local_ssd_config": [],
                    "fast_socket": [],
                    "flex_start": false,
                    "gcfs_config": [],
                    "guest_accelerator": [],
                    "gvnic": [
                      {
                        "enabled": true
                      }
                    ],
                    "host_maintenance_policy": [],
                    "image_type": "COS_CONTAINERD",
                    "kubelet_config": [
                      {
                        "allowed_unsafe_sysctls": [],
                        "container_log_max_files": 0,
                        "container_log_max_size": "",
                        "cpu_cfs_quota": false,
                        "cpu_cfs_quota_period": "",
                        "cpu_manager_policy": "",
                        "image_gc_high_threshold_percent": 0,
                        "image_gc_low_threshold_percent": 0,
                        "image_maximum_gc_age": "",
                        "image_minimum_gc_age": "",
                        "insecure_kubelet_readonly_port_enabled": "FALSE",
                        "pod_pids_limit": 0
                      }
                    ],
                    "labels": {},
                    "linux_node_config": [],
                    "local_nvme_ssd_block_config": [],
                    "local_ssd_count": 0,
                    "local_ssd_encryption_mode": "",
                    "logging_variant": "DEFAULT",
                    "machine_type": "e2-standard-16",
                    "max_run_duration": "",
                    "metadata": {
                      "disable-legacy-endpoints": "true"
                    },
                    "min_cpu_platform": "",
                    "node_group": "",
                    "oauth_scopes": [
                      "https://www.googleapis.com/auth/cloud-platform",
                      "https://www.googleapis.com/auth/userinfo.email"
                    ],
                    "preemptible": false,
                    "reservation_affinity": [
                      {
                        "consume_reservation_type": "NO_RESERVATION",
                        "key": "",
                        "values": []
                      }
                    ],
                    "resource_labels": {
                      "goog-gke-node-pool-provisioning-model": "on-demand"
                    },
                    "resource_manager_tags": {},
                    "secondary_boot_disks": [],
                    "service_account": "tf-gke-europe-west1-st6r@development-30af.iam.gserviceaccount.com",
                    "shielded_instance_config": [
                      {
                        "enable_integrity_monitoring": true,
                        "enable_secure_boot": true
                      }
                    ],
                    "sole_tenant_config": [],
                    "spot": false,
                    "storage_pools": [],
                    "tags": [],
                    "taint": [],
                    "windows_node_config": [
                      {
                        "osversion": ""
                      }
                    ],
                    "workload_metadata_config": [
                      {
                        "mode": "GKE_METADATA"
                      }
                    ]
                  }
                ],
                "node_count": 0,
                "node_locations": [
                  "europe-west1-b",
                  "europe-west1-c",
                  "europe-west1-d"
                ],
                "placement_policy": [],
                "queued_provisioning": [],
                "upgrade_settings": [
                  {
                    "blue_green_settings": [],
                    "max_surge": 1,
                    "max_unavailable": 0,
                    "strategy": "SURGE"
                  }
                ],
                "version": "1.33.5-gke.1125000"
              },
              {
                "autoscaling": [
                  {
                    "location_policy": "BALANCED",
                    "max_node_count": 1000,
                    "min_node_count": 0,
                    "total_max_node_count": 0,
                    "total_min_node_count": 0
                  }
                ],
                "initial_node_count": 0,
                "instance_group_urls": [],
                "managed_instance_group_urls": [],
                "management": [
                  {
                    "auto_repair": true,
                    "auto_upgrade": true
                  }
                ],
                "max_pods_per_node": 32,
                "name": "pool-6",
                "name_prefix": "",
                "network_config": [
                  {
                    "additional_node_network_configs": [],
                    "additional_pod_network_configs": [],
                    "create_pod_range": false,
                    "enable_private_nodes": true,
                    "network_performance_config": [],
                    "pod_cidr_overprovision_config": [],
                    "pod_ipv4_cidr_block": "10.2.64.0/18",
                    "pod_range": "gke-europe-west1-private-pods"
                  }
                ],
                "node_config": [
                  {
                    "advanced_machine_features": [],
                    "boot_disk_kms_key": "",
                    "confidential_nodes": [],
                    "containerd_config": [],
                    "disk_size_gb": 100,
                    "disk_type": "pd-balanced",
                    "effective_taints": [],
                    "enable_confidential_storage": false,
                    "ephemeral_storage_local_ssd_config": [],
                    "fast_socket": [],
                    "flex_start": false,
                    "gcfs_config": [],
                    "guest_accelerator": [],
                    "gvnic": [
                      {
                        "enabled": true
                      }
                    ],
                    "host_maintenance_policy": [],
                    "image_type": "COS_CONTAINERD",
                    "kubelet_config": [
                      {
                        "allowed_unsafe_sysctls": [],
                        "container_log_max_files": 0,
                        "container_log_max_size": "",
                        "cpu_cfs_quota": false,
                        "cpu_cfs_quota_period": "",
                        "cpu_manager_policy": "",
                        "image_gc_high_threshold_percent": 0,
                        "image_gc_low_threshold_percent": 0,
                        "image_maximum_gc_age": "",
                        "image_minimum_gc_age": "",
                        "insecure_kubelet_readonly_port_enabled": "FALSE",
                        "pod_pids_limit": 0
                      }
                    ],
                    "labels": {},
                    "linux_node_config": [],
                    "local_nvme_ssd_block_config": [],
                    "local_ssd_count": 0,
                    "local_ssd_encryption_mode": "",
                    "logging_variant": "DEFAULT",
                    "machine_type": "e2-standard-32",
                    "max_run_duration": "",
                    "metadata": {
                      "disable-legacy-endpoints": "true"
                    },
                    "min_cpu_platform": "",
                    "node_group": "",
                    "oauth_scopes": [
                      "https://www.googleapis.com/auth/cloud-platform",
                      "https://www.googleapis.com/auth/userinfo.email"
                    ],
                    "preemptible": false,
                    "reservation_affinity": [
                      {
                        "consume_reservation_type": "NO_RESERVATION",
                        "key": "",
                        "values": []
                      }
                    ],
                    "resource_labels": {
                      "goog-gke-node-pool-provisioning-model": "on-demand"
                    },
                    "resource_manager_tags": {},
                    "secondary_boot_disks": [],
                    "service_account": "tf-gke-europe-west1-st6r@development-30af.iam.gserviceaccount.com",
                    "shielded_instance_config": [
                      {
                        "enable_integrity_monitoring": true,
                        "enable_secure_boot": true
                      }
                    ],
                    "sole_tenant_config": [],
                    "spot": false,
                    "storage_pools": [],
                    "tags": [],
                    "taint": [],
                    "windows_node_config": [
                      {
                        "osversion": ""
                      }
                    ],
                    "workload_metadata_config": [
                      {
                        "mode": "GKE_METADATA"
                      }
                    ]
                  }
                ],
                "node_count": 0,
                "node_locations": [
                  "europe-west1-b",
                  "europe-west1-c",
                  "europe-west1-d"
                ],
                "placement_policy": [],
                "queued_provisioning": [],
                "upgrade_settings": [
                  {
                    "blue_green_settings": [],
                    "max_surge": 1,
                    "max_unavailable": 0,
                    "strategy": "SURGE"
                  }
                ],
                "version": "1.33.5-gke.1125000"
              },
              {
                "autoscaling": [
                  {
                    "location_policy": "BALANCED",
                    "max_node_count": 1000,
                    "min_node_count": 0,
                    "total_max_node_count": 0,
                    "total_min_node_count": 0
                  }
                ],
                "initial_node_count": 0,
                "instance_group_urls": [],
                "managed_instance_group_urls": [],
                "management": [
                  {
                    "auto_repair": true,
                    "auto_upgrade": true
                  }
                ],
                "max_pods_per_node": 32,
                "name": "nap-3scnwiko",
                "name_prefix": "",
                "network_config": [
                  {
                    "additional_node_network_configs": [],
                    "additional_pod_network_configs": [],
                    "create_pod_range": false,
                    "enable_private_nodes": true,
                    "network_performance_config": [],
                    "pod_cidr_overprovision_config": [],
                    "pod_ipv4_cidr_block": "10.2.64.0/18",
                    "pod_range": "gke-europe-west1-private-pods"
                  }
                ],
                "node_config": [
                  {
                    "advanced_machine_features": [],
                    "boot_disk_kms_key": "",
                    "confidential_nodes": [],
                    "containerd_config": [],
                    "disk_size_gb": 100,
                    "disk_type": "pd-balanced",
                    "effective_taints": [],
                    "enable_confidential_storage": false,
                    "ephemeral_storage_local_ssd_config": [],
                    "fast_socket": [],
                    "flex_start": false,
                    "gcfs_config": [],
                    "guest_accelerator": [],
                    "gvnic": [
                      {
                        "enabled": true
                      }
                    ],
                    "host_maintenance_policy": [],
                    "image_type": "COS_CONTAINERD",
                    "kubelet_config": [
                      {
                        "allowed_unsafe_sysctls": [],
                        "container_log_max_files": 0,
                        "container_log_max_size": "",
                        "cpu_cfs_quota": false,
                        "cpu_cfs_quota_period": "",
                        "cpu_manager_policy": "",
                        "image_gc_high_threshold_percent": 0,
                        "image_gc_low_threshold_percent": 0,
                        "image_maximum_gc_age": "",
                        "image_minimum_gc_age": "",
                        "insecure_kubelet_readonly_port_enabled": "FALSE",
                        "pod_pids_limit": 0
                      }
                    ],
                    "labels": {},
                    "linux_node_config": [],
                    "local_nvme_ssd_block_config": [],
                    "local_ssd_count": 0,
                    "local_ssd_encryption_mode": "",
                    "logging_variant": "DEFAULT",
                    "machine_type": "ek-standard-8",
                    "max_run_duration": "",
                    "metadata": {
                      "disable-legacy-endpoints": "true"
                    },
                    "min_cpu_platform": "",
                    "node_group": "",
                    "oauth_scopes": [
                      "https://www.googleapis.com/auth/cloud-platform",
                      "https://www.googleapis.com/auth/userinfo.email"
                    ],
                    "preemptible": false,
                    "reservation_affinity": [
                      {
                        "consume_reservation_type": "NO_RESERVATION",
                        "key": "",
                        "values": []
                      }
                    ],
                    "resource_labels": {
                      "goog-gke-node-pool-provisioning-model": "on-demand"
                    },
                    "resource_manager_tags": {},
                    "secondary_boot_disks": [],
                    "service_account": "tf-gke-europe-west1-st6r@development-30af.iam.gserviceaccount.com",
                    "shielded_instance_config": [
                      {
                        "enable_integrity_monitoring": true,
                        "enable_secure_boot": true
                      }
                    ],
                    "sole_tenant_config": [],
                    "spot": false,
                    "storage_pools": [],
                    "tags": [],
                    "taint": [],
                    "windows_node_config": [
                      {
                        "osversion": ""
                      }
                    ],
                    "workload_metadata_config": [
                      {
                        "mode": "GKE_METADATA"
                      }
                    ]
                  }
                ],
                "node_count": 0,
                "node_locations": [
                  "europe-west1-b",
                  "europe-west1-c",
                  "europe-west1-d"
                ],
                "placement_policy": [
                  {
                    "policy_name": "",
                    "tpu_topology": "",
                    "type": ""
                  }
                ],
                "queued_provisioning": [],
                "upgrade_settings": [
                  {
                    "blue_green_settings": [],
                    "max_surge": 1,
                    "max_unavailable": 0,
                    "strategy": "SURGE"
                  }
                ],
                "version": "1.33.5-gke.1125000"
              }
            ],
            "node_pool_auto_config": [
              {
                "linux_node_config": [],
                "network_tags": [],
                "node_kubelet_config": [
                  {
                    "insecure_kubelet_readonly_port_enabled": "FALSE"
                  }
                ],
                "resource_manager_tags": {}
              }
            ],
            "node_pool_defaults": [
              {
                "node_config_defaults": [
                  {
                    "containerd_config": [],
                    "gcfs_config": [
                      {
                        "enabled": true
                      }
                    ],
                    "insecure_kubelet_readonly_port_enabled": "FALSE",
                    "logging_variant": "DEFAULT"
                  }
                ]
              }
            ],
            "node_version": "1.33.5-gke.1125000",
            "notification_config": [
              {
                "pubsub": [
                  {
                    "enabled": false,
                    "filter": [],
                    "topic": ""
                  }
                ]
              }
            ],
            "operation": null,
            "pod_autoscaling": [
              {
                "hpa_profile": "PERFORMANCE"
              }
            ],
            "private_cluster_config": [
              {
                "enable_private_endpoint": false,
                "enable_private_nodes": true,
                "master_global_access_config": [
                  {
                    "enabled": true
                  }
                ],
                "master_ipv4_cidr_block": "10.0.0.0/28",
                "peering_name": "",
                "private_endpoint": "10.0.0.2",
                "private_endpoint_subnetwork": "projects/development-30af/regions/europe-west1/subnetworks/gke-europe-west1-0a3f604a-pe-subnet",
                "public_endpoint": "35.241.154.121"
              }
            ],
            "private_ipv6_google_access": "",
            "project": "development-30af",
            "release_channel": [
              {
                "channel": "STABLE"
              }
            ],
            "remove_default_node_pool": null,
            "resource_labels": {
              "goog-terraform-provisioned": "true"
            },
            "resource_usage_export_config": [],
            "secret_manager_config": [
              {
                "enabled": false
              }
            ],
            "security_posture_config": [
              {
                "mode": "DISABLED",
                "vulnerability_mode": "VULNERABILITY_DISABLED"
              }
            ],
            "self_link": "https://container.googleapis.com/v1/projects/development-30af/locations/europe-west1/clusters/europe-west1",
            "service_external_ips_config": [
              {
                "enabled": false
              }
            ],
            "services_ipv4_cidr": "10.2.128.0/20",
            "subnetwork": "projects/development-30af/regions/europe-west1/subnetworks/gke-europe-west1-private",
            "terraform_labels": {
              "goog-terraform-provisioned": "true"
            },
            "tpu_ipv4_cidr_block": "",
            "user_managed_keys_config": [],
            "vertical_pod_autoscaling": [
              {
                "enabled": true
              }
            ],
            "workload_identity_config": [
              {
                "workload_pool": "development-30af.svc.id.goog"
              }
            ]
          },
          "sensitive_attributes": [],
          "identity_schema_version": 0
        }
      ]
    },
    {
      "mode": "data",
      "type": "google_storage_bucket_object_content",
      "name": "application_service_values",
      "provider": "provider[\"registry.terraform.io/hashicorp/google\"]",
      "instances": [
        {
          "index_key": "app",
          "schema_version": 0,
          "attributes": {
            "bucket": "management-b6d6-values",
            "cache_control": null,
            "content": "tag: 88bb1e7b3be6a6cd04503b4507a27731a80ed410\nenvironment: development\nport: 80\ntype: node-nginx\n\ningress: true\n\nenv:\n  - name: NODE_ENV\n    value: development\n  - name: VITE_ENV\n    value: development\n\n  # API / Base URLs\n  - name: VITE_API_URL\n    value: \"https://api.uat.afrisend.com\"\n  - name: VITE_APP_BASE_URL\n    value: \"https://app.uat.afrisend.com\"\n\n  # Partner Codes ---\n  - name: VITE_PARTNER_CURFEX\n    value: \"7508e9fe\"\n  - name: VITE_PARTNER_TERRAPAY\n    value: \"4916c976\"\n  - name: VITE_MFS_TERRAPAY\n    value: \"f2a77209\"\n  - name: VITE_PARTNER_IFAST\n    value: \"431cac48\"\n",
            "content_base64": "dGFnOiA4OGJiMWU3YjNiZTZhNmNkMDQ1MDNiNDUwN2EyNzczMWE4MGVkNDEwCmVudmlyb25tZW50OiBkZXZlbG9wbWVudApwb3J0OiA4MAp0eXBlOiBub2RlLW5naW54CgppbmdyZXNzOiB0cnVlCgplbnY6CiAgLSBuYW1lOiBOT0RFX0VOVgogICAgdmFsdWU6IGRldmVsb3BtZW50CiAgLSBuYW1lOiBWSVRFX0VOVgogICAgdmFsdWU6IGRldmVsb3BtZW50CgogICMgQVBJIC8gQmFzZSBVUkxzCiAgLSBuYW1lOiBWSVRFX0FQSV9VUkwKICAgIHZhbHVlOiAiaHR0cHM6Ly9hcGkudWF0LmFmcmlzZW5kLmNvbSIKICAtIG5hbWU6IFZJVEVfQVBQX0JBU0VfVVJMCiAgICB2YWx1ZTogImh0dHBzOi8vYXBwLnVhdC5hZnJpc2VuZC5jb20iCgogICMgUGFydG5lciBDb2RlcyAtLS0KICAtIG5hbWU6IFZJVEVfUEFSVE5FUl9DVVJGRVgKICAgIHZhbHVlOiAiNzUwOGU5ZmUiCiAgLSBuYW1lOiBWSVRFX1BBUlRORVJfVEVSUkFQQVkKICAgIHZhbHVlOiAiNDkxNmM5NzYiCiAgLSBuYW1lOiBWSVRFX01GU19URVJSQVBBWQogICAgdmFsdWU6ICJmMmE3NzIwOSIKICAtIG5hbWU6IFZJVEVfUEFSVE5FUl9JRkFTVAogICAgdmFsdWU6ICI0MzFjYWM0OCIK",
            "content_base64sha512": "lUM/fRhtyJ0muTpvaLAhGDN/HQ/0X8HLMutqvV7l/k3vO2zNpLSNtoiilDojFenZ9AHgDPHvUhs/NZ2gMxmeRA==",
            "content_disposition": null,
            "content_encoding": null,
            "content_hexsha512": "95433f7d186dc89d26b93a6f68b02118337f1d0ff45fc1cb32eb6abd5ee5fe4def3b6ccda4b48db688a2943a2315e9d9f401e00cf1ef521b3f359da033199e44",
            "content_language": null,
            "content_type": null,
            "crc32c": null,
            "customer_encryption": null,
            "detect_md5hash": null,
            "event_based_hold": null,
            "force_empty_content_type": null,
            "generation": null,
            "id": "management-b6d6-values-development/afrisend/app.yaml",
            "kms_key_name": null,
            "md5hash": null,
            "md5hexhash": null,
            "media_link": null,
            "metadata": null,
            "name": "development/afrisend/app.yaml",
            "output_name": null,
            "retention": null,
            "self_link": null,
            "source": null,
            "source_md5hash": null,
            "storage_class": null,
            "temporary_hold": null
          },
          "sensitive_attributes": [],
          "identity_schema_version": 0
        },
        {
          "index_key": "compliancewire",
          "schema_version": 0,
          "attributes": {
            "bucket": "management-b6d6-values",
            "cache_control": null,
            "content": "tag: f245a6fab7d2699dbdc06ea372e8866049ed379a\nenvironment: development\nport: 8080\nmigration_type: artisan\ntype: php-laravel\n\nenv:\n  - name: APP_LOCALE\n    value: en\n  - name: APP_DEBUG\n    value: \"true\"\n  - name: APP_ENV\n    value: local\n\n  # Primary DB compliance\n  - name: DB_DATABASE\n    value: compliancewire\n\n    # Afrisend Database\n  - name: AFRISEND_DB_DATABASE\n    value: afrisend_gateway\n\n  - name: RABBITMQ_VHOST\n    value: /\n\n  - name: MEMBERCHECK_BASE_URL\n    value: https://demo.api.membercheck.com/api/v2\n\nsecrets:\n  # Membercheck\n  - MEMBERCHECK_API_KEY\n\nrequires:\n  - mysql\n  - rabbitmq\n\nsidecar_services:\n  rabbitmq-consumer:\n    command: [\"php\", \"artisan\", \"rabbitmq:complianceMQConsumer\"]\n\n",
            "content_base64": "dGFnOiBmMjQ1YTZmYWI3ZDI2OTlkYmRjMDZlYTM3MmU4ODY2MDQ5ZWQzNzlhCmVudmlyb25tZW50OiBkZXZlbG9wbWVudApwb3J0OiA4MDgwCm1pZ3JhdGlvbl90eXBlOiBhcnRpc2FuCnR5cGU6IHBocC1sYXJhdmVsCgplbnY6CiAgLSBuYW1lOiBBUFBfTE9DQUxFCiAgICB2YWx1ZTogZW4KICAtIG5hbWU6IEFQUF9ERUJVRwogICAgdmFsdWU6ICJ0cnVlIgogIC0gbmFtZTogQVBQX0VOVgogICAgdmFsdWU6IGxvY2FsCgogICMgUHJpbWFyeSBEQiBjb21wbGlhbmNlCiAgLSBuYW1lOiBEQl9EQVRBQkFTRQogICAgdmFsdWU6IGNvbXBsaWFuY2V3aXJlCgogICAgIyBBZnJpc2VuZCBEYXRhYmFzZQogIC0gbmFtZTogQUZSSVNFTkRfREJfREFUQUJBU0UKICAgIHZhbHVlOiBhZnJpc2VuZF9nYXRld2F5CgogIC0gbmFtZTogUkFCQklUTVFfVkhPU1QKICAgIHZhbHVlOiAvCgogIC0gbmFtZTogTUVNQkVSQ0hFQ0tfQkFTRV9VUkwKICAgIHZhbHVlOiBodHRwczovL2RlbW8uYXBpLm1lbWJlcmNoZWNrLmNvbS9hcGkvdjIKCnNlY3JldHM6CiAgIyBNZW1iZXJjaGVjawogIC0gTUVNQkVSQ0hFQ0tfQVBJX0tFWQoKcmVxdWlyZXM6CiAgLSBteXNxbAogIC0gcmFiYml0bXEKCnNpZGVjYXJfc2VydmljZXM6CiAgcmFiYml0bXEtY29uc3VtZXI6CiAgICBjb21tYW5kOiBbInBocCIsICJhcnRpc2FuIiwgInJhYmJpdG1xOmNvbXBsaWFuY2VNUUNvbnN1bWVyIl0KCg==",
            "content_base64sha512": "Ad1TxundN1XMyX0kBd4jBUEPxeOTI3V0wOsd20a25wwYQ4Tjixb/qChbJtuJRZj2QdrBiP0AuKt+Xglb2KyBLA==",
            "content_disposition": null,
            "content_encoding": null,
            "content_hexsha512": "01dd53c6e9dd3755ccc97d2405de2305410fc5e393237574c0eb1ddb46b6e70c184384e38b16ffa8285b26db894598f641dac188fd00b8ab7e5e095bd8ac812c",
            "content_language": null,
            "content_type": null,
            "crc32c": null,
            "customer_encryption": null,
            "detect_md5hash": null,
            "event_based_hold": null,
            "force_empty_content_type": null,
            "generation": null,
            "id": "management-b6d6-values-development/afrisend/compliancewire.yaml",
            "kms_key_name": null,
            "md5hash": null,
            "md5hexhash": null,
            "media_link": null,
            "metadata": null,
            "name": "development/afrisend/compliancewire.yaml",
            "output_name": null,
            "retention": null,
            "self_link": null,
            "source": null,
            "source_md5hash": null,
            "storage_class": null,
            "temporary_hold": null
          },
          "sensitive_attributes": [],
          "identity_schema_version": 0
        },
        {
          "index_key": "consumer-engine",
          "schema_version": 0,
          "attributes": {
            "bucket": "management-b6d6-values",
            "cache_control": null,
            "content": "tag: ba818d2704ce52780609a5537e88633550913b13\nenvironment: development\nport: 8080\ntype: go\n\nenv:\n  # TODO: These values need to be configured\n  - name: GATEWAY_SERVICE_URL\n    value: changeme\n  - name: CALLBACK_PORT\n    value: changeme\n  - name: VALIDATION_RESULT_URL\n    value: changeme\n  - name: IMT_RECEIVE_RESULT_URL\n    value: changeme\n  - name: TQS_RESULT_URL\n    value: changeme\n\nrequires:\n  -  rabbitmq\n\n",
            "content_base64": "dGFnOiBiYTgxOGQyNzA0Y2U1Mjc4MDYwOWE1NTM3ZTg4NjMzNTUwOTEzYjEzCmVudmlyb25tZW50OiBkZXZlbG9wbWVudApwb3J0OiA4MDgwCnR5cGU6IGdvCgplbnY6CiAgIyBUT0RPOiBUaGVzZSB2YWx1ZXMgbmVlZCB0byBiZSBjb25maWd1cmVkCiAgLSBuYW1lOiBHQVRFV0FZX1NFUlZJQ0VfVVJMCiAgICB2YWx1ZTogY2hhbmdlbWUKICAtIG5hbWU6IENBTExCQUNLX1BPUlQKICAgIHZhbHVlOiBjaGFuZ2VtZQogIC0gbmFtZTogVkFMSURBVElPTl9SRVNVTFRfVVJMCiAgICB2YWx1ZTogY2hhbmdlbWUKICAtIG5hbWU6IElNVF9SRUNFSVZFX1JFU1VMVF9VUkwKICAgIHZhbHVlOiBjaGFuZ2VtZQogIC0gbmFtZTogVFFTX1JFU1VMVF9VUkwKICAgIHZhbHVlOiBjaGFuZ2VtZQoKcmVxdWlyZXM6CiAgLSAgcmFiYml0bXEKCg==",
            "content_base64sha512": "vfYYJvVI1Mok2VMQbwGxAcYBBGg+YqLHDUPO+zXZtIna6ACLb00j/Fu6Dhro7WujM80zVfBTg9hoIKnU5MuHSQ==",
            "content_disposition": null,
            "content_encoding": null,
            "content_hexsha512": "bdf61826f548d4ca24d953106f01b101c60104683e62a2c70d43cefb35d9b489dae8008b6f4d23fc5bba0e1ae8ed6ba333cd3355f05383d86820a9d4e4cb8749",
            "content_language": null,
            "content_type": null,
            "crc32c": null,
            "customer_encryption": null,
            "detect_md5hash": null,
            "event_based_hold": null,
            "force_empty_content_type": null,
            "generation": null,
            "id": "management-b6d6-values-development/afrisend/consumer-engine.yaml",
            "kms_key_name": null,
            "md5hash": null,
            "md5hexhash": null,
            "media_link": null,
            "metadata": null,
            "name": "development/afrisend/consumer-engine.yaml",
            "output_name": null,
            "retention": null,
            "self_link": null,
            "source": null,
            "source_md5hash": null,
            "storage_class": null,
            "temporary_hold": null
          },
          "sensitive_attributes": [],
          "identity_schema_version": 0
        },
        {
          "index_key": "cqc",
          "schema_version": 0,
          "attributes": {
            "bucket": "management-b6d6-values",
            "cache_control": null,
            "content": "tag: 54ec79ecfea950fe4595217525b789ea6074c32d\nenvironment: development\nport: 8080\ntype: go\n\nenv:\n  # TODO: These values need to be configured\n  - name: GATEWAY_SERVICE_URL\n    value: changeme\n  - name: CALLBACK_PORT\n    value: changeme\n  - name: VALIDATION_RESULT_URL\n    value: changeme\n  - name: IMT_RECEIVE_RESULT_URL\n    value: changeme\n  - name: TQS_RESULT_URL\n    value: changeme\n\nrequires:\n  -  rabbitmq\n\n",
            "content_base64": "dGFnOiA1NGVjNzllY2ZlYTk1MGZlNDU5NTIxNzUyNWI3ODllYTYwNzRjMzJkCmVudmlyb25tZW50OiBkZXZlbG9wbWVudApwb3J0OiA4MDgwCnR5cGU6IGdvCgplbnY6CiAgIyBUT0RPOiBUaGVzZSB2YWx1ZXMgbmVlZCB0byBiZSBjb25maWd1cmVkCiAgLSBuYW1lOiBHQVRFV0FZX1NFUlZJQ0VfVVJMCiAgICB2YWx1ZTogY2hhbmdlbWUKICAtIG5hbWU6IENBTExCQUNLX1BPUlQKICAgIHZhbHVlOiBjaGFuZ2VtZQogIC0gbmFtZTogVkFMSURBVElPTl9SRVNVTFRfVVJMCiAgICB2YWx1ZTogY2hhbmdlbWUKICAtIG5hbWU6IElNVF9SRUNFSVZFX1JFU1VMVF9VUkwKICAgIHZhbHVlOiBjaGFuZ2VtZQogIC0gbmFtZTogVFFTX1JFU1VMVF9VUkwKICAgIHZhbHVlOiBjaGFuZ2VtZQoKcmVxdWlyZXM6CiAgLSAgcmFiYml0bXEKCg==",
            "content_base64sha512": "F6lmzIBAvmaNsy7ohNwdFsO2tffbZC0dPD/KwzO97x/Lrt2gvpXidBHEGTvo/IdnPmOKUovJG9SEoMuVJTU6Fg==",
            "content_disposition": null,
            "content_encoding": null,
            "content_hexsha512": "17a966cc8040be668db32ee884dc1d16c3b6b5f7db642d1d3c3fcac333bdef1fcbaedda0be95e27411c4193be8fc87673e638a528bc91bd484a0cb9525353a16",
            "content_language": null,
            "content_type": null,
            "crc32c": null,
            "customer_encryption": null,
            "detect_md5hash": null,
            "event_based_hold": null,
            "force_empty_content_type": null,
            "generation": null,
            "id": "management-b6d6-values-development/afrisend/cqc.yaml",
            "kms_key_name": null,
            "md5hash": null,
            "md5hexhash": null,
            "media_link": null,
            "metadata": null,
            "name": "development/afrisend/cqc.yaml",
            "output_name": null,
            "retention": null,
            "self_link": null,
            "source": null,
            "source_md5hash": null,
            "storage_class": null,
            "temporary_hold": null
          },
          "sensitive_attributes": [],
          "identity_schema_version": 0
        },
        {
          "index_key": "gateway",
          "schema_version": 0,
          "attributes": {
            "bucket": "management-b6d6-values",
            "cache_control": null,
            "content": "tag: 564e40486a9cdf1acafb09fc61939639dfd068ea\nenvironment: development\nport: 8080\nmigration_type: artisan\ntype: php-laravel\n\ningress: true\n\nallowed_networks:\n  codepoint:\n    - 62.215.31.13/32\n    - 168.187.217.69/32\n    - 62.215.31.5/32\n    - 62.215.31.11/32\n    - 62.215.161.67/32\n    - 168.187.187.82/32\n  codepoint_dev: \n    - 117.221.70.75/32\n    - 202.164.154.212/32\n  codepoint_uat:\n    - 3.109.39.95/32\n\nenv:\n  # Core App Config\n  - name: APP_ENV\n    value: local\n  - name: APP_DEBUG\n    value: \"true\"\n  - name: APP_URL\n    value: \"https://gateway.development.afrisend.com/api/v1/\"\n  - name: APP_TIMEZONE\n    value: UTC\n  - name: LOG_SLACK_WEBHOOK_URL\n    value: \"\"\n  - name: MOBILE_TRANSACTION_LIMIT\n    value: \"1000\"\n  - name: SWAGGER_GENERATE_ALWAYS\n    value: \"true\"\n  - name: INSUFFICIENT_BALANCE_MESSAGE\n    value: \"The balance is insufficient for the transaction\"\n  - name: JWT_REFRESH_TTL\n    value: \"20160\"\n  - name: MEMBERCHECK_BASE_URL\n    value: https://demo.api.membercheck.com/api/v2\n  - name: PARTNER_BALANCE_THRESHOLD\n    value: \"100\"\n  - name: TWO_FA_TICKET_TTL\n    value: \"300\"\n\n  # Database (main)\n  - name: DB_DATABASE\n    value: afrisend_gateway\n\n  # Ewallet Database\n  - name: EWALLET_DB_DATABASE\n    value: ewallet\n\n  # Compliance Database\n  - name: COMPLIANCE_DB_DATABASE\n    value: compliancewire\n\n  # Payment Database\n  - name: PAYMENTS_DB_DATABASE\n    value: payments\n\n  # RabbitMQ\n  - name: RABBITMQ_VHOST\n    value: /\n\n  # Partner / Gateway Configs\n  - name: CURFEX_TOKEN_URL\n    value: \"http://emq:8080/api/v1/query/642276b3269cac0c401bfa98\"\n  - name: GATEWAY_ALL_PARTNER_URL\n    value: \"http://emq:8080/public/partners/63f5686995c04c57dd54235a\"\n  - name: GATEWAY_BASE_QUERY_URL\n    value: \"http://emq:8080/api/v1/query/\"\n  - name: GATEWAY_LOGIN_URL\n    value: \"http://emq:8080/public/token/643d330e3c2818b1c71d7829\"\n  - name: INBOUND_GATEWAY_LOGIN_URL\n    value: \"http://emq:8080/public/token/643d330e3c2818b1c71d7829\"\n  - name: GATEWAY_AUTHOTIZE_URL\n    value: \"http://emq:8080/api/v1/query/643d330e3c2818b1c71d7829\"\n  - name: CURFEX_PAYOUT_INFO_URL\n    value: \"http://emq:8080/api/v1/query/64229e5dc24ba7cd97b40b75\"\n  - name: GATEWAY_UNIFIED_RATES_URL\n    value: \"http://emq:8080/api/v1/query/63f5686995c04c57dd54235a\"\n  - name: CURFEX_PARTNER_CODE\n    value: \"64227569810ae1f82c35ff09\"\n  - name: GATEWAY_MFS_BANKS_URL\n    value: \"http://emq:8080/api/v1/query/63f5ca2f92c91442a8b2778d\"\n  - name: INSTANTCASH_CHECK_STATUS\n    value: \"63ea296e3b42bc8f07a495a9\"\n  - name: MFS_PARTNER_CODE\n    value: \"63f4c491384b742dd9e6840a\"\n  - name: MFS_CHECK_STATUS\n    value: \"63f74b410b24da4439389652\"\n  - name: TERRAPAY_PARTNER_CODE\n    value: \"62ea315fb47687d9cbbf6827\"\n  - name: TERRAPAY_TRANSACTION_STATUS\n    value: \"6614fb94c930411b89a0c4db\"\n  - name: INSTANT_CASH_PARTNER_CODE\n    value: \"63f45bf54618c736d556243c\"\n  - name: PARTNER_GATEWAY_LOGIN_SERVICE\n    value: \"643d330e3c2818b1c71d7829\"\n  - name: INBOUND_TRANSACTION_QUERY_SERVICE\n    value: \"64e44b0765915814b832752\"\n  - name: EMQ_BASE_URL\n    value: \"http://emq:8080\"\n  - name: EMQ_GET_URL\n    value: \"/api/v1/query/\"\n\n    # ifast outbound configs\n  - name: IFAST_OB_PARTNER_CODE\n    value: \"662e703e58efaae623aabdc7\"\n  - name: IFAST_OB_AGENTLIST_URL\n    value: \"http://emq:8080/api/v1/query/9a27614481c2021397d6079e\"\n  - name: GATEWAY_IFAST_OUTBOUND_BANKS_URL\n    value: \"http://emq:8080/api/v1/query/d3580c803b04964d509e81d1\"\n  - name: IFAST_TRANSACTION_DETAILS\n    value: \"http://emq:8080/api/v1/query/9a27614481c2021397d6079e\"\n  - name: IFAST_CANCEL_TRANSACTION_URL\n    value: \"http://emq:8080/api/v1/query/72e3ec62c872f4d11506a9aa\"\n  - name: IFAST_PAYMENT_DETAILS_SERVICE_ID\n    value: \"9a27614481c2021397d6079e\"\n  - name: IFAST_FUND_SOURCE_PURPOSE_AND_BANK_SERVICE_ID\n    value: \"d3580c803b04964d509e81d1\"\n  - name: IFAST_PAYOUT_COUNTRIES_SERVICE_ID\n    value: \"9a27614481c2021397d6079e\"\n  - name: IFAST_TRANSFERS_BRANCH_AND_MAX_PAYOUT_SERVICE_ID\n    value: \"9b0c452e22020feef7a17957\"\n  - name: IFAST_PARTNER_UUID\n    value: \"431cac48\"\n\n    # Identifying Paykit in Afrisend\n  - name: PAYKIT_PARTNER_CODE\n    value: \"637892cb4300e020e8f1d3ff\"\n\n  - name: PARTNER_MOBILE_HAKIKISHA_SERVICE\n    value: \"642e7a7fbb0bac496b32ade9\"\n  - name: PARTNER_BANK_BANK_SEND_SERVICE\n    value: \"643678867c60fc2a740932de\"\n  - name: PARTNER_BANK_HAKIKISHA_SERVICE\n    value: \"6436691d2d9e12333e3d2a52\"\n  - name: IPSL_PARTNER_CODE\n    value: \"63f4c83d0d8d0acb095d51c8\"\n  - name: METAMAP_AML_GET_TOKEN_URL\n    value: \"https://api.getmati.com/oauth\"\n  - name: MFS_AC_CHK\n    value: \"63f60b67697abf99fae06a15\"\n  - name: METAMAP_AML_LIST_URL\n    value: \"https://api.getmati.com/safety/v1/checks/comply-advantage\"\n  - name: PARTNER_MOBILE_SEND_SERVICE\n    value: \"544df52ac0e14a0ed8cf6040\"\n\n    # Resource file limits\n  - name: MEMORY_LIMIT\n    value: \"512M\"\n\nsecrets:\n  - APP_KEY\n  - MEMBERCHECK_API_KEY\n  - JWT_SECRET\n  - AFRISEND_IMT_GW_APP_KEY\n  - AFRISEND_IMT_GW_APP_SECRET\n  - TERRAPAY_PARTNER_SECRET\n  - OFAC_SUBSCRIPTION_KEY\n  - IFAST_OB_PARTNER_SECRET\n  - MFS_PARTNER_SECRET\n\nrequires:\n  - mysql\n  - redis\n  - rabbitmq\n\njobs:\n  sync-payout-data:\n    command: [\"php\", \"artisan\", \"ifast:sync-payout-data\"]\n\n",
            "content_base64": "dGFnOiA1NjRlNDA0ODZhOWNkZjFhY2FmYjA5ZmM2MTkzOTYzOWRmZDA2OGVhCmVudmlyb25tZW50OiBkZXZlbG9wbWVudApwb3J0OiA4MDgwCm1pZ3JhdGlvbl90eXBlOiBhcnRpc2FuCnR5cGU6IHBocC1sYXJhdmVsCgppbmdyZXNzOiB0cnVlCgphbGxvd2VkX25ldHdvcmtzOgogIGNvZGVwb2ludDoKICAgIC0gNjIuMjE1LjMxLjEzLzMyCiAgICAtIDE2OC4xODcuMjE3LjY5LzMyCiAgICAtIDYyLjIxNS4zMS41LzMyCiAgICAtIDYyLjIxNS4zMS4xMS8zMgogICAgLSA2Mi4yMTUuMTYxLjY3LzMyCiAgICAtIDE2OC4xODcuMTg3LjgyLzMyCiAgY29kZXBvaW50X2RldjogCiAgICAtIDExNy4yMjEuNzAuNzUvMzIKICAgIC0gMjAyLjE2NC4xNTQuMjEyLzMyCiAgY29kZXBvaW50X3VhdDoKICAgIC0gMy4xMDkuMzkuOTUvMzIKCmVudjoKICAjIENvcmUgQXBwIENvbmZpZwogIC0gbmFtZTogQVBQX0VOVgogICAgdmFsdWU6IGxvY2FsCiAgLSBuYW1lOiBBUFBfREVCVUcKICAgIHZhbHVlOiAidHJ1ZSIKICAtIG5hbWU6IEFQUF9VUkwKICAgIHZhbHVlOiAiaHR0cHM6Ly9nYXRld2F5LmRldmVsb3BtZW50LmFmcmlzZW5kLmNvbS9hcGkvdjEvIgogIC0gbmFtZTogQVBQX1RJTUVaT05FCiAgICB2YWx1ZTogVVRDCiAgLSBuYW1lOiBMT0dfU0xBQ0tfV0VCSE9PS19VUkwKICAgIHZhbHVlOiAiIgogIC0gbmFtZTogTU9CSUxFX1RSQU5TQUNUSU9OX0xJTUlUCiAgICB2YWx1ZTogIjEwMDAiCiAgLSBuYW1lOiBTV0FHR0VSX0dFTkVSQVRFX0FMV0FZUwogICAgdmFsdWU6ICJ0cnVlIgogIC0gbmFtZTogSU5TVUZGSUNJRU5UX0JBTEFOQ0VfTUVTU0FHRQogICAgdmFsdWU6ICJUaGUgYmFsYW5jZSBpcyBpbnN1ZmZpY2llbnQgZm9yIHRoZSB0cmFuc2FjdGlvbiIKICAtIG5hbWU6IEpXVF9SRUZSRVNIX1RUTAogICAgdmFsdWU6ICIyMDE2MCIKICAtIG5hbWU6IE1FTUJFUkNIRUNLX0JBU0VfVVJMCiAgICB2YWx1ZTogaHR0cHM6Ly9kZW1vLmFwaS5tZW1iZXJjaGVjay5jb20vYXBpL3YyCiAgLSBuYW1lOiBQQVJUTkVSX0JBTEFOQ0VfVEhSRVNIT0xECiAgICB2YWx1ZTogIjEwMCIKICAtIG5hbWU6IFRXT19GQV9USUNLRVRfVFRMCiAgICB2YWx1ZTogIjMwMCIKCiAgIyBEYXRhYmFzZSAobWFpbikKICAtIG5hbWU6IERCX0RBVEFCQVNFCiAgICB2YWx1ZTogYWZyaXNlbmRfZ2F0ZXdheQoKICAjIEV3YWxsZXQgRGF0YWJhc2UKICAtIG5hbWU6IEVXQUxMRVRfREJfREFUQUJBU0UKICAgIHZhbHVlOiBld2FsbGV0CgogICMgQ29tcGxpYW5jZSBEYXRhYmFzZQogIC0gbmFtZTogQ09NUExJQU5DRV9EQl9EQVRBQkFTRQogICAgdmFsdWU6IGNvbXBsaWFuY2V3aXJlCgogICMgUGF5bWVudCBEYXRhYmFzZQogIC0gbmFtZTogUEFZTUVOVFNfREJfREFUQUJBU0UKICAgIHZhbHVlOiBwYXltZW50cwoKICAjIFJhYmJpdE1RCiAgLSBuYW1lOiBSQUJCSVRNUV9WSE9TVAogICAgdmFsdWU6IC8KCiAgIyBQYXJ0bmVyIC8gR2F0ZXdheSBDb25maWdzCiAgLSBuYW1lOiBDVVJGRVhfVE9LRU5fVVJMCiAgICB2YWx1ZTogImh0dHA6Ly9lbXE6ODA4MC9hcGkvdjEvcXVlcnkvNjQyMjc2YjMyNjljYWMwYzQwMWJmYTk4IgogIC0gbmFtZTogR0FURVdBWV9BTExfUEFSVE5FUl9VUkwKICAgIHZhbHVlOiAiaHR0cDovL2VtcTo4MDgwL3B1YmxpYy9wYXJ0bmVycy82M2Y1Njg2OTk1YzA0YzU3ZGQ1NDIzNWEiCiAgLSBuYW1lOiBHQVRFV0FZX0JBU0VfUVVFUllfVVJMCiAgICB2YWx1ZTogImh0dHA6Ly9lbXE6ODA4MC9hcGkvdjEvcXVlcnkvIgogIC0gbmFtZTogR0FURVdBWV9MT0dJTl9VUkwKICAgIHZhbHVlOiAiaHR0cDovL2VtcTo4MDgwL3B1YmxpYy90b2tlbi82NDNkMzMwZTNjMjgxOGIxYzcxZDc4MjkiCiAgLSBuYW1lOiBJTkJPVU5EX0dBVEVXQVlfTE9HSU5fVVJMCiAgICB2YWx1ZTogImh0dHA6Ly9lbXE6ODA4MC9wdWJsaWMvdG9rZW4vNjQzZDMzMGUzYzI4MThiMWM3MWQ3ODI5IgogIC0gbmFtZTogR0FURVdBWV9BVVRIT1RJWkVfVVJMCiAgICB2YWx1ZTogImh0dHA6Ly9lbXE6ODA4MC9hcGkvdjEvcXVlcnkvNjQzZDMzMGUzYzI4MThiMWM3MWQ3ODI5IgogIC0gbmFtZTogQ1VSRkVYX1BBWU9VVF9JTkZPX1VSTAogICAgdmFsdWU6ICJodHRwOi8vZW1xOjgwODAvYXBpL3YxL3F1ZXJ5LzY0MjI5ZTVkYzI0YmE3Y2Q5N2I0MGI3NSIKICAtIG5hbWU6IEdBVEVXQVlfVU5JRklFRF9SQVRFU19VUkwKICAgIHZhbHVlOiAiaHR0cDovL2VtcTo4MDgwL2FwaS92MS9xdWVyeS82M2Y1Njg2OTk1YzA0YzU3ZGQ1NDIzNWEiCiAgLSBuYW1lOiBDVVJGRVhfUEFSVE5FUl9DT0RFCiAgICB2YWx1ZTogIjY0MjI3NTY5ODEwYWUxZjgyYzM1ZmYwOSIKICAtIG5hbWU6IEdBVEVXQVlfTUZTX0JBTktTX1VSTAogICAgdmFsdWU6ICJodHRwOi8vZW1xOjgwODAvYXBpL3YxL3F1ZXJ5LzYzZjVjYTJmOTJjOTE0NDJhOGIyNzc4ZCIKICAtIG5hbWU6IElOU1RBTlRDQVNIX0NIRUNLX1NUQVRVUwogICAgdmFsdWU6ICI2M2VhMjk2ZTNiNDJiYzhmMDdhNDk1YTkiCiAgLSBuYW1lOiBNRlNfUEFSVE5FUl9DT0RFCiAgICB2YWx1ZTogIjYzZjRjNDkxMzg0Yjc0MmRkOWU2ODQwYSIKICAtIG5hbWU6IE1GU19DSEVDS19TVEFUVVMKICAgIHZhbHVlOiAiNjNmNzRiNDEwYjI0ZGE0NDM5Mzg5NjUyIgogIC0gbmFtZTogVEVSUkFQQVlfUEFSVE5FUl9DT0RFCiAgICB2YWx1ZTogIjYyZWEzMTVmYjQ3Njg3ZDljYmJmNjgyNyIKICAtIG5hbWU6IFRFUlJBUEFZX1RSQU5TQUNUSU9OX1NUQVRVUwogICAgdmFsdWU6ICI2NjE0ZmI5NGM5MzA0MTFiODlhMGM0ZGIiCiAgLSBuYW1lOiBJTlNUQU5UX0NBU0hfUEFSVE5FUl9DT0RFCiAgICB2YWx1ZTogIjYzZjQ1YmY1NDYxOGM3MzZkNTU2MjQzYyIKICAtIG5hbWU6IFBBUlRORVJfR0FURVdBWV9MT0dJTl9TRVJWSUNFCiAgICB2YWx1ZTogIjY0M2QzMzBlM2MyODE4YjFjNzFkNzgyOSIKICAtIG5hbWU6IElOQk9VTkRfVFJBTlNBQ1RJT05fUVVFUllfU0VSVklDRQogICAgdmFsdWU6ICI2NGU0NGIwNzY1OTE1ODE0YjgzMjc1MiIKICAtIG5hbWU6IEVNUV9CQVNFX1VSTAogICAgdmFsdWU6ICJodHRwOi8vZW1xOjgwODAiCiAgLSBuYW1lOiBFTVFfR0VUX1VSTAogICAgdmFsdWU6ICIvYXBpL3YxL3F1ZXJ5LyIKCiAgICAjIGlmYXN0IG91dGJvdW5kIGNvbmZpZ3MKICAtIG5hbWU6IElGQVNUX09CX1BBUlRORVJfQ09ERQogICAgdmFsdWU6ICI2NjJlNzAzZTU4ZWZhYWU2MjNhYWJkYzciCiAgLSBuYW1lOiBJRkFTVF9PQl9BR0VOVExJU1RfVVJMCiAgICB2YWx1ZTogImh0dHA6Ly9lbXE6ODA4MC9hcGkvdjEvcXVlcnkvOWEyNzYxNDQ4MWMyMDIxMzk3ZDYwNzllIgogIC0gbmFtZTogR0FURVdBWV9JRkFTVF9PVVRCT1VORF9CQU5LU19VUkwKICAgIHZhbHVlOiAiaHR0cDovL2VtcTo4MDgwL2FwaS92MS9xdWVyeS9kMzU4MGM4MDNiMDQ5NjRkNTA5ZTgxZDEiCiAgLSBuYW1lOiBJRkFTVF9UUkFOU0FDVElPTl9ERVRBSUxTCiAgICB2YWx1ZTogImh0dHA6Ly9lbXE6ODA4MC9hcGkvdjEvcXVlcnkvOWEyNzYxNDQ4MWMyMDIxMzk3ZDYwNzllIgogIC0gbmFtZTogSUZBU1RfQ0FOQ0VMX1RSQU5TQUNUSU9OX1VSTAogICAgdmFsdWU6ICJodHRwOi8vZW1xOjgwODAvYXBpL3YxL3F1ZXJ5LzcyZTNlYzYyYzg3MmY0ZDExNTA2YTlhYSIKICAtIG5hbWU6IElGQVNUX1BBWU1FTlRfREVUQUlMU19TRVJWSUNFX0lECiAgICB2YWx1ZTogIjlhMjc2MTQ0ODFjMjAyMTM5N2Q2MDc5ZSIKICAtIG5hbWU6IElGQVNUX0ZVTkRfU09VUkNFX1BVUlBPU0VfQU5EX0JBTktfU0VSVklDRV9JRAogICAgdmFsdWU6ICJkMzU4MGM4MDNiMDQ5NjRkNTA5ZTgxZDEiCiAgLSBuYW1lOiBJRkFTVF9QQVlPVVRfQ09VTlRSSUVTX1NFUlZJQ0VfSUQKICAgIHZhbHVlOiAiOWEyNzYxNDQ4MWMyMDIxMzk3ZDYwNzllIgogIC0gbmFtZTogSUZBU1RfVFJBTlNGRVJTX0JSQU5DSF9BTkRfTUFYX1BBWU9VVF9TRVJWSUNFX0lECiAgICB2YWx1ZTogIjliMGM0NTJlMjIwMjBmZWVmN2ExNzk1NyIKICAtIG5hbWU6IElGQVNUX1BBUlRORVJfVVVJRAogICAgdmFsdWU6ICI0MzFjYWM0OCIKCiAgICAjIElkZW50aWZ5aW5nIFBheWtpdCBpbiBBZnJpc2VuZAogIC0gbmFtZTogUEFZS0lUX1BBUlRORVJfQ09ERQogICAgdmFsdWU6ICI2Mzc4OTJjYjQzMDBlMDIwZThmMWQzZmYiCgogIC0gbmFtZTogUEFSVE5FUl9NT0JJTEVfSEFLSUtJU0hBX1NFUlZJQ0UKICAgIHZhbHVlOiAiNjQyZTdhN2ZiYjBiYWM0OTZiMzJhZGU5IgogIC0gbmFtZTogUEFSVE5FUl9CQU5LX0JBTktfU0VORF9TRVJWSUNFCiAgICB2YWx1ZTogIjY0MzY3ODg2N2M2MGZjMmE3NDA5MzJkZSIKICAtIG5hbWU6IFBBUlRORVJfQkFOS19IQUtJS0lTSEFfU0VSVklDRQogICAgdmFsdWU6ICI2NDM2NjkxZDJkOWUxMjMzM2UzZDJhNTIiCiAgLSBuYW1lOiBJUFNMX1BBUlRORVJfQ09ERQogICAgdmFsdWU6ICI2M2Y0YzgzZDBkOGQwYWNiMDk1ZDUxYzgiCiAgLSBuYW1lOiBNRVRBTUFQX0FNTF9HRVRfVE9LRU5fVVJMCiAgICB2YWx1ZTogImh0dHBzOi8vYXBpLmdldG1hdGkuY29tL29hdXRoIgogIC0gbmFtZTogTUZTX0FDX0NISwogICAgdmFsdWU6ICI2M2Y2MGI2NzY5N2FiZjk5ZmFlMDZhMTUiCiAgLSBuYW1lOiBNRVRBTUFQX0FNTF9MSVNUX1VSTAogICAgdmFsdWU6ICJodHRwczovL2FwaS5nZXRtYXRpLmNvbS9zYWZldHkvdjEvY2hlY2tzL2NvbXBseS1hZHZhbnRhZ2UiCiAgLSBuYW1lOiBQQVJUTkVSX01PQklMRV9TRU5EX1NFUlZJQ0UKICAgIHZhbHVlOiAiNTQ0ZGY1MmFjMGUxNGEwZWQ4Y2Y2MDQwIgoKICAgICMgUmVzb3VyY2UgZmlsZSBsaW1pdHMKICAtIG5hbWU6IE1FTU9SWV9MSU1JVAogICAgdmFsdWU6ICI1MTJNIgoKc2VjcmV0czoKICAtIEFQUF9LRVkKICAtIE1FTUJFUkNIRUNLX0FQSV9LRVkKICAtIEpXVF9TRUNSRVQKICAtIEFGUklTRU5EX0lNVF9HV19BUFBfS0VZCiAgLSBBRlJJU0VORF9JTVRfR1dfQVBQX1NFQ1JFVAogIC0gVEVSUkFQQVlfUEFSVE5FUl9TRUNSRVQKICAtIE9GQUNfU1VCU0NSSVBUSU9OX0tFWQogIC0gSUZBU1RfT0JfUEFSVE5FUl9TRUNSRVQKICAtIE1GU19QQVJUTkVSX1NFQ1JFVAoKcmVxdWlyZXM6CiAgLSBteXNxbAogIC0gcmVkaXMKICAtIHJhYmJpdG1xCgpqb2JzOgogIHN5bmMtcGF5b3V0LWRhdGE6CiAgICBjb21tYW5kOiBbInBocCIsICJhcnRpc2FuIiwgImlmYXN0OnN5bmMtcGF5b3V0LWRhdGEiXQoK",
            "content_base64sha512": "fMBl2gMs2J8isXy97TJdAHT8scGekxYZ+tnA5FlSa4TVW5/yPd9mw0WoQz6UP2WkHPMajRi51jznsZaE+O2bhA==",
            "content_disposition": null,
            "content_encoding": null,
            "content_hexsha512": "7cc065da032cd89f22b17cbded325d0074fcb1c19e931619fad9c0e459526b84d55b9ff23ddf66c345a8433e943f65a41cf31a8d18b9d63ce7b19684f8ed9b84",
            "content_language": null,
            "content_type": null,
            "crc32c": null,
            "customer_encryption": null,
            "detect_md5hash": null,
            "event_based_hold": null,
            "force_empty_content_type": null,
            "generation": null,
            "id": "management-b6d6-values-development/afrisend/gateway.yaml",
            "kms_key_name": null,
            "md5hash": null,
            "md5hexhash": null,
            "media_link": null,
            "metadata": null,
            "name": "development/afrisend/gateway.yaml",
            "output_name": null,
            "retention": null,
            "self_link": null,
            "source": null,
            "source_md5hash": null,
            "storage_class": null,
            "temporary_hold": null
          },
          "sensitive_attributes": [],
          "identity_schema_version": 0
        }
      ]
    },
    {
      "mode": "data",
      "type": "google_storage_bucket_objects",
      "name": "application_services",
      "provider": "provider[\"registry.terraform.io/hashicorp/google\"]",
      "instances": [
        {
          "schema_version": 0,
          "attributes": {
            "bucket": "management-b6d6-values",
            "bucket_objects": [
              {
                "content_type": "application/octet-stream",
                "media_link": "https://storage.googleapis.com/download/storage/v1/b/management-b6d6-values/o/development%2Fafrisend%2Fapp.yaml?generation=1763020111262835\u0026alt=media",
                "name": "development/afrisend/app.yaml",
                "self_link": "https://www.googleapis.com/storage/v1/b/management-b6d6-values/o/development%2Fafrisend%2Fapp.yaml",
                "storage_class": "STANDARD"
              },
              {
                "content_type": "application/octet-stream",
                "media_link": "https://storage.googleapis.com/download/storage/v1/b/management-b6d6-values/o/development%2Fafrisend%2Fcompliancewire.yaml?generation=1764766166327040\u0026alt=media",
                "name": "development/afrisend/compliancewire.yaml",
                "self_link": "https://www.googleapis.com/storage/v1/b/management-b6d6-values/o/development%2Fafrisend%2Fcompliancewire.yaml",
                "storage_class": "STANDARD"
              },
              {
                "content_type": "application/octet-stream",
                "media_link": "https://storage.googleapis.com/download/storage/v1/b/management-b6d6-values/o/development%2Fafrisend%2Fconsumer-engine.yaml?generation=1763560253068147\u0026alt=media",
                "name": "development/afrisend/consumer-engine.yaml",
                "self_link": "https://www.googleapis.com/storage/v1/b/management-b6d6-values/o/development%2Fafrisend%2Fconsumer-engine.yaml",
                "storage_class": "STANDARD"
              },
              {
                "content_type": "application/octet-stream",
                "media_link": "https://storage.googleapis.com/download/storage/v1/b/management-b6d6-values/o/development%2Fafrisend%2Fcqc.yaml?generation=1763556494892735\u0026alt=media",
                "name": "development/afrisend/cqc.yaml",
                "self_link": "https://www.googleapis.com/storage/v1/b/management-b6d6-values/o/development%2Fafrisend%2Fcqc.yaml",
                "storage_class": "STANDARD"
              },
              {
                "content_type": "application/octet-stream",
                "media_link": "https://storage.googleapis.com/download/storage/v1/b/management-b6d6-values/o/development%2Fafrisend%2Fgateway.yaml?generation=1764764880884494\u0026alt=media",
                "name": "development/afrisend/gateway.yaml",
                "self_link": "https://www.googleapis.com/storage/v1/b/management-b6d6-values/o/development%2Fafrisend%2Fgateway.yaml",
                "storage_class": "STANDARD"
              }
            ],
            "id": "management-b6d6-values",
            "match_glob": "development/afrisend/*.yaml",
            "prefix": null
          },
          "sensitive_attributes": [],
          "identity_schema_version": 0
        }
      ]
    },
    {
      "mode": "data",
      "type": "terraform_remote_state",
      "name": "core",
      "provider": "provider[\"terraform.io/builtin/terraform\"]",
      "instances": [
        {
          "schema_version": 0,
          "attributes": {
            "backend": "gcs",
            "config": {
              "value": {
                "bucket": "management-b6d6-tfstate",
                "prefix": "development/core"
              },
              "type": [
                "object",
                {
                  "bucket": "string",
                  "prefix": "string"
                }
              ]
            },
            "defaults": null,
            "outputs": {
              "value": {
                "project_id": "development-30af"
              },
              "type": [
                "object",
                {
                  "project_id": "string"
                }
              ]
            },
            "workspace": null
          },
          "sensitive_attributes": [],
          "identity_schema_version": 0
        }
      ]
    },
    {
      "mode": "data",
      "type": "terraform_remote_state",
      "name": "infra",
      "provider": "provider[\"terraform.io/builtin/terraform\"]",
      "instances": [
        {
          "schema_version": 0,
          "attributes": {
            "backend": "gcs",
            "config": {
              "value": {
                "bucket": "management-b6d6-tfstate",
                "prefix": "development/infra"
              },
              "type": [
                "object",
                {
                  "bucket": "string",
                  "prefix": "string"
                }
              ]
            },
            "defaults": null,
            "outputs": {
              "value": {
                "gke_cluster": {
                  "name": "europe-west1",
                  "region": "europe-west1"
                },
                "gke_network": {
                  "id": "projects/development-30af/global/networks/gke-europe-west1",
                  "name": "gke-europe-west1"
                },
                "gke_pod_cidr": "10.2.64.0/18",
                "gke_svc_cidr": "10.2.128.0/20"
              },
              "type": [
                "object",
                {
                  "gke_cluster": [
                    "object",
                    {
                      "name": "string",
                      "region": "string"
                    }
                  ],
                  "gke_network": [
                    "object",
                    {
                      "id": "string",
                      "name": "string"
                    }
                  ],
                  "gke_pod_cidr": "string",
                  "gke_svc_cidr": "string"
                }
              ]
            },
            "workspace": null
          },
          "sensitive_attributes": [],
          "identity_schema_version": 0
        }
      ]
    },
    {
      "mode": "data",
      "type": "terraform_remote_state",
      "name": "management",
      "provider": "provider[\"terraform.io/builtin/terraform\"]",
      "instances": [
        {
          "schema_version": 0,
          "attributes": {
            "backend": "gcs",
            "config": {
              "value": {
                "bucket": "management-b6d6-tfstate",
                "prefix": "management"
              },
              "type": [
                "object",
                {
                  "bucket": "string",
                  "prefix": "string"
                }
              ]
            },
            "defaults": null,
            "outputs": {
              "value": {
                "ci_iam_member": "principalSet://iam.googleapis.com/projects/155168468510/locations/global/workloadIdentityPools/github/*",
                "dns_zones": {
                  "roamtech.whitemire-technologies.com": {
                    "cloud_logging_config": [
                      {
                        "enable_logging": false
                      }
                    ],
                    "creation_time": "2025-07-29T14:45:23.987Z",
                    "description": "Managed by Terraform",
                    "dns_name": "roamtech.whitemire-technologies.com.",
                    "dnssec_config": [],
                    "effective_labels": {
                      "goog-terraform-provisioned": "true"
                    },
                    "force_destroy": false,
                    "forwarding_config": [],
                    "id": "projects/management-b6d6/managedZones/roamtech-whitemire-technologies-com",
                    "labels": {},
                    "managed_zone_id": 691074989979279155,
                    "name": "roamtech-whitemire-technologies-com",
                    "name_servers": [
                      "ns-cloud-d1.googledomains.com.",
                      "ns-cloud-d2.googledomains.com.",
                      "ns-cloud-d3.googledomains.com.",
                      "ns-cloud-d4.googledomains.com."
                    ],
                    "peering_config": [],
                    "private_visibility_config": [],
                    "project": "management-b6d6",
                    "terraform_labels": {
                      "goog-terraform-provisioned": "true"
                    },
                    "timeouts": null,
                    "visibility": "public"
                  }
                },
                "docker_gars": {
                  "adenzo": {
                    "location": "europe-west1",
                    "name": "adenzo",
                    "project_id": "management-b6d6"
                  },
                  "emalify": {
                    "location": "europe-west1",
                    "name": "emalify",
                    "project_id": "management-b6d6"
                  },
                  "imt": {
                    "location": "europe-west1",
                    "name": "imt",
                    "project_id": "management-b6d6"
                  },
                  "payments": {
                    "location": "europe-west1",
                    "name": "payments",
                    "project_id": "management-b6d6"
                  },
                  "test": {
                    "location": "europe-west1",
                    "name": "test",
                    "project_id": "management-b6d6"
                  }
                },
                "gh_actions_cluster": {
                  "name": "gh-actions",
                  "region": "europe-west1"
                },
                "vpn_address": "34.22.227.147"
              },
              "type": [
                "object",
                {
                  "ci_iam_member": "string",
                  "dns_zones": [
                    "object",
                    {
                      "roamtech.whitemire-technologies.com": [
                        "object",
                        {
                          "cloud_logging_config": [
                            "list",
                            [
                              "object",
                              {
                                "enable_logging": "bool"
                              }
                            ]
                          ],
                          "creation_time": "string",
                          "description": "string",
                          "dns_name": "string",
                          "dnssec_config": [
                            "list",
                            [
                              "object",
                              {
                                "default_key_specs": [
                                  "list",
                                  [
                                    "object",
                                    {
                                      "algorithm": "string",
                                      "key_length": "number",
                                      "key_type": "string",
                                      "kind": "string"
                                    }
                                  ]
                                ],
                                "kind": "string",
                                "non_existence": "string",
                                "state": "string"
                              }
                            ]
                          ],
                          "effective_labels": [
                            "map",
                            "string"
                          ],
                          "force_destroy": "bool",
                          "forwarding_config": [
                            "list",
                            [
                              "object",
                              {
                                "target_name_servers": [
                                  "set",
                                  [
                                    "object",
                                    {
                                      "domain_name": "string",
                                      "forwarding_path": "string",
                                      "ipv4_address": "string"
                                    }
                                  ]
                                ]
                              }
                            ]
                          ],
                          "id": "string",
                          "labels": [
                            "map",
                            "string"
                          ],
                          "managed_zone_id": "number",
                          "name": "string",
                          "name_servers": [
                            "list",
                            "string"
                          ],
                          "peering_config": [
                            "list",
                            [
                              "object",
                              {
                                "target_network": [
                                  "list",
                                  [
                                    "object",
                                    {
                                      "network_url": "string"
                                    }
                                  ]
                                ]
                              }
                            ]
                          ],
                          "private_visibility_config": [
                            "list",
                            [
                              "object",
                              {
                                "gke_clusters": [
                                  "list",
                                  [
                                    "object",
                                    {
                                      "gke_cluster_name": "string"
                                    }
                                  ]
                                ],
                                "networks": [
                                  "set",
                                  [
                                    "object",
                                    {
                                      "network_url": "string"
                                    }
                                  ]
                                ]
                              }
                            ]
                          ],
                          "project": "string",
                          "terraform_labels": [
                            "map",
                            "string"
                          ],
                          "timeouts": [
                            "object",
                            {
                              "create": "string",
                              "delete": "string",
                              "update": "string"
                            }
                          ],
                          "visibility": "string"
                        }
                      ]
                    }
                  ],
                  "docker_gars": [
                    "object",
                    {
                      "adenzo": [
                        "object",
                        {
                          "location": "string",
                          "name": "string",
                          "project_id": "string"
                        }
                      ],
                      "emalify": [
                        "object",
                        {
                          "location": "string",
                          "name": "string",
                          "project_id": "string"
                        }
                      ],
                      "imt": [
                        "object",
                        {
                          "location": "string",
                          "name": "string",
                          "project_id": "string"
                        }
                      ],
                      "payments": [
                        "object",
                        {
                          "location": "string",
                          "name": "string",
                          "project_id": "string"
                        }
                      ],
                      "test": [
                        "object",
                        {
                          "location": "string",
                          "name": "string",
                          "project_id": "string"
                        }
                      ]
                    }
                  ],
                  "gh_actions_cluster": [
                    "object",
                    {
                      "name": "string",
                      "region": "string"
                    }
                  ],
                  "vpn_address": "string"
                }
              ]
            },
            "workspace": null
          },
          "sensitive_attributes": [],
          "identity_schema_version": 0
        }
      ]
    },
    {
      "mode": "managed",
      "type": "google_compute_global_address",
      "name": "default",
      "provider": "provider[\"registry.terraform.io/hashicorp/google\"]",
      "instances": [
        {
          "index_key": 0,
          "schema_version": 0,
          "attributes": {
            "address": "34.98.86.232",
            "address_type": "EXTERNAL",
            "creation_timestamp": "2025-11-12T23:49:01.880-08:00",
            "description": "",
            "effective_labels": {
              "goog-terraform-provisioned": "true"
            },
            "id": "projects/development-30af/global/addresses/afrisend",
            "ip_version": "",
            "label_fingerprint": "vezUS-42LLM=",
            "labels": {},
            "name": "afrisend",
            "network": "",
            "prefix_length": 0,
            "project": "development-30af",
            "purpose": "",
            "self_link": "https://www.googleapis.com/compute/v1/projects/development-30af/global/addresses/afrisend",
            "terraform_labels": {
              "goog-terraform-provisioned": "true"
            },
            "timeouts": null
          },
          "sensitive_attributes": [],
          "identity_schema_version": 0,
          "private": "eyJlMmJmYjczMC1lY2FhLTExZTYtOGY4OC0zNDM2M2JjN2M0YzAiOnsiY3JlYXRlIjoxMjAwMDAwMDAwMDAwLCJkZWxldGUiOjEyMDAwMDAwMDAwMDAsInVwZGF0ZSI6MTIwMDAwMDAwMDAwMH19",
          "dependencies": [
            "data.google_storage_bucket_object_content.application_service_values",
            "data.google_storage_bucket_objects.application_services",
            "data.terraform_remote_state.core"
          ]
        }
      ]
    },
    {
      "mode": "managed",
      "type": "google_compute_security_policy",
      "name": "default",
      "provider": "provider[\"registry.terraform.io/hashicorp/google\"]",
      "instances": [
        {
          "schema_version": 0,
          "attributes": {
            "adaptive_protection_config": [],
            "advanced_options_config": [],
            "description": "",
            "fingerprint": "kYBpVESr_-M=",
            "id": "projects/development-30af/global/securityPolicies/afrisend",
            "name": "afrisend",
            "project": "development-30af",
            "recaptcha_options_config": [],
            "rule": [
              {
                "action": "allow",
                "description": "Allow custom CIDR ranges",
                "header_action": [],
                "match": [
                  {
                    "config": [
                      {
                        "src_ip_ranges": [
                          "197.232.33.60/32",
                          "197.248.97.137/32",
                          "3.109.39.95/32",
                          "34.22.227.147/32",
                          "41.139.128.197/32"
                        ]
                      }
                    ],
                    "expr": [],
                    "expr_options": [],
                    "versioned_expr": "SRC_IPS_V1"
                  }
                ],
                "preconfigured_waf_config": [],
                "preview": false,
                "priority": 2,
                "rate_limit_options": [],
                "redirect_options": []
              },
              {
                "action": "deny(403)",
                "description": "Default deny rule",
                "header_action": [],
                "match": [
                  {
                    "config": [
                      {
                        "src_ip_ranges": [
                          "*"
                        ]
                      }
                    ],
                    "expr": [],
                    "expr_options": [],
                    "versioned_expr": "SRC_IPS_V1"
                  }
                ],
                "preconfigured_waf_config": [],
                "preview": false,
                "priority": 2147483647,
                "rate_limit_options": [],
                "redirect_options": []
              }
            ],
            "self_link": "https://www.googleapis.com/compute/v1/projects/development-30af/global/securityPolicies/afrisend",
            "timeouts": null,
            "type": "CLOUD_ARMOR"
          },
          "sensitive_attributes": [],
          "identity_schema_version": 0,
          "private": "eyJlMmJmYjczMC1lY2FhLTExZTYtOGY4OC0zNDM2M2JjN2M0YzAiOnsiY3JlYXRlIjoxODAwMDAwMDAwMDAwLCJkZWxldGUiOjE4MDAwMDAwMDAwMDAsInVwZGF0ZSI6MTgwMDAwMDAwMDAwMH19",
          "dependencies": [
            "data.terraform_remote_state.core",
            "data.terraform_remote_state.management"
          ]
        }
      ]
    },
    {
      "mode": "managed",
      "type": "google_compute_security_policy",
      "name": "restricted_services",
      "provider": "provider[\"registry.terraform.io/hashicorp/google\"]",
      "instances": [
        {
          "index_key": "gateway",
          "schema_version": 0,
          "attributes": {
            "adaptive_protection_config": [],
            "advanced_options_config": [],
            "description": "",
            "fingerprint": "GzlE8lEb11w=",
            "id": "projects/development-30af/global/securityPolicies/afrisend-gateway",
            "name": "afrisend-gateway",
            "project": "development-30af",
            "recaptcha_options_config": [],
            "rule": [
              {
                "action": "allow",
                "description": "Allow codepoint CIDR ranges",
                "header_action": [],
                "match": [
                  {
                    "config": [
                      {
                        "src_ip_ranges": [
                          "168.187.187.82/32",
                          "168.187.217.69/32",
                          "62.215.161.67/32",
                          "62.215.31.11/32",
                          "62.215.31.13/32",
                          "62.215.31.5/32"
                        ]
                      }
                    ],
                    "expr": [],
                    "expr_options": [],
                    "versioned_expr": "SRC_IPS_V1"
                  }
                ],
                "preconfigured_waf_config": [],
                "preview": false,
                "priority": 3,
                "rate_limit_options": [],
                "redirect_options": []
              },
              {
                "action": "allow",
                "description": "Allow codepoint_dev CIDR ranges",
                "header_action": [],
                "match": [
                  {
                    "config": [
                      {
                        "src_ip_ranges": [
                          "117.221.70.75/32",
                          "202.164.154.212/32"
                        ]
                      }
                    ],
                    "expr": [],
                    "expr_options": [],
                    "versioned_expr": "SRC_IPS_V1"
                  }
                ],
                "preconfigured_waf_config": [],
                "preview": false,
                "priority": 4,
                "rate_limit_options": [],
                "redirect_options": []
              },
              {
                "action": "allow",
                "description": "Allow codepoint_uat CIDR ranges",
                "header_action": [],
                "match": [
                  {
                    "config": [
                      {
                        "src_ip_ranges": [
                          "3.109.39.95/32"
                        ]
                      }
                    ],
                    "expr": [],
                    "expr_options": [],
                    "versioned_expr": "SRC_IPS_V1"
                  }
                ],
                "preconfigured_waf_config": [],
                "preview": false,
                "priority": 5,
                "rate_limit_options": [],
                "redirect_options": []
              },
              {
                "action": "allow",
                "description": "Allow custom CIDR ranges",
                "header_action": [],
                "match": [
                  {
                    "config": [
                      {
                        "src_ip_ranges": [
                          "197.232.33.60/32",
                          "197.248.97.137/32",
                          "3.109.39.95/32",
                          "34.22.227.147/32",
                          "41.139.128.197/32"
                        ]
                      }
                    ],
                    "expr": [],
                    "expr_options": [],
                    "versioned_expr": "SRC_IPS_V1"
                  }
                ],
                "preconfigured_waf_config": [],
                "preview": false,
                "priority": 2,
                "rate_limit_options": [],
                "redirect_options": []
              },
              {
                "action": "deny(403)",
                "description": "Default deny rule",
                "header_action": [],
                "match": [
                  {
                    "config": [
                      {
                        "src_ip_ranges": [
                          "*"
                        ]
                      }
                    ],
                    "expr": [],
                    "expr_options": [],
                    "versioned_expr": "SRC_IPS_V1"
                  }
                ],
                "preconfigured_waf_config": [],
                "preview": false,
                "priority": 2147483647,
                "rate_limit_options": [],
                "redirect_options": []
              }
            ],
            "self_link": "https://www.googleapis.com/compute/v1/projects/development-30af/global/securityPolicies/afrisend-gateway",
            "timeouts": null,
            "type": "CLOUD_ARMOR"
          },
          "sensitive_attributes": [],
          "identity_schema_version": 0,
          "private": "eyJlMmJmYjczMC1lY2FhLTExZTYtOGY4OC0zNDM2M2JjN2M0YzAiOnsiY3JlYXRlIjoxODAwMDAwMDAwMDAwLCJkZWxldGUiOjE4MDAwMDAwMDAwMDAsInVwZGF0ZSI6MTgwMDAwMDAwMDAwMH19",
          "dependencies": [
            "data.google_storage_bucket_object_content.application_service_values",
            "data.google_storage_bucket_objects.application_services",
            "data.terraform_remote_state.core",
            "data.terraform_remote_state.management"
          ]
        }
      ]
    },
    {
      "mode": "managed",
      "type": "google_dns_record_set",
      "name": "default",
      "provider": "provider[\"registry.terraform.io/hashicorp/google\"]",
      "instances": [
        {
          "index_key": "app",
          "schema_version": 0,
          "attributes": {
            "id": "projects/management-b6d6/managedZones/afrisend-com/rrsets/app.development.afrisend.com./A",
            "managed_zone": "afrisend-com",
            "name": "app.development.afrisend.com.",
            "project": "management-b6d6",
            "routing_policy": [],
            "rrdatas": [
              "34.98.86.232"
            ],
            "ttl": 300,
            "type": "A"
          },
          "sensitive_attributes": [],
          "identity_schema_version": 0,
          "private": "bnVsbA==",
          "dependencies": [
            "data.google_storage_bucket_object_content.application_service_values",
            "data.google_storage_bucket_objects.application_services",
            "data.terraform_remote_state.core",
            "google_compute_global_address.default"
          ]
        },
        {
          "index_key": "gateway",
          "schema_version": 0,
          "attributes": {
            "id": "projects/management-b6d6/managedZones/afrisend-com/rrsets/gateway.development.afrisend.com./A",
            "managed_zone": "afrisend-com",
            "name": "gateway.development.afrisend.com.",
            "project": "management-b6d6",
            "routing_policy": [],
            "rrdatas": [
              "34.98.86.232"
            ],
            "ttl": 300,
            "type": "A"
          },
          "sensitive_attributes": [],
          "identity_schema_version": 0,
          "private": "bnVsbA==",
          "dependencies": [
            "data.google_storage_bucket_object_content.application_service_values",
            "data.google_storage_bucket_objects.application_services",
            "data.terraform_remote_state.core",
            "google_compute_global_address.default"
          ]
        }
      ]
    },
    {
      "mode": "managed",
      "type": "google_project_iam_member",
      "name": "cloudsql_viewer",
      "provider": "provider[\"registry.terraform.io/hashicorp/google\"]",
      "instances": [
        {
          "index_key": "user:jennifer.wairimu@roamtech.com",
          "schema_version": 0,
          "attributes": {
            "condition": [],
            "etag": "BwZFDHCvSMI=",
            "id": "development-30af/roles/cloudsql.viewer/user:jennifer.wairimu@roamtech.com",
            "member": "user:jennifer.wairimu@roamtech.com",
            "project": "development-30af",
            "role": "roles/cloudsql.viewer"
          },
          "sensitive_attributes": [],
          "identity_schema_version": 0,
          "private": "bnVsbA==",
          "dependencies": [
            "data.terraform_remote_state.core"
          ]
        },
        {
          "index_key": "user:vanessa.chilumo@roamtech.com",
          "schema_version": 0,
          "attributes": {
            "condition": [],
            "etag": "BwZFDHCvSMI=",
            "id": "development-30af/roles/cloudsql.viewer/user:vanessa.chilumo@roamtech.com",
            "member": "user:vanessa.chilumo@roamtech.com",
            "project": "development-30af",
            "role": "roles/cloudsql.viewer"
          },
          "sensitive_attributes": [],
          "identity_schema_version": 0,
          "private": "bnVsbA==",
          "dependencies": [
            "data.terraform_remote_state.core"
          ]
        }
      ]
    },
    {
      "mode": "managed",
      "type": "google_project_iam_member",
      "name": "compute_instance_admin",
      "provider": "provider[\"registry.terraform.io/hashicorp/google\"]",
      "instances": [
        {
          "index_key": "user:jennifer.wairimu@roamtech.com",
          "schema_version": 0,
          "attributes": {
            "condition": [],
            "etag": "BwZFDHCvSMI=",
            "id": "development-30af/roles/compute.instanceAdmin/user:jennifer.wairimu@roamtech.com",
            "member": "user:jennifer.wairimu@roamtech.com",
            "project": "development-30af",
            "role": "roles/compute.instanceAdmin"
          },
          "sensitive_attributes": [],
          "identity_schema_version": 0,
          "private": "bnVsbA==",
          "dependencies": [
            "data.terraform_remote_state.core"
          ]
        },
        {
          "index_key": "user:vanessa.chilumo@roamtech.com",
          "schema_version": 0,
          "attributes": {
            "condition": [],
            "etag": "BwZFDHCvSMI=",
            "id": "development-30af/roles/compute.instanceAdmin/user:vanessa.chilumo@roamtech.com",
            "member": "user:vanessa.chilumo@roamtech.com",
            "project": "development-30af",
            "role": "roles/compute.instanceAdmin"
          },
          "sensitive_attributes": [],
          "identity_schema_version": 0,
          "private": "bnVsbA==",
          "dependencies": [
            "data.terraform_remote_state.core"
          ]
        }
      ]
    },
    {
      "mode": "managed",
      "type": "google_project_iam_member",
      "name": "container_developer",
      "provider": "provider[\"registry.terraform.io/hashicorp/google\"]",
      "instances": [
        {
          "index_key": "user:jennifer.wairimu@roamtech.com",
          "schema_version": 0,
          "attributes": {
            "condition": [],
            "etag": "BwZFDHCvSMI=",
            "id": "development-30af/roles/container.developer/user:jennifer.wairimu@roamtech.com",
            "member": "user:jennifer.wairimu@roamtech.com",
            "project": "development-30af",
            "role": "roles/container.developer"
          },
          "sensitive_attributes": [],
          "identity_schema_version": 0,
          "private": "bnVsbA==",
          "dependencies": [
            "data.terraform_remote_state.core"
          ]
        },
        {
          "index_key": "user:vanessa.chilumo@roamtech.com",
          "schema_version": 0,
          "attributes": {
            "condition": [],
            "etag": "BwZFDHCvSMI=",
            "id": "development-30af/roles/container.developer/user:vanessa.chilumo@roamtech.com",
            "member": "user:vanessa.chilumo@roamtech.com",
            "project": "development-30af",
            "role": "roles/container.developer"
          },
          "sensitive_attributes": [],
          "identity_schema_version": 0,
          "private": "bnVsbA==",
          "dependencies": [
            "data.terraform_remote_state.core"
          ]
        }
      ]
    },
    {
      "mode": "managed",
      "type": "google_project_iam_member",
      "name": "external_secrets",
      "provider": "provider[\"registry.terraform.io/hashicorp/google\"]",
      "instances": [
        {
          "schema_version": 0,
          "attributes": {
            "condition": [],
            "etag": "BwZFDHCvSMI=",
            "id": "development-30af/roles/secretmanager.admin/serviceAccount:es-afrisend@development-30af.iam.gserviceaccount.com",
            "member": "serviceAccount:es-afrisend@development-30af.iam.gserviceaccount.com",
            "project": "development-30af",
            "role": "roles/secretmanager.admin"
          },
          "sensitive_attributes": [],
          "identity_schema_version": 0,
          "private": "bnVsbA==",
          "dependencies": [
            "data.terraform_remote_state.core",
            "google_service_account.external_secrets"
          ]
        }
      ]
    },
    {
      "mode": "managed",
      "type": "google_project_iam_member",
      "name": "logging_viewer",
      "provider": "provider[\"registry.terraform.io/hashicorp/google\"]",
      "instances": [
        {
          "index_key": "user:jennifer.wairimu@roamtech.com",
          "schema_version": 0,
          "attributes": {
            "condition": [],
            "etag": "BwZFDHCvSMI=",
            "id": "development-30af/roles/logging.viewer/user:jennifer.wairimu@roamtech.com",
            "member": "user:jennifer.wairimu@roamtech.com",
            "project": "development-30af",
            "role": "roles/logging.viewer"
          },
          "sensitive_attributes": [],
          "identity_schema_version": 0,
          "private": "bnVsbA==",
          "dependencies": [
            "data.terraform_remote_state.core"
          ]
        },
        {
          "index_key": "user:vanessa.chilumo@roamtech.com",
          "schema_version": 0,
          "attributes": {
            "condition": [],
            "etag": "BwZFDHCvSMI=",
            "id": "development-30af/roles/logging.viewer/user:vanessa.chilumo@roamtech.com",
            "member": "user:vanessa.chilumo@roamtech.com",
            "project": "development-30af",
            "role": "roles/logging.viewer"
          },
          "sensitive_attributes": [],
          "identity_schema_version": 0,
          "private": "bnVsbA==",
          "dependencies": [
            "data.terraform_remote_state.core"
          ]
        }
      ]
    },
    {
      "mode": "managed",
      "type": "google_project_iam_member",
      "name": "sa_user",
      "provider": "provider[\"registry.terraform.io/hashicorp/google\"]",
      "instances": [
        {
          "index_key": "user:jennifer.wairimu@roamtech.com",
          "schema_version": 0,
          "attributes": {
            "condition": [],
            "etag": "BwZFDHCvSMI=",
            "id": "development-30af/roles/iam.serviceAccountUser/user:jennifer.wairimu@roamtech.com",
            "member": "user:jennifer.wairimu@roamtech.com",
            "project": "development-30af",
            "role": "roles/iam.serviceAccountUser"
          },
          "sensitive_attributes": [],
          "identity_schema_version": 0,
          "private": "bnVsbA==",
          "dependencies": [
            "data.terraform_remote_state.core"
          ]
        },
        {
          "index_key": "user:vanessa.chilumo@roamtech.com",
          "schema_version": 0,
          "attributes": {
            "condition": [],
            "etag": "BwZFDHCvSMI=",
            "id": "development-30af/roles/iam.serviceAccountUser/user:vanessa.chilumo@roamtech.com",
            "member": "user:vanessa.chilumo@roamtech.com",
            "project": "development-30af",
            "role": "roles/iam.serviceAccountUser"
          },
          "sensitive_attributes": [],
          "identity_schema_version": 0,
          "private": "bnVsbA==",
          "dependencies": [
            "data.terraform_remote_state.core"
          ]
        }
      ]
    },
    {
      "mode": "managed",
      "type": "google_project_iam_member",
      "name": "secrets_version_accessor",
      "provider": "provider[\"registry.terraform.io/hashicorp/google\"]",
      "instances": [
        {
          "index_key": "user:jennifer.wairimu@roamtech.com",
          "schema_version": 0,
          "attributes": {
            "condition": [],
            "etag": "BwZFDHCvSMI=",
            "id": "development-30af/roles/secretmanager.secretAccessor/user:jennifer.wairimu@roamtech.com",
            "member": "user:jennifer.wairimu@roamtech.com",
            "project": "development-30af",
            "role": "roles/secretmanager.secretAccessor"
          },
          "sensitive_attributes": [],
          "identity_schema_version": 0,
          "private": "bnVsbA==",
          "dependencies": [
            "data.terraform_remote_state.core"
          ]
        },
        {
          "index_key": "user:vanessa.chilumo@roamtech.com",
          "schema_version": 0,
          "attributes": {
            "condition": [],
            "etag": "BwZFDHCvSMI=",
            "id": "development-30af/roles/secretmanager.secretAccessor/user:vanessa.chilumo@roamtech.com",
            "member": "user:vanessa.chilumo@roamtech.com",
            "project": "development-30af",
            "role": "roles/secretmanager.secretAccessor"
          },
          "sensitive_attributes": [],
          "identity_schema_version": 0,
          "private": "bnVsbA==",
          "dependencies": [
            "data.terraform_remote_state.core"
          ]
        }
      ]
    },
    {
      "mode": "managed",
      "type": "google_project_iam_member",
      "name": "secrets_version_adder",
      "provider": "provider[\"registry.terraform.io/hashicorp/google\"]",
      "instances": [
        {
          "index_key": "user:jennifer.wairimu@roamtech.com",
          "schema_version": 0,
          "attributes": {
            "condition": [],
            "etag": "BwZFDHCvSMI=",
            "id": "development-30af/roles/secretmanager.secretVersionAdder/user:jennifer.wairimu@roamtech.com",
            "member": "user:jennifer.wairimu@roamtech.com",
            "project": "development-30af",
            "role": "roles/secretmanager.secretVersionAdder"
          },
          "sensitive_attributes": [],
          "identity_schema_version": 0,
          "private": "bnVsbA==",
          "dependencies": [
            "data.terraform_remote_state.core"
          ]
        },
        {
          "index_key": "user:vanessa.chilumo@roamtech.com",
          "schema_version": 0,
          "attributes": {
            "condition": [],
            "etag": "BwZFDHCvSMI=",
            "id": "development-30af/roles/secretmanager.secretVersionAdder/user:vanessa.chilumo@roamtech.com",
            "member": "user:vanessa.chilumo@roamtech.com",
            "project": "development-30af",
            "role": "roles/secretmanager.secretVersionAdder"
          },
          "sensitive_attributes": [],
          "identity_schema_version": 0,
          "private": "bnVsbA==",
          "dependencies": [
            "data.terraform_remote_state.core"
          ]
        }
      ]
    },
    {
      "mode": "managed",
      "type": "google_project_iam_member",
      "name": "secrets_viewer",
      "provider": "provider[\"registry.terraform.io/hashicorp/google\"]",
      "instances": [
        {
          "index_key": "user:jennifer.wairimu@roamtech.com",
          "schema_version": 0,
          "attributes": {
            "condition": [],
            "etag": "BwZFDHCvSMI=",
            "id": "development-30af/roles/secretmanager.viewer/user:jennifer.wairimu@roamtech.com",
            "member": "user:jennifer.wairimu@roamtech.com",
            "project": "development-30af",
            "role": "roles/secretmanager.viewer"
          },
          "sensitive_attributes": [],
          "identity_schema_version": 0,
          "private": "bnVsbA==",
          "dependencies": [
            "data.terraform_remote_state.core"
          ]
        },
        {
          "index_key": "user:vanessa.chilumo@roamtech.com",
          "schema_version": 0,
          "attributes": {
            "condition": [],
            "etag": "BwZFDHCvSMI=",
            "id": "development-30af/roles/secretmanager.viewer/user:vanessa.chilumo@roamtech.com",
            "member": "user:vanessa.chilumo@roamtech.com",
            "project": "development-30af",
            "role": "roles/secretmanager.viewer"
          },
          "sensitive_attributes": [],
          "identity_schema_version": 0,
          "private": "bnVsbA==",
          "dependencies": [
            "data.terraform_remote_state.core"
          ]
        }
      ]
    },
    {
      "mode": "managed",
      "type": "google_project_iam_member",
      "name": "ssh_iap",
      "provider": "provider[\"registry.terraform.io/hashicorp/google\"]",
      "instances": [
        {
          "index_key": "user:jennifer.wairimu@roamtech.com",
          "schema_version": 0,
          "attributes": {
            "condition": [],
            "etag": "BwZFDHCvSMI=",
            "id": "development-30af/roles/iap.tunnelResourceAccessor/user:jennifer.wairimu@roamtech.com",
            "member": "user:jennifer.wairimu@roamtech.com",
            "project": "development-30af",
            "role": "roles/iap.tunnelResourceAccessor"
          },
          "sensitive_attributes": [],
          "identity_schema_version": 0,
          "private": "bnVsbA==",
          "dependencies": [
            "data.terraform_remote_state.core"
          ]
        },
        {
          "index_key": "user:vanessa.chilumo@roamtech.com",
          "schema_version": 0,
          "attributes": {
            "condition": [],
            "etag": "BwZFDHCvSMI=",
            "id": "development-30af/roles/iap.tunnelResourceAccessor/user:vanessa.chilumo@roamtech.com",
            "member": "user:vanessa.chilumo@roamtech.com",
            "project": "development-30af",
            "role": "roles/iap.tunnelResourceAccessor"
          },
          "sensitive_attributes": [],
          "identity_schema_version": 0,
          "private": "bnVsbA==",
          "dependencies": [
            "data.terraform_remote_state.core"
          ]
        }
      ]
    },
    {
      "mode": "managed",
      "type": "google_service_account",
      "name": "external_secrets",
      "provider": "provider[\"registry.terraform.io/hashicorp/google\"]",
      "instances": [
        {
          "schema_version": 0,
          "attributes": {
            "account_id": "es-afrisend",
            "create_ignore_already_exists": null,
            "description": "",
            "disabled": false,
            "display_name": "afrisend External Secrets SA",
            "email": "es-afrisend@development-30af.iam.gserviceaccount.com",
            "id": "projects/development-30af/serviceAccounts/es-afrisend@development-30af.iam.gserviceaccount.com",
            "member": "serviceAccount:es-afrisend@development-30af.iam.gserviceaccount.com",
            "name": "projects/development-30af/serviceAccounts/es-afrisend@development-30af.iam.gserviceaccount.com",
            "project": "development-30af",
            "timeouts": null,
            "unique_id": "117021826706716370637"
          },
          "sensitive_attributes": [],
          "identity_schema_version": 0,
          "private": "eyJlMmJmYjczMC1lY2FhLTExZTYtOGY4OC0zNDM2M2JjN2M0YzAiOnsiY3JlYXRlIjozMDAwMDAwMDAwMDB9fQ==",
          "dependencies": [
            "data.terraform_remote_state.core"
          ]
        }
      ]
    },
    {
      "mode": "managed",
      "type": "google_service_account_iam_member",
      "name": "external_secrets",
      "provider": "provider[\"registry.terraform.io/hashicorp/google\"]",
      "instances": [
        {
          "schema_version": 0,
          "attributes": {
            "condition": [],
            "etag": "BwZDdR3JMjQ=",
            "id": "projects/development-30af/serviceAccounts/es-afrisend@development-30af.iam.gserviceaccount.com/roles/iam.workloadIdentityUser/serviceAccount:development-30af.svc.id.goog[afrisend/external-secrets]",
            "member": "serviceAccount:development-30af.svc.id.goog[afrisend/external-secrets]",
            "role": "roles/iam.workloadIdentityUser",
            "service_account_id": "projects/development-30af/serviceAccounts/es-afrisend@development-30af.iam.gserviceaccount.com"
          },
          "sensitive_attributes": [],
          "identity_schema_version": 0,
          "private": "bnVsbA==",
          "dependencies": [
            "data.terraform_remote_state.core",
            "google_service_account.external_secrets"
          ]
        }
      ]
    },
    {
      "module": "module.application_service[\"app\"]",
      "mode": "managed",
      "type": "google_service_account",
      "name": "default",
      "provider": "provider[\"registry.terraform.io/hashicorp/google\"]",
      "instances": [
        {
          "schema_version": 0,
          "attributes": {
            "account_id": "afrisend-app",
            "create_ignore_already_exists": null,
            "description": "",
            "disabled": false,
            "display_name": "",
            "email": "afrisend-app@development-30af.iam.gserviceaccount.com",
            "id": "projects/development-30af/serviceAccounts/afrisend-app@development-30af.iam.gserviceaccount.com",
            "member": "serviceAccount:afrisend-app@development-30af.iam.gserviceaccount.com",
            "name": "projects/development-30af/serviceAccounts/afrisend-app@development-30af.iam.gserviceaccount.com",
            "project": "development-30af",
            "timeouts": null,
            "unique_id": "110980311539962220348"
          },
          "sensitive_attributes": [],
          "identity_schema_version": 0,
          "private": "eyJlMmJmYjczMC1lY2FhLTExZTYtOGY4OC0zNDM2M2JjN2M0YzAiOnsiY3JlYXRlIjozMDAwMDAwMDAwMDB9fQ==",
          "dependencies": [
            "data.google_client_config.default",
            "data.google_compute_zones.available",
            "data.google_compute_zones.secondary",
            "data.google_container_cluster.default",
            "data.google_storage_bucket_object_content.application_service_values",
            "data.google_storage_bucket_objects.application_services",
            "data.terraform_remote_state.core",
            "data.terraform_remote_state.infra",
            "google_service_account.external_secrets",
            "helm_release.service_group",
            "module.cloudsql.google_secret_manager_secret.cert",
            "module.cloudsql.google_secret_manager_secret.default",
            "module.cloudsql.google_secret_manager_secret_version.cert",
            "module.cloudsql.google_secret_manager_secret_version.default",
            "module.cloudsql.module.cloudsql.data.google_compute_zones.available",
            "module.cloudsql.module.cloudsql.google_project_iam_member.database_integration",
            "module.cloudsql.module.cloudsql.google_sql_database.additional_databases",
            "module.cloudsql.module.cloudsql.google_sql_database.default",
            "module.cloudsql.module.cloudsql.google_sql_database_instance.default",
            "module.cloudsql.module.cloudsql.google_sql_database_instance.replicas",
            "module.cloudsql.module.cloudsql.google_sql_user.additional_users",
            "module.cloudsql.module.cloudsql.google_sql_user.default",
            "module.cloudsql.module.cloudsql.google_sql_user.iam_account",
            "module.cloudsql.module.cloudsql.null_resource.module_depends_on",
            "module.cloudsql.module.cloudsql.random_id.suffix",
            "module.cloudsql.module.cloudsql.random_password.additional_passwords",
            "module.cloudsql.module.cloudsql.random_password.user-password",
            "module.cloudsql.random_password.default",
            "module.keycloak.google_secret_manager_secret.admin",
            "module.keycloak.google_secret_manager_secret_version.admin",
            "module.keycloak.helm_release.keycloak",
            "module.keycloak.random_password.admin",
            "module.postgresql.google_secret_manager_secret.cert",
            "module.postgresql.google_secret_manager_secret.default",
            "module.postgresql.google_secret_manager_secret_version.cert",
            "module.postgresql.google_secret_manager_secret_version.default",
            "module.postgresql.module.cloudsql.data.google_compute_zones.available",
            "module.postgresql.module.cloudsql.data.google_kms_key_handle.key_handle",
            "module.postgresql.module.cloudsql.google_kms_key_handle.default",
            "module.postgresql.module.cloudsql.google_project_iam_member.database_integration",
            "module.postgresql.module.cloudsql.google_sql_database.additional_databases",
            "module.postgresql.module.cloudsql.google_sql_database.default",
            "module.postgresql.module.cloudsql.google_sql_database_instance.default",
            "module.postgresql.module.cloudsql.google_sql_database_instance.replicas",
            "module.postgresql.module.cloudsql.google_sql_user.additional_users",
            "module.postgresql.module.cloudsql.google_sql_user.default",
            "module.postgresql.module.cloudsql.google_sql_user.iam_account",
            "module.postgresql.module.cloudsql.null_resource.module_depends_on",
            "module.postgresql.module.cloudsql.random_id.suffix",
            "module.postgresql.module.cloudsql.random_password.additional_passwords",
            "module.postgresql.module.cloudsql.random_password.user-password",
            "module.postgresql.random_password.default",
            "module.redis.google_secret_manager_secret.default",
            "module.redis.google_secret_manager_secret.users",
            "module.redis.google_secret_manager_secret_version.default",
            "module.redis.google_secret_manager_secret_version.users",
            "module.redis.helm_release.redis",
            "module.redis.random_password.users"
          ]
        }
      ]
    },
    {
      "module": "module.application_service[\"app\"]",
      "mode": "managed",
      "type": "google_service_account_iam_member",
      "name": "default",
      "provider": "provider[\"registry.terraform.io/hashicorp/google\"]",
      "instances": [
        {
          "schema_version": 0,
          "attributes": {
            "condition": [],
            "etag": "BwZDdR+Ckcg=",
            "id": "projects/development-30af/serviceAccounts/afrisend-app@development-30af.iam.gserviceaccount.com/roles/iam.workloadIdentityUser/serviceAccount:development-30af.svc.id.goog[afrisend/app]",
            "member": "serviceAccount:development-30af.svc.id.goog[afrisend/app]",
            "role": "roles/iam.workloadIdentityUser",
            "service_account_id": "projects/development-30af/serviceAccounts/afrisend-app@development-30af.iam.gserviceaccount.com"
          },
          "sensitive_attributes": [],
          "identity_schema_version": 0,
          "private": "bnVsbA==",
          "dependencies": [
            "data.google_client_config.default",
            "data.google_compute_zones.available",
            "data.google_compute_zones.secondary",
            "data.google_container_cluster.default",
            "data.google_storage_bucket_object_content.application_service_values",
            "data.google_storage_bucket_objects.application_services",
            "data.terraform_remote_state.core",
            "data.terraform_remote_state.infra",
            "google_service_account.external_secrets",
            "helm_release.service_group",
            "module.application_service.google_service_account.default",
            "module.cloudsql.google_secret_manager_secret.cert",
            "module.cloudsql.google_secret_manager_secret.default",
            "module.cloudsql.google_secret_manager_secret_version.cert",
            "module.cloudsql.google_secret_manager_secret_version.default",
            "module.cloudsql.module.cloudsql.data.google_compute_zones.available",
            "module.cloudsql.module.cloudsql.google_project_iam_member.database_integration",
            "module.cloudsql.module.cloudsql.google_sql_database.additional_databases",
            "module.cloudsql.module.cloudsql.google_sql_database.default",
            "module.cloudsql.module.cloudsql.google_sql_database_instance.default",
            "module.cloudsql.module.cloudsql.google_sql_database_instance.replicas",
            "module.cloudsql.module.cloudsql.google_sql_user.additional_users",
            "module.cloudsql.module.cloudsql.google_sql_user.default",
            "module.cloudsql.module.cloudsql.google_sql_user.iam_account",
            "module.cloudsql.module.cloudsql.null_resource.module_depends_on",
            "module.cloudsql.module.cloudsql.random_id.suffix",
            "module.cloudsql.module.cloudsql.random_password.additional_passwords",
            "module.cloudsql.module.cloudsql.random_password.user-password",
            "module.cloudsql.random_password.default",
            "module.keycloak.google_secret_manager_secret.admin",
            "module.keycloak.google_secret_manager_secret_version.admin",
            "module.keycloak.helm_release.keycloak",
            "module.keycloak.random_password.admin",
            "module.postgresql.google_secret_manager_secret.cert",
            "module.postgresql.google_secret_manager_secret.default",
            "module.postgresql.google_secret_manager_secret_version.cert",
            "module.postgresql.google_secret_manager_secret_version.default",
            "module.postgresql.module.cloudsql.data.google_compute_zones.available",
            "module.postgresql.module.cloudsql.data.google_kms_key_handle.key_handle",
            "module.postgresql.module.cloudsql.google_kms_key_handle.default",
            "module.postgresql.module.cloudsql.google_project_iam_member.database_integration",
            "module.postgresql.module.cloudsql.google_sql_database.additional_databases",
            "module.postgresql.module.cloudsql.google_sql_database.default",
            "module.postgresql.module.cloudsql.google_sql_database_instance.default",
            "module.postgresql.module.cloudsql.google_sql_database_instance.replicas",
            "module.postgresql.module.cloudsql.google_sql_user.additional_users",
            "module.postgresql.module.cloudsql.google_sql_user.default",
            "module.postgresql.module.cloudsql.google_sql_user.iam_account",
            "module.postgresql.module.cloudsql.null_resource.module_depends_on",
            "module.postgresql.module.cloudsql.random_id.suffix",
            "module.postgresql.module.cloudsql.random_password.additional_passwords",
            "module.postgresql.module.cloudsql.random_password.user-password",
            "module.postgresql.random_password.default",
            "module.redis.google_secret_manager_secret.default",
            "module.redis.google_secret_manager_secret.users",
            "module.redis.google_secret_manager_secret_version.default",
            "module.redis.google_secret_manager_secret_version.users",
            "module.redis.helm_release.redis",
            "module.redis.random_password.users"
          ]
        }
      ]
    },
    {
      "module": "module.application_service[\"consumer-engine\"]",
      "mode": "managed",
      "type": "google_service_account",
      "name": "default",
      "provider": "provider[\"registry.terraform.io/hashicorp/google\"]",
      "instances": [
        {
          "schema_version": 0,
          "attributes": {
            "account_id": "afrisend-consumer-engine",
            "create_ignore_already_exists": null,
            "description": "",
            "disabled": false,
            "display_name": "",
            "email": "afrisend-consumer-engine@development-30af.iam.gserviceaccount.com",
            "id": "projects/development-30af/serviceAccounts/afrisend-consumer-engine@development-30af.iam.gserviceaccount.com",
            "member": "serviceAccount:afrisend-consumer-engine@development-30af.iam.gserviceaccount.com",
            "name": "projects/development-30af/serviceAccounts/afrisend-consumer-engine@development-30af.iam.gserviceaccount.com",
            "project": "development-30af",
            "timeouts": null,
            "unique_id": "111273032755009702376"
          },
          "sensitive_attributes": [],
          "identity_schema_version": 0,
          "private": "eyJlMmJmYjczMC1lY2FhLTExZTYtOGY4OC0zNDM2M2JjN2M0YzAiOnsiY3JlYXRlIjozMDAwMDAwMDAwMDB9fQ==",
          "dependencies": [
            "data.google_client_config.default",
            "data.google_compute_zones.available",
            "data.google_compute_zones.secondary",
            "data.google_container_cluster.default",
            "data.google_storage_bucket_object_content.application_service_values",
            "data.google_storage_bucket_objects.application_services",
            "data.terraform_remote_state.core",
            "data.terraform_remote_state.infra",
            "google_service_account.external_secrets",
            "helm_release.service_group",
            "module.cloudsql.google_secret_manager_secret.cert",
            "module.cloudsql.google_secret_manager_secret.default",
            "module.cloudsql.google_secret_manager_secret_version.cert",
            "module.cloudsql.google_secret_manager_secret_version.default",
            "module.cloudsql.module.cloudsql.data.google_compute_zones.available",
            "module.cloudsql.module.cloudsql.google_project_iam_member.database_integration",
            "module.cloudsql.module.cloudsql.google_sql_database.additional_databases",
            "module.cloudsql.module.cloudsql.google_sql_database.default",
            "module.cloudsql.module.cloudsql.google_sql_database_instance.default",
            "module.cloudsql.module.cloudsql.google_sql_database_instance.replicas",
            "module.cloudsql.module.cloudsql.google_sql_user.additional_users",
            "module.cloudsql.module.cloudsql.google_sql_user.default",
            "module.cloudsql.module.cloudsql.google_sql_user.iam_account",
            "module.cloudsql.module.cloudsql.null_resource.module_depends_on",
            "module.cloudsql.module.cloudsql.random_id.suffix",
            "module.cloudsql.module.cloudsql.random_password.additional_passwords",
            "module.cloudsql.module.cloudsql.random_password.user-password",
            "module.cloudsql.random_password.default",
            "module.keycloak.google_secret_manager_secret.admin",
            "module.keycloak.google_secret_manager_secret_version.admin",
            "module.keycloak.helm_release.keycloak",
            "module.keycloak.random_password.admin",
            "module.postgresql.google_secret_manager_secret.cert",
            "module.postgresql.google_secret_manager_secret.default",
            "module.postgresql.google_secret_manager_secret_version.cert",
            "module.postgresql.google_secret_manager_secret_version.default",
            "module.postgresql.module.cloudsql.data.google_compute_zones.available",
            "module.postgresql.module.cloudsql.data.google_kms_key_handle.key_handle",
            "module.postgresql.module.cloudsql.google_kms_key_handle.default",
            "module.postgresql.module.cloudsql.google_project_iam_member.database_integration",
            "module.postgresql.module.cloudsql.google_sql_database.additional_databases",
            "module.postgresql.module.cloudsql.google_sql_database.default",
            "module.postgresql.module.cloudsql.google_sql_database_instance.default",
            "module.postgresql.module.cloudsql.google_sql_database_instance.replicas",
            "module.postgresql.module.cloudsql.google_sql_user.additional_users",
            "module.postgresql.module.cloudsql.google_sql_user.default",
            "module.postgresql.module.cloudsql.google_sql_user.iam_account",
            "module.postgresql.module.cloudsql.null_resource.module_depends_on",
            "module.postgresql.module.cloudsql.random_id.suffix",
            "module.postgresql.module.cloudsql.random_password.additional_passwords",
            "module.postgresql.module.cloudsql.random_password.user-password",
            "module.postgresql.random_password.default",
            "module.redis.google_secret_manager_secret.default",
            "module.redis.google_secret_manager_secret.users",
            "module.redis.google_secret_manager_secret_version.default",
            "module.redis.google_secret_manager_secret_version.users",
            "module.redis.helm_release.redis",
            "module.redis.random_password.users"
          ]
        }
      ]
    },
    {
      "module": "module.application_service[\"consumer-engine\"]",
      "mode": "managed",
      "type": "google_service_account_iam_member",
      "name": "default",
      "provider": "provider[\"registry.terraform.io/hashicorp/google\"]",
      "instances": [
        {
          "schema_version": 0,
          "attributes": {
            "condition": [],
            "etag": "BwZD8opr32c=",
            "id": "projects/development-30af/serviceAccounts/afrisend-consumer-engine@development-30af.iam.gserviceaccount.com/roles/iam.workloadIdentityUser/serviceAccount:development-30af.svc.id.goog[afrisend/consumer-engine]",
            "member": "serviceAccount:development-30af.svc.id.goog[afrisend/consumer-engine]",
            "role": "roles/iam.workloadIdentityUser",
            "service_account_id": "projects/development-30af/serviceAccounts/afrisend-consumer-engine@development-30af.iam.gserviceaccount.com"
          },
          "sensitive_attributes": [],
          "identity_schema_version": 0,
          "private": "bnVsbA==",
          "dependencies": [
            "data.google_client_config.default",
            "data.google_compute_zones.available",
            "data.google_compute_zones.secondary",
            "data.google_container_cluster.default",
            "data.google_storage_bucket_object_content.application_service_values",
            "data.google_storage_bucket_objects.application_services",
            "data.terraform_remote_state.core",
            "data.terraform_remote_state.infra",
            "google_service_account.external_secrets",
            "helm_release.service_group",
            "module.application_service.google_service_account.default",
            "module.cloudsql.google_secret_manager_secret.cert",
            "module.cloudsql.google_secret_manager_secret.default",
            "module.cloudsql.google_secret_manager_secret_version.cert",
            "module.cloudsql.google_secret_manager_secret_version.default",
            "module.cloudsql.module.cloudsql.data.google_compute_zones.available",
            "module.cloudsql.module.cloudsql.google_project_iam_member.database_integration",
            "module.cloudsql.module.cloudsql.google_sql_database.additional_databases",
            "module.cloudsql.module.cloudsql.google_sql_database.default",
            "module.cloudsql.module.cloudsql.google_sql_database_instance.default",
            "module.cloudsql.module.cloudsql.google_sql_database_instance.replicas",
            "module.cloudsql.module.cloudsql.google_sql_user.additional_users",
            "module.cloudsql.module.cloudsql.google_sql_user.default",
            "module.cloudsql.module.cloudsql.google_sql_user.iam_account",
            "module.cloudsql.module.cloudsql.null_resource.module_depends_on",
            "module.cloudsql.module.cloudsql.random_id.suffix",
            "module.cloudsql.module.cloudsql.random_password.additional_passwords",
            "module.cloudsql.module.cloudsql.random_password.user-password",
            "module.cloudsql.random_password.default",
            "module.keycloak.google_secret_manager_secret.admin",
            "module.keycloak.google_secret_manager_secret_version.admin",
            "module.keycloak.helm_release.keycloak",
            "module.keycloak.random_password.admin",
            "module.postgresql.google_secret_manager_secret.cert",
            "module.postgresql.google_secret_manager_secret.default",
            "module.postgresql.google_secret_manager_secret_version.cert",
            "module.postgresql.google_secret_manager_secret_version.default",
            "module.postgresql.module.cloudsql.data.google_compute_zones.available",
            "module.postgresql.module.cloudsql.data.google_kms_key_handle.key_handle",
            "module.postgresql.module.cloudsql.google_kms_key_handle.default",
            "module.postgresql.module.cloudsql.google_project_iam_member.database_integration",
            "module.postgresql.module.cloudsql.google_sql_database.additional_databases",
            "module.postgresql.module.cloudsql.google_sql_database.default",
            "module.postgresql.module.cloudsql.google_sql_database_instance.default",
            "module.postgresql.module.cloudsql.google_sql_database_instance.replicas",
            "module.postgresql.module.cloudsql.google_sql_user.additional_users",
            "module.postgresql.module.cloudsql.google_sql_user.default",
            "module.postgresql.module.cloudsql.google_sql_user.iam_account",
            "module.postgresql.module.cloudsql.null_resource.module_depends_on",
            "module.postgresql.module.cloudsql.random_id.suffix",
            "module.postgresql.module.cloudsql.random_password.additional_passwords",
            "module.postgresql.module.cloudsql.random_password.user-password",
            "module.postgresql.random_password.default",
            "module.redis.google_secret_manager_secret.default",
            "module.redis.google_secret_manager_secret.users",
            "module.redis.google_secret_manager_secret_version.default",
            "module.redis.google_secret_manager_secret_version.users",
            "module.redis.helm_release.redis",
            "module.redis.random_password.users"
          ]
        }
      ]
    },
    {
      "module": "module.application_service[\"cqc\"]",
      "mode": "managed",
      "type": "google_service_account",
      "name": "default",
      "provider": "provider[\"registry.terraform.io/hashicorp/google\"]",
      "instances": [
        {
          "schema_version": 0,
          "attributes": {
            "account_id": "afrisend-cqc",
            "create_ignore_already_exists": null,
            "description": "",
            "disabled": false,
            "display_name": "",
            "email": "afrisend-cqc@development-30af.iam.gserviceaccount.com",
            "id": "projects/development-30af/serviceAccounts/afrisend-cqc@development-30af.iam.gserviceaccount.com",
            "member": "serviceAccount:afrisend-cqc@development-30af.iam.gserviceaccount.com",
            "name": "projects/development-30af/serviceAccounts/afrisend-cqc@development-30af.iam.gserviceaccount.com",
            "project": "development-30af",
            "timeouts": null,
            "unique_id": "114688736745340142792"
          },
          "sensitive_attributes": [],
          "identity_schema_version": 0,
          "private": "eyJlMmJmYjczMC1lY2FhLTExZTYtOGY4OC0zNDM2M2JjN2M0YzAiOnsiY3JlYXRlIjozMDAwMDAwMDAwMDB9fQ==",
          "dependencies": [
            "data.google_client_config.default",
            "data.google_compute_zones.available",
            "data.google_compute_zones.secondary",
            "data.google_container_cluster.default",
            "data.google_storage_bucket_object_content.application_service_values",
            "data.google_storage_bucket_objects.application_services",
            "data.terraform_remote_state.core",
            "data.terraform_remote_state.infra",
            "google_service_account.external_secrets",
            "helm_release.service_group",
            "module.cloudsql.google_secret_manager_secret.cert",
            "module.cloudsql.google_secret_manager_secret.default",
            "module.cloudsql.google_secret_manager_secret_version.cert",
            "module.cloudsql.google_secret_manager_secret_version.default",
            "module.cloudsql.module.cloudsql.data.google_compute_zones.available",
            "module.cloudsql.module.cloudsql.google_project_iam_member.database_integration",
            "module.cloudsql.module.cloudsql.google_sql_database.additional_databases",
            "module.cloudsql.module.cloudsql.google_sql_database.default",
            "module.cloudsql.module.cloudsql.google_sql_database_instance.default",
            "module.cloudsql.module.cloudsql.google_sql_database_instance.replicas",
            "module.cloudsql.module.cloudsql.google_sql_user.additional_users",
            "module.cloudsql.module.cloudsql.google_sql_user.default",
            "module.cloudsql.module.cloudsql.google_sql_user.iam_account",
            "module.cloudsql.module.cloudsql.null_resource.module_depends_on",
            "module.cloudsql.module.cloudsql.random_id.suffix",
            "module.cloudsql.module.cloudsql.random_password.additional_passwords",
            "module.cloudsql.module.cloudsql.random_password.user-password",
            "module.cloudsql.random_password.default",
            "module.keycloak.google_secret_manager_secret.admin",
            "module.keycloak.google_secret_manager_secret_version.admin",
            "module.keycloak.helm_release.keycloak",
            "module.keycloak.random_password.admin",
            "module.postgresql.google_secret_manager_secret.cert",
            "module.postgresql.google_secret_manager_secret.default",
            "module.postgresql.google_secret_manager_secret_version.cert",
            "module.postgresql.google_secret_manager_secret_version.default",
            "module.postgresql.module.cloudsql.data.google_compute_zones.available",
            "module.postgresql.module.cloudsql.data.google_kms_key_handle.key_handle",
            "module.postgresql.module.cloudsql.google_kms_key_handle.default",
            "module.postgresql.module.cloudsql.google_project_iam_member.database_integration",
            "module.postgresql.module.cloudsql.google_sql_database.additional_databases",
            "module.postgresql.module.cloudsql.google_sql_database.default",
            "module.postgresql.module.cloudsql.google_sql_database_instance.default",
            "module.postgresql.module.cloudsql.google_sql_database_instance.replicas",
            "module.postgresql.module.cloudsql.google_sql_user.additional_users",
            "module.postgresql.module.cloudsql.google_sql_user.default",
            "module.postgresql.module.cloudsql.google_sql_user.iam_account",
            "module.postgresql.module.cloudsql.null_resource.module_depends_on",
            "module.postgresql.module.cloudsql.random_id.suffix",
            "module.postgresql.module.cloudsql.random_password.additional_passwords",
            "module.postgresql.module.cloudsql.random_password.user-password",
            "module.postgresql.random_password.default",
            "module.redis.google_secret_manager_secret.default",
            "module.redis.google_secret_manager_secret.users",
            "module.redis.google_secret_manager_secret_version.default",
            "module.redis.google_secret_manager_secret_version.users",
            "module.redis.helm_release.redis",
            "module.redis.random_password.users"
          ]
        }
      ]
    },
    {
      "module": "module.application_service[\"cqc\"]",
      "mode": "managed",
      "type": "google_service_account_iam_member",
      "name": "default",
      "provider": "provider[\"registry.terraform.io/hashicorp/google\"]",
      "instances": [
        {
          "schema_version": 0,
          "attributes": {
            "condition": [],
            "etag": "BwZD8gCXmD0=",
            "id": "projects/development-30af/serviceAccounts/afrisend-cqc@development-30af.iam.gserviceaccount.com/roles/iam.workloadIdentityUser/serviceAccount:development-30af.svc.id.goog[afrisend/cqc]",
            "member": "serviceAccount:development-30af.svc.id.goog[afrisend/cqc]",
            "role": "roles/iam.workloadIdentityUser",
            "service_account_id": "projects/development-30af/serviceAccounts/afrisend-cqc@development-30af.iam.gserviceaccount.com"
          },
          "sensitive_attributes": [],
          "identity_schema_version": 0,
          "private": "bnVsbA==",
          "dependencies": [
            "data.google_client_config.default",
            "data.google_compute_zones.available",
            "data.google_compute_zones.secondary",
            "data.google_container_cluster.default",
            "data.google_storage_bucket_object_content.application_service_values",
            "data.google_storage_bucket_objects.application_services",
            "data.terraform_remote_state.core",
            "data.terraform_remote_state.infra",
            "google_service_account.external_secrets",
            "helm_release.service_group",
            "module.application_service.google_service_account.default",
            "module.cloudsql.google_secret_manager_secret.cert",
            "module.cloudsql.google_secret_manager_secret.default",
            "module.cloudsql.google_secret_manager_secret_version.cert",
            "module.cloudsql.google_secret_manager_secret_version.default",
            "module.cloudsql.module.cloudsql.data.google_compute_zones.available",
            "module.cloudsql.module.cloudsql.google_project_iam_member.database_integration",
            "module.cloudsql.module.cloudsql.google_sql_database.additional_databases",
            "module.cloudsql.module.cloudsql.google_sql_database.default",
            "module.cloudsql.module.cloudsql.google_sql_database_instance.default",
            "module.cloudsql.module.cloudsql.google_sql_database_instance.replicas",
            "module.cloudsql.module.cloudsql.google_sql_user.additional_users",
            "module.cloudsql.module.cloudsql.google_sql_user.default",
            "module.cloudsql.module.cloudsql.google_sql_user.iam_account",
            "module.cloudsql.module.cloudsql.null_resource.module_depends_on",
            "module.cloudsql.module.cloudsql.random_id.suffix",
            "module.cloudsql.module.cloudsql.random_password.additional_passwords",
            "module.cloudsql.module.cloudsql.random_password.user-password",
            "module.cloudsql.random_password.default",
            "module.keycloak.google_secret_manager_secret.admin",
            "module.keycloak.google_secret_manager_secret_version.admin",
            "module.keycloak.helm_release.keycloak",
            "module.keycloak.random_password.admin",
            "module.postgresql.google_secret_manager_secret.cert",
            "module.postgresql.google_secret_manager_secret.default",
            "module.postgresql.google_secret_manager_secret_version.cert",
            "module.postgresql.google_secret_manager_secret_version.default",
            "module.postgresql.module.cloudsql.data.google_compute_zones.available",
            "module.postgresql.module.cloudsql.data.google_kms_key_handle.key_handle",
            "module.postgresql.module.cloudsql.google_kms_key_handle.default",
            "module.postgresql.module.cloudsql.google_project_iam_member.database_integration",
            "module.postgresql.module.cloudsql.google_sql_database.additional_databases",
            "module.postgresql.module.cloudsql.google_sql_database.default",
            "module.postgresql.module.cloudsql.google_sql_database_instance.default",
            "module.postgresql.module.cloudsql.google_sql_database_instance.replicas",
            "module.postgresql.module.cloudsql.google_sql_user.additional_users",
            "module.postgresql.module.cloudsql.google_sql_user.default",
            "module.postgresql.module.cloudsql.google_sql_user.iam_account",
            "module.postgresql.module.cloudsql.null_resource.module_depends_on",
            "module.postgresql.module.cloudsql.random_id.suffix",
            "module.postgresql.module.cloudsql.random_password.additional_passwords",
            "module.postgresql.module.cloudsql.random_password.user-password",
            "module.postgresql.random_password.default",
            "module.redis.google_secret_manager_secret.default",
            "module.redis.google_secret_manager_secret.users",
            "module.redis.google_secret_manager_secret_version.default",
            "module.redis.google_secret_manager_secret_version.users",
            "module.redis.helm_release.redis",
            "module.redis.random_password.users"
          ]
        }
      ]
    },
    {
      "module": "module.cloudsql[0]",
      "mode": "managed",
      "type": "google_secret_manager_secret",
      "name": "cert",
      "provider": "provider[\"registry.terraform.io/hashicorp/google\"]",
      "instances": [
        {
          "schema_version": 0,
          "attributes": {
            "annotations": {},
            "create_time": "2025-12-03T12:28:26.336778Z",
            "deletion_protection": false,
            "effective_annotations": {},
            "effective_labels": {
              "goog-terraform-provisioned": "true"
            },
            "expire_time": "",
            "id": "projects/development-30af/secrets/afrisend-cloudsql-cert",
            "labels": {},
            "name": "projects/439297497310/secrets/afrisend-cloudsql-cert",
            "project": "development-30af",
            "replication": [
              {
                "auto": [
                  {
                    "customer_managed_encryption": []
                  }
                ],
                "user_managed": []
              }
            ],
            "rotation": [],
            "secret_id": "afrisend-cloudsql-cert",
            "tags": null,
            "terraform_labels": {
              "goog-terraform-provisioned": "true"
            },
            "timeouts": null,
            "topics": [],
            "ttl": null,
            "version_aliases": {},
            "version_destroy_ttl": ""
          },
          "sensitive_attributes": [],
          "identity_schema_version": 0,
          "private": "eyJlMmJmYjczMC1lY2FhLTExZTYtOGY4OC0zNDM2M2JjN2M0YzAiOnsiY3JlYXRlIjoxMjAwMDAwMDAwMDAwLCJkZWxldGUiOjEyMDAwMDAwMDAwMDAsInVwZGF0ZSI6MTIwMDAwMDAwMDAwMH19",
          "dependencies": [
            "data.google_storage_bucket_object_content.application_service_values",
            "data.google_storage_bucket_objects.application_services",
            "data.terraform_remote_state.core"
          ]
        }
      ]
    },
    {
      "module": "module.cloudsql[0]",
      "mode": "managed",
      "type": "google_secret_manager_secret",
      "name": "default",
      "provider": "provider[\"registry.terraform.io/hashicorp/google\"]",
      "instances": [
        {
          "index_key": "compliancewire",
          "schema_version": 0,
          "attributes": {
            "annotations": {},
            "create_time": "2025-12-03T13:46:31.594383Z",
            "deletion_protection": false,
            "effective_annotations": {},
            "effective_labels": {
              "goog-terraform-provisioned": "true"
            },
            "expire_time": "",
            "id": "projects/development-30af/secrets/afrisend-cloudsql-compliancewire",
            "labels": {},
            "name": "projects/439297497310/secrets/afrisend-cloudsql-compliancewire",
            "project": "development-30af",
            "replication": [
              {
                "auto": [
                  {
                    "customer_managed_encryption": []
                  }
                ],
                "user_managed": []
              }
            ],
            "rotation": [],
            "secret_id": "afrisend-cloudsql-compliancewire",
            "tags": null,
            "terraform_labels": {
              "goog-terraform-provisioned": "true"
            },
            "timeouts": null,
            "topics": [],
            "ttl": null,
            "version_aliases": {},
            "version_destroy_ttl": ""
          },
          "sensitive_attributes": [],
          "identity_schema_version": 0,
          "private": "eyJlMmJmYjczMC1lY2FhLTExZTYtOGY4OC0zNDM2M2JjN2M0YzAiOnsiY3JlYXRlIjoxMjAwMDAwMDAwMDAwLCJkZWxldGUiOjEyMDAwMDAwMDAwMDAsInVwZGF0ZSI6MTIwMDAwMDAwMDAwMH19",
          "dependencies": [
            "data.google_storage_bucket_object_content.application_service_values",
            "data.google_storage_bucket_objects.application_services",
            "data.terraform_remote_state.core",
            "module.cloudsql.random_password.default"
          ]
        },
        {
          "index_key": "gateway",
          "schema_version": 0,
          "attributes": {
            "annotations": {},
            "create_time": "2025-12-03T12:28:26.422708Z",
            "deletion_protection": false,
            "effective_annotations": {},
            "effective_labels": {
              "goog-terraform-provisioned": "true"
            },
            "expire_time": "",
            "id": "projects/development-30af/secrets/afrisend-cloudsql-gateway",
            "labels": {},
            "name": "projects/439297497310/secrets/afrisend-cloudsql-gateway",
            "project": "development-30af",
            "replication": [
              {
                "auto": [
                  {
                    "customer_managed_encryption": []
                  }
                ],
                "user_managed": []
              }
            ],
            "rotation": [],
            "secret_id": "afrisend-cloudsql-gateway",
            "tags": null,
            "terraform_labels": {
              "goog-terraform-provisioned": "true"
            },
            "timeouts": null,
            "topics": [],
            "ttl": null,
            "version_aliases": {},
            "version_destroy_ttl": ""
          },
          "sensitive_attributes": [],
          "identity_schema_version": 0,
          "private": "eyJlMmJmYjczMC1lY2FhLTExZTYtOGY4OC0zNDM2M2JjN2M0YzAiOnsiY3JlYXRlIjoxMjAwMDAwMDAwMDAwLCJkZWxldGUiOjEyMDAwMDAwMDAwMDAsInVwZGF0ZSI6MTIwMDAwMDAwMDAwMH19",
          "dependencies": [
            "data.google_storage_bucket_object_content.application_service_values",
            "data.google_storage_bucket_objects.application_services",
            "data.terraform_remote_state.core",
            "module.cloudsql.random_password.default"
          ]
        },
        {
          "index_key": "metabase",
          "schema_version": 0,
          "attributes": {
            "annotations": {},
            "create_time": "2025-12-03T12:28:26.425Z",
            "deletion_protection": false,
            "effective_annotations": {},
            "effective_labels": {
              "goog-terraform-provisioned": "true"
            },
            "expire_time": "",
            "id": "projects/development-30af/secrets/afrisend-cloudsql-metabase",
            "labels": {},
            "name": "projects/439297497310/secrets/afrisend-cloudsql-metabase",
            "project": "development-30af",
            "replication": [
              {
                "auto": [
                  {
                    "customer_managed_encryption": []
                  }
                ],
                "user_managed": []
              }
            ],
            "rotation": [],
            "secret_id": "afrisend-cloudsql-metabase",
            "tags": null,
            "terraform_labels": {
              "goog-terraform-provisioned": "true"
            },
            "timeouts": null,
            "topics": [],
            "ttl": null,
            "version_aliases": {},
            "version_destroy_ttl": ""
          },
          "sensitive_attributes": [],
          "identity_schema_version": 0,
          "private": "eyJlMmJmYjczMC1lY2FhLTExZTYtOGY4OC0zNDM2M2JjN2M0YzAiOnsiY3JlYXRlIjoxMjAwMDAwMDAwMDAwLCJkZWxldGUiOjEyMDAwMDAwMDAwMDAsInVwZGF0ZSI6MTIwMDAwMDAwMDAwMH19",
          "dependencies": [
            "data.google_storage_bucket_object_content.application_service_values",
            "data.google_storage_bucket_objects.application_services",
            "data.terraform_remote_state.core",
            "module.cloudsql.random_password.default"
          ]
        },
        {
          "index_key": "root",
          "schema_version": 0,
          "attributes": {
            "annotations": {},
            "create_time": "2025-12-03T12:28:26.415413Z",
            "deletion_protection": false,
            "effective_annotations": {},
            "effective_labels": {
              "goog-terraform-provisioned": "true"
            },
            "expire_time": "",
            "id": "projects/development-30af/secrets/afrisend-cloudsql-root",
            "labels": {},
            "name": "projects/439297497310/secrets/afrisend-cloudsql-root",
            "project": "development-30af",
            "replication": [
              {
                "auto": [
                  {
                    "customer_managed_encryption": []
                  }
                ],
                "user_managed": []
              }
            ],
            "rotation": [],
            "secret_id": "afrisend-cloudsql-root",
            "tags": null,
            "terraform_labels": {
              "goog-terraform-provisioned": "true"
            },
            "timeouts": null,
            "topics": [],
            "ttl": null,
            "version_aliases": {},
            "version_destroy_ttl": ""
          },
          "sensitive_attributes": [],
          "identity_schema_version": 0,
          "private": "eyJlMmJmYjczMC1lY2FhLTExZTYtOGY4OC0zNDM2M2JjN2M0YzAiOnsiY3JlYXRlIjoxMjAwMDAwMDAwMDAwLCJkZWxldGUiOjEyMDAwMDAwMDAwMDAsInVwZGF0ZSI6MTIwMDAwMDAwMDAwMH19",
          "dependencies": [
            "data.google_storage_bucket_object_content.application_service_values",
            "data.google_storage_bucket_objects.application_services",
            "data.terraform_remote_state.core",
            "module.cloudsql.random_password.default"
          ]
        }
      ]
    },
    {
      "module": "module.cloudsql[0]",
      "mode": "managed",
      "type": "random_password",
      "name": "default",
      "provider": "provider[\"registry.terraform.io/hashicorp/random\"]",
      "instances": [
        {
          "index_key": "compliancewire",
          "schema_version": 3,
          "attributes": {
            "bcrypt_hash": "$2a$10$OBgve4g0wZ6PoqNnCxJokufpviL2kNCZ8ZfnzKRo8txNPoRZbP88i",
            "id": "none",
            "keepers": null,
            "length": 16,
            "lower": true,
            "min_lower": 0,
            "min_numeric": 0,
            "min_special": 0,
            "min_upper": 0,
            "number": true,
            "numeric": true,
            "override_special": null,
            "result": "5CGuoxPiI57LQtwO",
            "special": false,
            "upper": true
          },
          "sensitive_attributes": [
            [
              {
                "type": "get_attr",
                "value": "bcrypt_hash"
              }
            ],
            [
              {
                "type": "get_attr",
                "value": "result"
              }
            ]
          ],
          "identity_schema_version": 0,
          "dependencies": [
            "data.google_storage_bucket_object_content.application_service_values",
            "data.google_storage_bucket_objects.application_services"
          ]
        },
        {
          "index_key": "gateway",
          "schema_version": 3,
          "attributes": {
            "bcrypt_hash": "$2a$10$6iefSyyRv9T/7VmeYNfphOhlqpfMr0dFR9l4LlG2/Hgh3QA0OqsPS",
            "id": "none",
            "keepers": null,
            "length": 16,
            "lower": true,
            "min_lower": 0,
            "min_numeric": 0,
            "min_special": 0,
            "min_upper": 0,
            "number": true,
            "numeric": true,
            "override_special": null,
            "result": "ZoyG8ZarMb95ax2U",
            "special": false,
            "upper": true
          },
          "sensitive_attributes": [
            [
              {
                "type": "get_attr",
                "value": "bcrypt_hash"
              }
            ],
            [
              {
                "type": "get_attr",
                "value": "result"
              }
            ]
          ],
          "identity_schema_version": 0,
          "dependencies": [
            "data.google_storage_bucket_object_content.application_service_values",
            "data.google_storage_bucket_objects.application_services"
          ]
        },
        {
          "index_key": "metabase",
          "schema_version": 3,
          "attributes": {
            "bcrypt_hash": "$2a$10$azwpikQkrPdH8L.LZNLyju2mrzKEXYq.zot6V8/F5D2px8uhJDyZu",
            "id": "none",
            "keepers": null,
            "length": 16,
            "lower": true,
            "min_lower": 0,
            "min_numeric": 0,
            "min_special": 0,
            "min_upper": 0,
            "number": true,
            "numeric": true,
            "override_special": null,
            "result": "5NysPkDgrDySEjZY",
            "special": false,
            "upper": true
          },
          "sensitive_attributes": [
            [
              {
                "type": "get_attr",
                "value": "bcrypt_hash"
              }
            ],
            [
              {
                "type": "get_attr",
                "value": "result"
              }
            ]
          ],
          "identity_schema_version": 0,
          "dependencies": [
            "data.google_storage_bucket_object_content.application_service_values",
            "data.google_storage_bucket_objects.application_services"
          ]
        },
        {
          "index_key": "root",
          "schema_version": 3,
          "attributes": {
            "bcrypt_hash": "$2a$10$OjwqCL4fahEUFsOg2cH7neKi/Xsyhp.COc7Y8Kgj0PlA4oBmRVQrO",
            "id": "none",
            "keepers": null,
            "length": 16,
            "lower": true,
            "min_lower": 0,
            "min_numeric": 0,
            "min_special": 0,
            "min_upper": 0,
            "number": true,
            "numeric": true,
            "override_special": null,
            "result": "Mg5zhzuUR45di6k9",
            "special": false,
            "upper": true
          },
          "sensitive_attributes": [
            [
              {
                "type": "get_attr",
                "value": "bcrypt_hash"
              }
            ],
            [
              {
                "type": "get_attr",
                "value": "result"
              }
            ]
          ],
          "identity_schema_version": 0,
          "dependencies": [
            "data.google_storage_bucket_object_content.application_service_values",
            "data.google_storage_bucket_objects.application_services"
          ]
        }
      ]
    },
    {
      "module": "module.cloudsql[0].module.cloudsql",
      "mode": "data",
      "type": "google_compute_zones",
      "name": "available",
      "provider": "provider[\"registry.terraform.io/hashicorp/google\"]",
      "instances": []
    },
    {
      "module": "module.cloudsql[0].module.cloudsql",
      "mode": "managed",
      "type": "null_resource",
      "name": "module_depends_on",
      "provider": "provider[\"registry.terraform.io/hashicorp/null\"]",
      "instances": [
        {
          "schema_version": 0,
          "attributes": {
            "id": "2194895367333203985",
            "triggers": {
              "value": "0"
            }
          },
          "sensitive_attributes": [],
          "identity_schema_version": 0,
          "dependencies": [
            "data.google_storage_bucket_object_content.application_service_values",
            "data.google_storage_bucket_objects.application_services"
          ]
        }
      ]
    },
    {
      "module": "module.cloudsql[0].module.cloudsql",
      "mode": "managed",
      "type": "random_id",
      "name": "suffix",
      "provider": "provider[\"registry.terraform.io/hashicorp/random\"]",
      "instances": [
        {
          "index_key": 0,
          "schema_version": 0,
          "attributes": {
            "b64_std": "yV4mOw==",
            "b64_url": "yV4mOw",
            "byte_length": 4,
            "dec": "3378390587",
            "hex": "c95e263b",
            "id": "yV4mOw",
            "keepers": null,
            "prefix": null
          },
          "sensitive_attributes": [],
          "identity_schema_version": 0,
          "dependencies": [
            "data.google_storage_bucket_object_content.application_service_values",
            "data.google_storage_bucket_objects.application_services"
          ]
        }
      ]
    }
  ],
  "check_results": [
    {
      "object_kind": "var",
      "config_addr": "module.postgresql.module.cloudsql.var.database_version",
      "status": "pass",
      "objects": null
    },
    {
      "object_kind": "var",
      "config_addr": "module.cloudsql.module.cloudsql.var.additional_users",
      "status": "pass",
      "objects": [
        {
          "object_addr": "module.cloudsql[0].module.cloudsql.var.additional_users",
          "status": "pass"
        }
      ]
    },
    {
      "object_kind": "var",
      "config_addr": "module.postgresql.module.cloudsql.var.additional_users",
      "status": "pass",
      "objects": null
    }
  ]
}
